// !$*UTF8*$!
{
	archiveVersion = 1;
	classes = {
	};
	objectVersion = 56;
	objects = {

/* Begin PBXBuildFile section */
		107A19A67E9503C9676C7746 /* Test.swift in Sources */ = {isa = PBXBuildFile; fileRef = F70DD74259D9330B7727DDCB /* Test.swift */; };
		64D21F9B5DE1EBE164AC3048 /* Utill.framework in Frameworks */ = {isa = PBXBuildFile; fileRef = 136D114982ED83CB9F5177A1 /* Utill.framework */; };
		7F7115212EBA235F00B8CFC0 /* BaseintentProtocol.swift in Sources */ = {isa = PBXBuildFile; fileRef = 7F71151F2EBA235F00B8CFC0 /* BaseintentProtocol.swift */; };
		7F7115222EBA235F00B8CFC0 /* BaseintentProtocol.swift in Sources */ = {isa = PBXBuildFile; fileRef = 7F71151F2EBA235F00B8CFC0 /* BaseintentProtocol.swift */; };
		7F7115232EBA235F00B8CFC0 /* BaseintentProtocol.swift in Sources */ = {isa = PBXBuildFile; fileRef = 7F71151F2EBA235F00B8CFC0 /* BaseintentProtocol.swift */; };
		7F7115242EBA235F00B8CFC0 /* BaseintentProtocol.swift in Sources */ = {isa = PBXBuildFile; fileRef = 7F71151F2EBA235F00B8CFC0 /* BaseintentProtocol.swift */; };
/* End PBXBuildFile section */

/* Begin PBXContainerItemProxy section */
		348272C2D0134CBE86B950CD /* PBXContainerItemProxy */ = {
			isa = PBXContainerItemProxy;
			containerPortal = 962FCF0D2E9C0B6F2641ECC6 /* Project object */;
			proxyType = 1;
			remoteGlobalIDString = 587CEAB978FBB8C3B98D8B47;
			remoteInfo = Utill;
		};
/* End PBXContainerItemProxy section */

/* Begin PBXCopyFilesBuildPhase section */
		680DD83D472680B34E39A022 /* Embed Frameworks */ = {
			isa = PBXCopyFilesBuildPhase;
			buildActionMask = 2147483647;
			dstPath = "";
			dstSubfolderSpec = 10;
			files = (
			);
			name = "Embed Frameworks";
			runOnlyForDeploymentPostprocessing = 0;
		};
		87A046C77FDA15E9C3E89DE2 /* Embed Frameworks */ = {
			isa = PBXCopyFilesBuildPhase;
			buildActionMask = 2147483647;
			dstPath = "";
			dstSubfolderSpec = 10;
			files = (
			);
			name = "Embed Frameworks";
			runOnlyForDeploymentPostprocessing = 0;
		};
		88FF061799C10B6E30D6082B /* Embed Frameworks */ = {
			isa = PBXCopyFilesBuildPhase;
			buildActionMask = 2147483647;
			dstPath = "";
			dstSubfolderSpec = 10;
			files = (
			);
			name = "Embed Frameworks";
			runOnlyForDeploymentPostprocessing = 0;
		};
		F66F6068704A8F7CAD31BD5C /* Embed Frameworks */ = {
			isa = PBXCopyFilesBuildPhase;
			buildActionMask = 2147483647;
			dstPath = "";
			dstSubfolderSpec = 10;
			files = (
			);
			name = "Embed Frameworks";
			runOnlyForDeploymentPostprocessing = 0;
		};
		FB801875A8657BC0A70A8C93 /* Embed Frameworks */ = {
			isa = PBXCopyFilesBuildPhase;
			buildActionMask = 2147483647;
			dstPath = "";
			dstSubfolderSpec = 10;
			files = (
			);
			name = "Embed Frameworks";
			runOnlyForDeploymentPostprocessing = 0;
		};
/* End PBXCopyFilesBuildPhase section */

/* Begin PBXFileReference section */
		136D114982ED83CB9F5177A1 /* Utill.framework */ = {isa = PBXFileReference; explicitFileType = wrapper.framework; includeInIndex = 0; path = Utill.framework; sourceTree = BUILT_PRODUCTS_DIR; };
		2645A47F83A3E035E22B5A8A /* Utill-Stage-Info.plist */ = {isa = PBXFileReference; lastKnownFileType = text.plist; path = "Utill-Stage-Info.plist"; sourceTree = "<group>"; };
		2877CF2EE2FF204F9102660B /* Utill-Prod-Info.plist */ = {isa = PBXFileReference; lastKnownFileType = text.plist; path = "Utill-Prod-Info.plist"; sourceTree = "<group>"; };
		2C11E09952BEF672B7CC9E8A /* Utill_Stage.framework */ = {isa = PBXFileReference; explicitFileType = wrapper.framework; includeInIndex = 0; path = Utill_Stage.framework; sourceTree = BUILT_PRODUCTS_DIR; };
		465A15DE52F39A8755A63FE0 /* Utill_Prod.framework */ = {isa = PBXFileReference; explicitFileType = wrapper.framework; includeInIndex = 0; path = Utill_Prod.framework; sourceTree = BUILT_PRODUCTS_DIR; };
		4ED860F216F9BD3E312F51EE /* Utill_Debug.framework */ = {isa = PBXFileReference; explicitFileType = wrapper.framework; includeInIndex = 0; path = Utill_Debug.framework; sourceTree = BUILT_PRODUCTS_DIR; };
		7B9A8A431FB3EEAE4AE3FB1D /* Utill-Info.plist */ = {isa = PBXFileReference; lastKnownFileType = text.plist; path = "Utill-Info.plist"; sourceTree = "<group>"; };
		7F64C3861EDE4F8C24989C2A /* UtillTests-Info.plist */ = {isa = PBXFileReference; lastKnownFileType = text.plist; path = "UtillTests-Info.plist"; sourceTree = "<group>"; };
		7F71151F2EBA235F00B8CFC0 /* BaseintentProtocol.swift */ = {isa = PBXFileReference; lastKnownFileType = sourcecode.swift; path = BaseintentProtocol.swift; sourceTree = "<group>"; };
		9ACBE78CB421425304897A41 /* Utill-Debug-Info.plist */ = {isa = PBXFileReference; lastKnownFileType = text.plist; path = "Utill-Debug-Info.plist"; sourceTree = "<group>"; };
		9BED8B1D6BCFDB676A34B628 /* UtillTests.xctest */ = {isa = PBXFileReference; explicitFileType = wrapper.cfbundle; includeInIndex = 0; path = UtillTests.xctest; sourceTree = BUILT_PRODUCTS_DIR; };
		F70DD74259D9330B7727DDCB /* Test.swift */ = {isa = PBXFileReference; lastKnownFileType = sourcecode.swift; path = Test.swift; sourceTree = "<group>"; };
/* End PBXFileReference section */

/* Begin PBXFrameworksBuildPhase section */
		4562074B0316CA682552AA3B /* Frameworks */ = {
			isa = PBXFrameworksBuildPhase;
			buildActionMask = 2147483647;
			files = (
			);
			runOnlyForDeploymentPostprocessing = 0;
		};
		4F078419F51790A57065ED81 /* Frameworks */ = {
			isa = PBXFrameworksBuildPhase;
			buildActionMask = 2147483647;
			files = (
			);
			runOnlyForDeploymentPostprocessing = 0;
		};
		68A512F4CF8FADAC131562F4 /* Frameworks */ = {
			isa = PBXFrameworksBuildPhase;
			buildActionMask = 2147483647;
			files = (
			);
			runOnlyForDeploymentPostprocessing = 0;
		};
		CF27EA1D21067E5A60312379 /* Frameworks */ = {
			isa = PBXFrameworksBuildPhase;
			buildActionMask = 2147483647;
			files = (
				64D21F9B5DE1EBE164AC3048 /* Utill.framework in Frameworks */,
			);
			runOnlyForDeploymentPostprocessing = 0;
		};
		F6E663311DCC39492E908CE4 /* Frameworks */ = {
			isa = PBXFrameworksBuildPhase;
			buildActionMask = 2147483647;
			files = (
			);
			runOnlyForDeploymentPostprocessing = 0;
		};
/* End PBXFrameworksBuildPhase section */

/* Begin PBXGroup section */
		0C029641F7FF65E2202591AA /* Project */ = {
			isa = PBXGroup;
			children = (
				E09290D672D0F4B81148D9AB /* Derived */,
				EB9C926E257290120423250D /* Sources */,
				5E6F6153D278044B2AEF7A31 /* UtillTests */,
			);
			name = Project;
			sourceTree = "<group>";
		};
		121AE6757CE71D84E578D4A9 /* Products */ = {
			isa = PBXGroup;
			children = (
				4ED860F216F9BD3E312F51EE /* Utill_Debug.framework */,
				465A15DE52F39A8755A63FE0 /* Utill_Prod.framework */,
				2C11E09952BEF672B7CC9E8A /* Utill_Stage.framework */,
				136D114982ED83CB9F5177A1 /* Utill.framework */,
				9BED8B1D6BCFDB676A34B628 /* UtillTests.xctest */,
			);
			name = Products;
			sourceTree = "<group>";
		};
		1B24ACABA340C77228DCA968 /* Sources */ = {
			isa = PBXGroup;
			children = (
				F70DD74259D9330B7727DDCB /* Test.swift */,
			);
			path = Sources;
			sourceTree = "<group>";
		};
		5E6F6153D278044B2AEF7A31 /* UtillTests */ = {
			isa = PBXGroup;
			children = (
				1B24ACABA340C77228DCA968 /* Sources */,
			);
			path = UtillTests;
			sourceTree = "<group>";
		};
		7F7115202EBA235F00B8CFC0 /* Intent */ = {
			isa = PBXGroup;
			children = (
				7F71151F2EBA235F00B8CFC0 /* BaseintentProtocol.swift */,
			);
			path = Intent;
			sourceTree = "<group>";
		};
		A9A9ADE9F2B399CE6F4B1EB7 /* InfoPlists */ = {
			isa = PBXGroup;
			children = (
				9ACBE78CB421425304897A41 /* Utill-Debug-Info.plist */,
				7B9A8A431FB3EEAE4AE3FB1D /* Utill-Info.plist */,
				2877CF2EE2FF204F9102660B /* Utill-Prod-Info.plist */,
				2645A47F83A3E035E22B5A8A /* Utill-Stage-Info.plist */,
				7F64C3861EDE4F8C24989C2A /* UtillTests-Info.plist */,
			);
			path = InfoPlists;
			sourceTree = "<group>";
		};
		B3A111E009BCDFA3CF4F8703 = {
			isa = PBXGroup;
			children = (
				0C029641F7FF65E2202591AA /* Project */,
				121AE6757CE71D84E578D4A9 /* Products */,
			);
			sourceTree = "<group>";
		};
		E09290D672D0F4B81148D9AB /* Derived */ = {
			isa = PBXGroup;
			children = (
				A9A9ADE9F2B399CE6F4B1EB7 /* InfoPlists */,
			);
			path = Derived;
			sourceTree = "<group>";
		};
		EB9C926E257290120423250D /* Sources */ = {
			isa = PBXGroup;
			children = (
				7F7115202EBA235F00B8CFC0 /* Intent */,
			);
			path = Sources;
			sourceTree = "<group>";
		};
/* End PBXGroup section */

/* Begin PBXNativeTarget section */
		0C296440CB64A9B292999335 /* Utill-Debug */ = {
			isa = PBXNativeTarget;
			buildConfigurationList = 29CD2E1627AFF56B7FEF5E66 /* Build configuration list for PBXNativeTarget "Utill-Debug" */;
			buildPhases = (
				FB4CC2F0114D5279C8B47676 /* Sources */,
				8D4BD370C2AEF74741C432F4 /* Resources */,
				68A512F4CF8FADAC131562F4 /* Frameworks */,
				87A046C77FDA15E9C3E89DE2 /* Embed Frameworks */,
			);
			buildRules = (
			);
			dependencies = (
			);
			name = "Utill-Debug";
			packageProductDependencies = (
			);
			productName = Utill_Debug;
			productReference = 4ED860F216F9BD3E312F51EE /* Utill_Debug.framework */;
			productType = "com.apple.product-type.framework";
		};
		587CEAB978FBB8C3B98D8B47 /* Utill */ = {
			isa = PBXNativeTarget;
			buildConfigurationList = 01D43D73CD41CEC0A6C9543A /* Build configuration list for PBXNativeTarget "Utill" */;
			buildPhases = (
				CE383A0564C68C43905CB957 /* Sources */,
				71BF5EAD8FE67CD16E8D85F7 /* Resources */,
				4F078419F51790A57065ED81 /* Frameworks */,
				FB801875A8657BC0A70A8C93 /* Embed Frameworks */,
			);
			buildRules = (
			);
			dependencies = (
			);
			name = Utill;
			packageProductDependencies = (
			);
			productName = Utill;
			productReference = 136D114982ED83CB9F5177A1 /* Utill.framework */;
			productType = "com.apple.product-type.framework";
		};
		6FC233445B85A0ABE8E350EC /* Utill-Stage */ = {
			isa = PBXNativeTarget;
			buildConfigurationList = 321477EA57F1C272C16BE15C /* Build configuration list for PBXNativeTarget "Utill-Stage" */;
			buildPhases = (
				5240AFE02605BEDF391B5CB0 /* Sources */,
				FE7262345F4908C647239A13 /* Resources */,
				F6E663311DCC39492E908CE4 /* Frameworks */,
				88FF061799C10B6E30D6082B /* Embed Frameworks */,
			);
			buildRules = (
			);
			dependencies = (
			);
			name = "Utill-Stage";
			packageProductDependencies = (
			);
			productName = Utill_Stage;
			productReference = 2C11E09952BEF672B7CC9E8A /* Utill_Stage.framework */;
			productType = "com.apple.product-type.framework";
		};
		D0CAB6E08B002F5ABC1A010F /* Utill-Prod */ = {
			isa = PBXNativeTarget;
			buildConfigurationList = 2079BFE2EF5C8698AD4104A4 /* Build configuration list for PBXNativeTarget "Utill-Prod" */;
			buildPhases = (
				34F76D8B94AC84A25210D571 /* Sources */,
				B9A178B845E9D265A23D4E19 /* Resources */,
				4562074B0316CA682552AA3B /* Frameworks */,
				F66F6068704A8F7CAD31BD5C /* Embed Frameworks */,
			);
			buildRules = (
			);
			dependencies = (
			);
			name = "Utill-Prod";
			packageProductDependencies = (
			);
			productName = Utill_Prod;
			productReference = 465A15DE52F39A8755A63FE0 /* Utill_Prod.framework */;
			productType = "com.apple.product-type.framework";
		};
		D504B8BB21F57415468ECBAD /* UtillTests */ = {
			isa = PBXNativeTarget;
			buildConfigurationList = 88FC0058CB80A69E3DB9226D /* Build configuration list for PBXNativeTarget "UtillTests" */;
			buildPhases = (
				C796A958668EDC9EACA09677 /* Sources */,
				0057BEA6AA1C44CD3BE87F1A /* Resources */,
				CF27EA1D21067E5A60312379 /* Frameworks */,
				680DD83D472680B34E39A022 /* Embed Frameworks */,
			);
			buildRules = (
			);
			dependencies = (
				737D85BB685B79A5E0790265 /* PBXTargetDependency */,
			);
			name = UtillTests;
			packageProductDependencies = (
			);
			productName = UtillTests;
			productReference = 9BED8B1D6BCFDB676A34B628 /* UtillTests.xctest */;
			productType = "com.apple.product-type.bundle.unit-test";
		};
/* End PBXNativeTarget section */

/* Begin PBXProject section */
		962FCF0D2E9C0B6F2641ECC6 /* Project object */ = {
			isa = PBXProject;
			attributes = {
				BuildIndependentTargetsInParallel = YES;
			};
			buildConfigurationList = 817DAE8E8FEF1C2850504165 /* Build configuration list for PBXProject "Utill" */;
			compatibilityVersion = "Xcode 14.0";
			developmentRegion = ko;
			hasScannedForEncodings = 0;
			knownRegions = (
				en,
				ko,
			);
			mainGroup = B3A111E009BCDFA3CF4F8703;
			productRefGroup = 121AE6757CE71D84E578D4A9 /* Products */;
			projectDirPath = "";
			projectRoot = "";
			targets = (
				587CEAB978FBB8C3B98D8B47 /* Utill */,
				0C296440CB64A9B292999335 /* Utill-Debug */,
				D0CAB6E08B002F5ABC1A010F /* Utill-Prod */,
				6FC233445B85A0ABE8E350EC /* Utill-Stage */,
				D504B8BB21F57415468ECBAD /* UtillTests */,
			);
		};
/* End PBXProject section */

/* Begin PBXResourcesBuildPhase section */
		0057BEA6AA1C44CD3BE87F1A /* Resources */ = {
			isa = PBXResourcesBuildPhase;
			buildActionMask = 2147483647;
			files = (
			);
			runOnlyForDeploymentPostprocessing = 0;
		};
		71BF5EAD8FE67CD16E8D85F7 /* Resources */ = {
			isa = PBXResourcesBuildPhase;
			buildActionMask = 2147483647;
			files = (
			);
			runOnlyForDeploymentPostprocessing = 0;
		};
		8D4BD370C2AEF74741C432F4 /* Resources */ = {
			isa = PBXResourcesBuildPhase;
			buildActionMask = 2147483647;
			files = (
			);
			runOnlyForDeploymentPostprocessing = 0;
		};
		B9A178B845E9D265A23D4E19 /* Resources */ = {
			isa = PBXResourcesBuildPhase;
			buildActionMask = 2147483647;
			files = (
			);
			runOnlyForDeploymentPostprocessing = 0;
		};
		FE7262345F4908C647239A13 /* Resources */ = {
			isa = PBXResourcesBuildPhase;
			buildActionMask = 2147483647;
			files = (
			);
			runOnlyForDeploymentPostprocessing = 0;
		};
/* End PBXResourcesBuildPhase section */

/* Begin PBXSourcesBuildPhase section */
		34F76D8B94AC84A25210D571 /* Sources */ = {
			isa = PBXSourcesBuildPhase;
			buildActionMask = 2147483647;
			files = (
				7F7115222EBA235F00B8CFC0 /* BaseintentProtocol.swift in Sources */,
			);
			runOnlyForDeploymentPostprocessing = 0;
		};
		5240AFE02605BEDF391B5CB0 /* Sources */ = {
			isa = PBXSourcesBuildPhase;
			buildActionMask = 2147483647;
			files = (
				7F7115212EBA235F00B8CFC0 /* BaseintentProtocol.swift in Sources */,
			);
			runOnlyForDeploymentPostprocessing = 0;
		};
		C796A958668EDC9EACA09677 /* Sources */ = {
			isa = PBXSourcesBuildPhase;
			buildActionMask = 2147483647;
			files = (
				107A19A67E9503C9676C7746 /* Test.swift in Sources */,
			);
			runOnlyForDeploymentPostprocessing = 0;
		};
		CE383A0564C68C43905CB957 /* Sources */ = {
			isa = PBXSourcesBuildPhase;
			buildActionMask = 2147483647;
			files = (
				7F7115242EBA235F00B8CFC0 /* BaseintentProtocol.swift in Sources */,
			);
			runOnlyForDeploymentPostprocessing = 0;
		};
		FB4CC2F0114D5279C8B47676 /* Sources */ = {
			isa = PBXSourcesBuildPhase;
			buildActionMask = 2147483647;
			files = (
				7F7115232EBA235F00B8CFC0 /* BaseintentProtocol.swift in Sources */,
			);
			runOnlyForDeploymentPostprocessing = 0;
		};
/* End PBXSourcesBuildPhase section */

/* Begin PBXTargetDependency section */
		737D85BB685B79A5E0790265 /* PBXTargetDependency */ = {
			isa = PBXTargetDependency;
			name = Utill;
			target = 587CEAB978FBB8C3B98D8B47 /* Utill */;
			targetProxy = 348272C2D0134CBE86B950CD /* PBXContainerItemProxy */;
		};
/* End PBXTargetDependency section */

/* Begin XCBuildConfiguration section */
		02F501117F22627BB87EE2F7 /* Debug */ = {
			isa = XCBuildConfiguration;
			buildSettings = {
				CODE_SIGN_IDENTITY = "iPhone Developer";
				INFOPLIST_FILE = "Derived/InfoPlists/UtillTests-Info.plist";
				IPHONEOS_DEPLOYMENT_TARGET = 16.6;
				LD_RUNPATH_SEARCH_PATHS = (
					"$(inherited)",
					"@executable_path/Frameworks",
					"@loader_path/Frameworks",
				);
				PRODUCT_BUNDLE_IDENTIFIER = io.Roy.Module.Utill.UtillTests;
				PRODUCT_NAME = UtillTests;
				SDKROOT = iphoneos;
				SUPPORTS_MACCATALYST = NO;
				SUPPORTS_MAC_DESIGNED_FOR_IPHONE_IPAD = NO;
				SUPPORTS_XR_DESIGNED_FOR_IPHONE_IPAD = NO;
				SWIFT_ACTIVE_COMPILATION_CONDITIONS = "$(inherited) DEBUG";
				SWIFT_COMPILATION_MODE = singlefile;
				SWIFT_OPTIMIZATION_LEVEL = "-Onone";
				SWIFT_VERSION = 5.0;
				TARGETED_DEVICE_FAMILY = 1;
			};
			name = Debug;
		};
		14477BA0BF3D5FC5D47EE30F /* Release */ = {
			isa = XCBuildConfiguration;
			buildSettings = {
				CODE_SIGN_IDENTITY = "";
				CURRENT_PROJECT_VERSION = 1;
				DEFINES_MODULE = YES;
				DYLIB_COMPATIBILITY_VERSION = 1;
				DYLIB_CURRENT_VERSION = 1;
				DYLIB_INSTALL_NAME_BASE = "@rpath";
				INFOPLIST_FILE = "Derived/InfoPlists/Utill-Debug-Info.plist";
				INSTALL_PATH = "$(LOCAL_LIBRARY_DIR)/Frameworks";
				IPHONEOS_DEPLOYMENT_TARGET = 16.6;
				LD_RUNPATH_SEARCH_PATHS = (
					"$(inherited)",
					"@executable_path/Frameworks",
					"@loader_path/Frameworks",
				);
				MACH_O_TYPE = staticlib;
				PRODUCT_BUNDLE_IDENTIFIER = io.Roy.Module.Utill;
				PRODUCT_NAME = Utill_Debug;
				SDKROOT = iphoneos;
				SKIP_INSTALL = YES;
				SUPPORTS_MACCATALYST = NO;
				SUPPORTS_MAC_DESIGNED_FOR_IPHONE_IPAD = NO;
				SUPPORTS_XR_DESIGNED_FOR_IPHONE_IPAD = NO;
				SWIFT_COMPILATION_MODE = wholemodule;
				SWIFT_OPTIMIZATION_LEVEL = "-Owholemodule";
				SWIFT_VERSION = 5.0;
				TARGETED_DEVICE_FAMILY = 1;
				VERSIONING_SYSTEM = "apple-generic";
				VERSION_INFO_PREFIX = "";
			};
			name = Release;
		};
		18CE4E05D76C35805CF7DCDB /* Debug */ = {
			isa = XCBuildConfiguration;
			buildSettings = {
				ALWAYS_SEARCH_USER_PATHS = NO;
				CLANG_ANALYZER_LOCALIZABILITY_NONLOCALIZED = YES;
				CLANG_ANALYZER_NONNULL = YES;
				CLANG_ANALYZER_NUMBER_OBJECT_CONVERSION = YES_AGGRESSIVE;
				CLANG_CXX_LANGUAGE_STANDARD = "gnu++14";
				CLANG_CXX_LIBRARY = "libc++";
				CLANG_ENABLE_MODULES = YES;
				CLANG_ENABLE_OBJC_ARC = YES;
				CLANG_ENABLE_OBJC_WEAK = YES;
				CLANG_WARN_BLOCK_CAPTURE_AUTORELEASING = YES;
				CLANG_WARN_BOOL_CONVERSION = YES;
				CLANG_WARN_COMMA = YES;
				CLANG_WARN_CONSTANT_CONVERSION = YES;
				CLANG_WARN_DEPRECATED_OBJC_IMPLEMENTATIONS = YES;
				CLANG_WARN_DIRECT_OBJC_ISA_USAGE = YES_ERROR;
				CLANG_WARN_DOCUMENTATION_COMMENTS = YES;
				CLANG_WARN_EMPTY_BODY = YES;
				CLANG_WARN_ENUM_CONVERSION = YES;
				CLANG_WARN_INFINITE_RECURSION = YES;
				CLANG_WARN_INT_CONVERSION = YES;
				CLANG_WARN_NON_LITERAL_NULL_CONVERSION = YES;
				CLANG_WARN_OBJC_IMPLICIT_RETAIN_SELF = YES;
				CLANG_WARN_OBJC_LITERAL_CONVERSION = YES;
				CLANG_WARN_OBJC_ROOT_CLASS = YES_ERROR;
				CLANG_WARN_QUOTED_INCLUDE_IN_FRAMEWORK_HEADER = YES;
				CLANG_WARN_RANGE_LOOP_ANALYSIS = YES;
				CLANG_WARN_STRICT_PROTOTYPES = YES;
				CLANG_WARN_SUSPICIOUS_MOVE = YES;
				CLANG_WARN_UNGUARDED_AVAILABILITY = YES_AGGRESSIVE;
				CLANG_WARN_UNREACHABLE_CODE = YES;
				CLANG_WARN__DUPLICATE_METHOD_MATCH = YES;
				COPY_PHASE_STRIP = NO;
				DEAD_CODE_STRIPPING = YES;
				DEBUG_INFORMATION_FORMAT = dwarf;
				ENABLE_STRICT_OBJC_MSGSEND = YES;
				ENABLE_TESTABILITY = YES;
				GCC_C_LANGUAGE_STANDARD = gnu11;
				GCC_DYNAMIC_NO_PIC = NO;
				GCC_NO_COMMON_BLOCKS = YES;
				GCC_OPTIMIZATION_LEVEL = 0;
				GCC_PREPROCESSOR_DEFINITIONS = (
					"DEBUG=1",
					"$(inherited)",
				);
				GCC_WARN_64_TO_32_BIT_CONVERSION = YES;
				GCC_WARN_ABOUT_RETURN_TYPE = YES_ERROR;
				GCC_WARN_UNDECLARED_SELECTOR = YES;
				GCC_WARN_UNINITIALIZED_AUTOS = YES_AGGRESSIVE;
				GCC_WARN_UNUSED_FUNCTION = YES;
				GCC_WARN_UNUSED_VARIABLE = YES;
				MTL_ENABLE_DEBUG_INFO = YES;
				ONLY_ACTIVE_ARCH = YES;
				PRODUCT_NAME = "$(TARGET_NAME)";
			};
			name = Debug;
		};
		29BFD5AF1259271BB2AC0507 /* Release */ = {
			isa = XCBuildConfiguration;
			buildSettings = {
				CODE_SIGN_IDENTITY = "iPhone Developer";
				INFOPLIST_FILE = "Derived/InfoPlists/UtillTests-Info.plist";
				IPHONEOS_DEPLOYMENT_TARGET = 16.6;
				LD_RUNPATH_SEARCH_PATHS = (
					"$(inherited)",
					"@executable_path/Frameworks",
					"@loader_path/Frameworks",
				);
				PRODUCT_BUNDLE_IDENTIFIER = io.Roy.Module.Utill.UtillTests;
				PRODUCT_NAME = UtillTests;
				SDKROOT = iphoneos;
				SUPPORTS_MACCATALYST = NO;
				SUPPORTS_MAC_DESIGNED_FOR_IPHONE_IPAD = NO;
				SUPPORTS_XR_DESIGNED_FOR_IPHONE_IPAD = NO;
				SWIFT_COMPILATION_MODE = wholemodule;
				SWIFT_OPTIMIZATION_LEVEL = "-Owholemodule";
				SWIFT_VERSION = 5.0;
				TARGETED_DEVICE_FAMILY = 1;
			};
			name = Release;
		};
		50903936723FE09D0505F912 /* Release */ = {
			isa = XCBuildConfiguration;
			buildSettings = {
				CODE_SIGN_IDENTITY = "";
				CURRENT_PROJECT_VERSION = 1;
				DEFINES_MODULE = YES;
				DYLIB_COMPATIBILITY_VERSION = 1;
				DYLIB_CURRENT_VERSION = 1;
				DYLIB_INSTALL_NAME_BASE = "@rpath";
				INFOPLIST_FILE = "Derived/InfoPlists/Utill-Prod-Info.plist";
				INSTALL_PATH = "$(LOCAL_LIBRARY_DIR)/Frameworks";
				IPHONEOS_DEPLOYMENT_TARGET = 16.6;
				LD_RUNPATH_SEARCH_PATHS = (
					"$(inherited)",
					"@executable_path/Frameworks",
					"@loader_path/Frameworks",
				);
				MACH_O_TYPE = staticlib;
				PRODUCT_BUNDLE_IDENTIFIER = io.Roy.Module.Utill;
				PRODUCT_NAME = Utill_Prod;
				SDKROOT = iphoneos;
				SKIP_INSTALL = YES;
				SUPPORTS_MACCATALYST = NO;
				SUPPORTS_MAC_DESIGNED_FOR_IPHONE_IPAD = NO;
				SUPPORTS_XR_DESIGNED_FOR_IPHONE_IPAD = NO;
				SWIFT_COMPILATION_MODE = wholemodule;
				SWIFT_OPTIMIZATION_LEVEL = "-Owholemodule";
				SWIFT_VERSION = 5.0;
				TARGETED_DEVICE_FAMILY = 1;
				VERSIONING_SYSTEM = "apple-generic";
				VERSION_INFO_PREFIX = "";
			};
			name = Release;
		};
		84598060F77D285325E30C57 /* Debug */ = {
			isa = XCBuildConfiguration;
			buildSettings = {
				CODE_SIGN_IDENTITY = "";
				CURRENT_PROJECT_VERSION = 1;
				DEFINES_MODULE = YES;
				DYLIB_COMPATIBILITY_VERSION = 1;
				DYLIB_CURRENT_VERSION = 1;
				DYLIB_INSTALL_NAME_BASE = "@rpath";
				INFOPLIST_FILE = "Derived/InfoPlists/Utill-Stage-Info.plist";
				INSTALL_PATH = "$(LOCAL_LIBRARY_DIR)/Frameworks";
				IPHONEOS_DEPLOYMENT_TARGET = 16.6;
				LD_RUNPATH_SEARCH_PATHS = (
					"$(inherited)",
					"@executable_path/Frameworks",
					"@loader_path/Frameworks",
				);
				MACH_O_TYPE = staticlib;
				PRODUCT_BUNDLE_IDENTIFIER = io.Roy.Module.Utill;
				PRODUCT_NAME = Utill_Stage;
				SDKROOT = iphoneos;
				SKIP_INSTALL = YES;
				SUPPORTS_MACCATALYST = NO;
				SUPPORTS_MAC_DESIGNED_FOR_IPHONE_IPAD = NO;
				SUPPORTS_XR_DESIGNED_FOR_IPHONE_IPAD = NO;
				SWIFT_ACTIVE_COMPILATION_CONDITIONS = "$(inherited) DEBUG";
				SWIFT_COMPILATION_MODE = singlefile;
				SWIFT_OPTIMIZATION_LEVEL = "-Onone";
				SWIFT_VERSION = 5.0;
				TARGETED_DEVICE_FAMILY = 1;
				VERSIONING_SYSTEM = "apple-generic";
				VERSION_INFO_PREFIX = "";
			};
			name = Debug;
		};
		94E6848D8A976B342900C2F6 /* Release */ = {
			isa = XCBuildConfiguration;
			buildSettings = {
				CODE_SIGN_IDENTITY = "";
				CURRENT_PROJECT_VERSION = 1;
				DEFINES_MODULE = YES;
				DYLIB_COMPATIBILITY_VERSION = 1;
				DYLIB_CURRENT_VERSION = 1;
				DYLIB_INSTALL_NAME_BASE = "@rpath";
				INFOPLIST_FILE = "Derived/InfoPlists/Utill-Stage-Info.plist";
				INSTALL_PATH = "$(LOCAL_LIBRARY_DIR)/Frameworks";
				IPHONEOS_DEPLOYMENT_TARGET = 16.6;
				LD_RUNPATH_SEARCH_PATHS = (
					"$(inherited)",
					"@executable_path/Frameworks",
					"@loader_path/Frameworks",
				);
				MACH_O_TYPE = staticlib;
				PRODUCT_BUNDLE_IDENTIFIER = io.Roy.Module.Utill;
				PRODUCT_NAME = Utill_Stage;
				SDKROOT = iphoneos;
				SKIP_INSTALL = YES;
				SUPPORTS_MACCATALYST = NO;
				SUPPORTS_MAC_DESIGNED_FOR_IPHONE_IPAD = NO;
				SUPPORTS_XR_DESIGNED_FOR_IPHONE_IPAD = NO;
				SWIFT_COMPILATION_MODE = wholemodule;
				SWIFT_OPTIMIZATION_LEVEL = "-Owholemodule";
				SWIFT_VERSION = 5.0;
				TARGETED_DEVICE_FAMILY = 1;
				VERSIONING_SYSTEM = "apple-generic";
				VERSION_INFO_PREFIX = "";
			};
			name = Release;
		};
		A148B250C36A83B7759D733C /* Release */ = {
			isa = XCBuildConfiguration;
			buildSettings = {
				CODE_SIGN_IDENTITY = "";
				CURRENT_PROJECT_VERSION = 1;
				DEFINES_MODULE = YES;
				DYLIB_COMPATIBILITY_VERSION = 1;
				DYLIB_CURRENT_VERSION = 1;
				DYLIB_INSTALL_NAME_BASE = "@rpath";
				INFOPLIST_FILE = "Derived/InfoPlists/Utill-Info.plist";
				INSTALL_PATH = "$(LOCAL_LIBRARY_DIR)/Frameworks";
				IPHONEOS_DEPLOYMENT_TARGET = 16.6;
				LD_RUNPATH_SEARCH_PATHS = (
					"$(inherited)",
					"@executable_path/Frameworks",
					"@loader_path/Frameworks",
				);
				MACH_O_TYPE = staticlib;
				PRODUCT_BUNDLE_IDENTIFIER = io.Roy.Module.Utill;
				PRODUCT_NAME = Utill;
				SDKROOT = iphoneos;
				SKIP_INSTALL = YES;
				SUPPORTS_MACCATALYST = NO;
				SUPPORTS_MAC_DESIGNED_FOR_IPHONE_IPAD = NO;
				SUPPORTS_XR_DESIGNED_FOR_IPHONE_IPAD = NO;
				SWIFT_COMPILATION_MODE = wholemodule;
				SWIFT_OPTIMIZATION_LEVEL = "-Owholemodule";
				SWIFT_VERSION = 5.0;
				TARGETED_DEVICE_FAMILY = 1;
				VERSIONING_SYSTEM = "apple-generic";
				VERSION_INFO_PREFIX = "";
			};
			name = Release;
		};
		ABD1CFB703EB96BDA26A4580 /* Debug */ = {
			isa = XCBuildConfiguration;
			buildSettings = {
				CODE_SIGN_IDENTITY = "";
				CURRENT_PROJECT_VERSION = 1;
				DEFINES_MODULE = YES;
				DYLIB_COMPATIBILITY_VERSION = 1;
				DYLIB_CURRENT_VERSION = 1;
				DYLIB_INSTALL_NAME_BASE = "@rpath";
				INFOPLIST_FILE = "Derived/InfoPlists/Utill-Info.plist";
				INSTALL_PATH = "$(LOCAL_LIBRARY_DIR)/Frameworks";
				IPHONEOS_DEPLOYMENT_TARGET = 16.6;
				LD_RUNPATH_SEARCH_PATHS = (
					"$(inherited)",
					"@executable_path/Frameworks",
					"@loader_path/Frameworks",
				);
				MACH_O_TYPE = staticlib;
				PRODUCT_BUNDLE_IDENTIFIER = io.Roy.Module.Utill;
				PRODUCT_NAME = Utill;
				SDKROOT = iphoneos;
				SKIP_INSTALL = YES;
				SUPPORTS_MACCATALYST = NO;
				SUPPORTS_MAC_DESIGNED_FOR_IPHONE_IPAD = NO;
				SUPPORTS_XR_DESIGNED_FOR_IPHONE_IPAD = NO;
				SWIFT_ACTIVE_COMPILATION_CONDITIONS = "$(inherited) DEBUG";
				SWIFT_COMPILATION_MODE = singlefile;
				SWIFT_OPTIMIZATION_LEVEL = "-Onone";
				SWIFT_VERSION = 5.0;
				TARGETED_DEVICE_FAMILY = 1;
				VERSIONING_SYSTEM = "apple-generic";
				VERSION_INFO_PREFIX = "";
			};
			name = Debug;
		};
		D313F3AF028EF50D4AFBB35F /* Debug */ = {
			isa = XCBuildConfiguration;
			buildSettings = {
				CODE_SIGN_IDENTITY = "";
				CURRENT_PROJECT_VERSION = 1;
				DEFINES_MODULE = YES;
				DYLIB_COMPATIBILITY_VERSION = 1;
				DYLIB_CURRENT_VERSION = 1;
				DYLIB_INSTALL_NAME_BASE = "@rpath";
				INFOPLIST_FILE = "Derived/InfoPlists/Utill-Prod-Info.plist";
				INSTALL_PATH = "$(LOCAL_LIBRARY_DIR)/Frameworks";
				IPHONEOS_DEPLOYMENT_TARGET = 16.6;
				LD_RUNPATH_SEARCH_PATHS = (
					"$(inherited)",
					"@executable_path/Frameworks",
					"@loader_path/Frameworks",
				);
				MACH_O_TYPE = staticlib;
				PRODUCT_BUNDLE_IDENTIFIER = io.Roy.Module.Utill;
				PRODUCT_NAME = Utill_Prod;
				SDKROOT = iphoneos;
				SKIP_INSTALL = YES;
				SUPPORTS_MACCATALYST = NO;
				SUPPORTS_MAC_DESIGNED_FOR_IPHONE_IPAD = NO;
				SUPPORTS_XR_DESIGNED_FOR_IPHONE_IPAD = NO;
				SWIFT_ACTIVE_COMPILATION_CONDITIONS = "$(inherited) DEBUG";
				SWIFT_COMPILATION_MODE = singlefile;
				SWIFT_OPTIMIZATION_LEVEL = "-Onone";
				SWIFT_VERSION = 5.0;
				TARGETED_DEVICE_FAMILY = 1;
				VERSIONING_SYSTEM = "apple-generic";
				VERSION_INFO_PREFIX = "";
			};
			name = Debug;
		};
		E5A3FCD27AD90B6AFE8F2AB1 /* Debug */ = {
			isa = XCBuildConfiguration;
			buildSettings = {
				CODE_SIGN_IDENTITY = "";
				CURRENT_PROJECT_VERSION = 1;
				DEFINES_MODULE = YES;
				DYLIB_COMPATIBILITY_VERSION = 1;
				DYLIB_CURRENT_VERSION = 1;
				DYLIB_INSTALL_NAME_BASE = "@rpath";
				INFOPLIST_FILE = "Derived/InfoPlists/Utill-Debug-Info.plist";
				INSTALL_PATH = "$(LOCAL_LIBRARY_DIR)/Frameworks";
				IPHONEOS_DEPLOYMENT_TARGET = 16.6;
				LD_RUNPATH_SEARCH_PATHS = (
					"$(inherited)",
					"@executable_path/Frameworks",
					"@loader_path/Frameworks",
				);
				MACH_O_TYPE = staticlib;
				PRODUCT_BUNDLE_IDENTIFIER = io.Roy.Module.Utill;
				PRODUCT_NAME = Utill_Debug;
				SDKROOT = iphoneos;
				SKIP_INSTALL = YES;
				SUPPORTS_MACCATALYST = NO;
				SUPPORTS_MAC_DESIGNED_FOR_IPHONE_IPAD = NO;
				SUPPORTS_XR_DESIGNED_FOR_IPHONE_IPAD = NO;
				SWIFT_ACTIVE_COMPILATION_CONDITIONS = "$(inherited) DEBUG";
				SWIFT_COMPILATION_MODE = singlefile;
				SWIFT_OPTIMIZATION_LEVEL = "-Onone";
				SWIFT_VERSION = 5.0;
				TARGETED_DEVICE_FAMILY = 1;
				VERSIONING_SYSTEM = "apple-generic";
				VERSION_INFO_PREFIX = "";
			};
			name = Debug;
		};
		FB4FB858E695ED5FF3E1EDD0 /* Release */ = {
			isa = XCBuildConfiguration;
			buildSettings = {
				ALWAYS_SEARCH_USER_PATHS = NO;
				CLANG_ANALYZER_LOCALIZABILITY_NONLOCALIZED = YES;
				CLANG_ANALYZER_NONNULL = YES;
				CLANG_ANALYZER_NUMBER_OBJECT_CONVERSION = YES_AGGRESSIVE;
				CLANG_CXX_LANGUAGE_STANDARD = "gnu++14";
				CLANG_CXX_LIBRARY = "libc++";
				CLANG_ENABLE_MODULES = YES;
				CLANG_ENABLE_OBJC_ARC = YES;
				CLANG_ENABLE_OBJC_WEAK = YES;
				CLANG_WARN_BLOCK_CAPTURE_AUTORELEASING = YES;
				CLANG_WARN_BOOL_CONVERSION = YES;
				CLANG_WARN_COMMA = YES;
				CLANG_WARN_CONSTANT_CONVERSION = YES;
				CLANG_WARN_DEPRECATED_OBJC_IMPLEMENTATIONS = YES;
				CLANG_WARN_DIRECT_OBJC_ISA_USAGE = YES_ERROR;
				CLANG_WARN_DOCUMENTATION_COMMENTS = YES;
				CLANG_WARN_EMPTY_BODY = YES;
				CLANG_WARN_ENUM_CONVERSION = YES;
				CLANG_WARN_INFINITE_RECURSION = YES;
				CLANG_WARN_INT_CONVERSION = YES;
				CLANG_WARN_NON_LITERAL_NULL_CONVERSION = YES;
				CLANG_WARN_OBJC_IMPLICIT_RETAIN_SELF = YES;
				CLANG_WARN_OBJC_LITERAL_CONVERSION = YES;
				CLANG_WARN_OBJC_ROOT_CLASS = YES_ERROR;
				CLANG_WARN_QUOTED_INCLUDE_IN_FRAMEWORK_HEADER = YES;
				CLANG_WARN_RANGE_LOOP_ANALYSIS = YES;
				CLANG_WARN_STRICT_PROTOTYPES = YES;
				CLANG_WARN_SUSPICIOUS_MOVE = YES;
				CLANG_WARN_UNGUARDED_AVAILABILITY = YES_AGGRESSIVE;
				CLANG_WARN_UNREACHABLE_CODE = YES;
				CLANG_WARN__DUPLICATE_METHOD_MATCH = YES;
				COPY_PHASE_STRIP = NO;
				DEAD_CODE_STRIPPING = YES;
				DEBUG_INFORMATION_FORMAT = "dwarf-with-dsym";
				ENABLE_NS_ASSERTIONS = NO;
				ENABLE_STRICT_OBJC_MSGSEND = YES;
				GCC_C_LANGUAGE_STANDARD = gnu11;
				GCC_NO_COMMON_BLOCKS = YES;
				GCC_WARN_64_TO_32_BIT_CONVERSION = YES;
				GCC_WARN_ABOUT_RETURN_TYPE = YES_ERROR;
				GCC_WARN_UNDECLARED_SELECTOR = YES;
				GCC_WARN_UNINITIALIZED_AUTOS = YES_AGGRESSIVE;
				GCC_WARN_UNUSED_FUNCTION = YES;
				GCC_WARN_UNUSED_VARIABLE = YES;
				MTL_ENABLE_DEBUG_INFO = NO;
				PRODUCT_NAME = "$(TARGET_NAME)";
				VALIDATE_PRODUCT = YES;
			};
			name = Release;
		};
/* End XCBuildConfiguration section */

/* Begin XCConfigurationList section */
		01D43D73CD41CEC0A6C9543A /* Build configuration list for PBXNativeTarget "Utill" */ = {
			isa = XCConfigurationList;
			buildConfigurations = (
				ABD1CFB703EB96BDA26A4580 /* Debug */,
				A148B250C36A83B7759D733C /* Release */,
			);
			defaultConfigurationIsVisible = 0;
			defaultConfigurationName = Release;
		};
		2079BFE2EF5C8698AD4104A4 /* Build configuration list for PBXNativeTarget "Utill-Prod" */ = {
			isa = XCConfigurationList;
			buildConfigurations = (
				D313F3AF028EF50D4AFBB35F /* Debug */,
				50903936723FE09D0505F912 /* Release */,
			);
			defaultConfigurationIsVisible = 0;
			defaultConfigurationName = Release;
		};
		29CD2E1627AFF56B7FEF5E66 /* Build configuration list for PBXNativeTarget "Utill-Debug" */ = {
			isa = XCConfigurationList;
			buildConfigurations = (
				E5A3FCD27AD90B6AFE8F2AB1 /* Debug */,
				14477BA0BF3D5FC5D47EE30F /* Release */,
			);
			defaultConfigurationIsVisible = 0;
			defaultConfigurationName = Release;
		};
		321477EA57F1C272C16BE15C /* Build configuration list for PBXNativeTarget "Utill-Stage" */ = {
			isa = XCConfigurationList;
			buildConfigurations = (
				84598060F77D285325E30C57 /* Debug */,
				94E6848D8A976B342900C2F6 /* Release */,
			);
			defaultConfigurationIsVisible = 0;
			defaultConfigurationName = Release;
		};
		817DAE8E8FEF1C2850504165 /* Build configuration list for PBXProject "Utill" */ = {
			isa = XCConfigurationList;
			buildConfigurations = (
				18CE4E05D76C35805CF7DCDB /* Debug */,
				FB4FB858E695ED5FF3E1EDD0 /* Release */,
			);
			defaultConfigurationIsVisible = 0;
			defaultConfigurationName = Release;
		};
		88FC0058CB80A69E3DB9226D /* Build configuration list for PBXNativeTarget "UtillTests" */ = {
			isa = XCConfigurationList;
			buildConfigurations = (
				02F501117F22627BB87EE2F7 /* Debug */,
				29BFD5AF1259271BB2AC0507 /* Release */,
			);
			defaultConfigurationIsVisible = 0;
			defaultConfigurationName = Release;
		};
/* End XCConfigurationList section */
	};
	rootObject = 962FCF0D2E9C0B6F2641ECC6 /* Project object */;
}
