// !$*UTF8*$!
{
	archiveVersion = 1;
	classes = {
	};
	objectVersion = 55;
	objects = {

/* Begin PBXBuildFile section */
		01970B39933B1BC6E296FB77 /* PersistenceController.swift in Sources */ = {isa = PBXBuildFile; fileRef = 04AFD069242FC60B772B496D /* PersistenceController.swift */; };
		1A1CC298E29FBBB6F54DE422 /* PersistenceController.swift in Sources */ = {isa = PBXBuildFile; fileRef = 04AFD069242FC60B772B496D /* PersistenceController.swift */; };
		2038C30A238F4884C595EC11 /* WakeyAlarm.xcdatamodeld in Sources */ = {isa = PBXBuildFile; fileRef = 6819BEC2FA552E8D597D1513 /* WakeyAlarm.xcdatamodeld */; };
		2ED50DF31D798D7F41CA63B2 /* PersistenceController.swift in Sources */ = {isa = PBXBuildFile; fileRef = 04AFD069242FC60B772B496D /* PersistenceController.swift */; };
		3F7CE806D1E28CD077785F6F /* AlarmRepository.swift in Sources */ = {isa = PBXBuildFile; fileRef = C92681ED2948037BE42E8E88 /* AlarmRepository.swift */; };
		455A18B8563295482505ECF0 /* AlarmRepository.swift in Sources */ = {isa = PBXBuildFile; fileRef = C92681ED2948037BE42E8E88 /* AlarmRepository.swift */; };
		49DF3B5BEFA5D8E9943F4413 /* Domain.framework in Frameworks */ = {isa = PBXBuildFile; fileRef = 06FAA1459D11CCE724C34195 /* Domain.framework */; };
		4F2F20A59ED8FFD1146EC3A9 /* TuistBundle+DataProd.swift in Sources */ = {isa = PBXBuildFile; fileRef = 85AEF8306790EE3948130798 /* TuistBundle+DataProd.swift */; };
		6682A2438D39A1CE0C48FD2F /* Test.swift in Sources */ = {isa = PBXBuildFile; fileRef = 217A80FF84411549DFF0DEEB /* Test.swift */; };
		68049A27C8544686FDB163C6 /* Base.swift in Sources */ = {isa = PBXBuildFile; fileRef = E2D19B700B3BA97E99FE5E47 /* Base.swift */; };
		8B74EC101DB1912E1FA02AD1 /* PersistenceController.swift in Sources */ = {isa = PBXBuildFile; fileRef = 04AFD069242FC60B772B496D /* PersistenceController.swift */; };
		901ACA7B98089AB702ADA830 /* Domain.framework in Frameworks */ = {isa = PBXBuildFile; fileRef = 06FAA1459D11CCE724C34195 /* Domain.framework */; };
		961369F792C438E987DB221C /* AlarmRepository.swift in Sources */ = {isa = PBXBuildFile; fileRef = C92681ED2948037BE42E8E88 /* AlarmRepository.swift */; };
		997755C7C3E8740A13DBAEBB /* WakeyAlarm.xcdatamodeld in Sources */ = {isa = PBXBuildFile; fileRef = 6819BEC2FA552E8D597D1513 /* WakeyAlarm.xcdatamodeld */; };
		9B66971817A98482BC3A84FC /* AlarmEntity.swift in Sources */ = {isa = PBXBuildFile; fileRef = D19F4A92CFB03C120B19A4AD /* AlarmEntity.swift */; };
		9BB9DEA8B01BBCCC8D74521C /* AlarmEntity.swift in Sources */ = {isa = PBXBuildFile; fileRef = D19F4A92CFB03C120B19A4AD /* AlarmEntity.swift */; };
		A539355DEA13CE8A94F14994 /* Data.framework in Frameworks */ = {isa = PBXBuildFile; fileRef = 4E75197C294DE74F5162FAA7 /* Data.framework */; };
		B822277CF47097CD8AF7F738 /* WakeyAlarm.xcdatamodeld in Sources */ = {isa = PBXBuildFile; fileRef = 6819BEC2FA552E8D597D1513 /* WakeyAlarm.xcdatamodeld */; };
		B9A57F3BECBF7B945E2B7086 /* Domain.framework in Frameworks */ = {isa = PBXBuildFile; fileRef = 06FAA1459D11CCE724C34195 /* Domain.framework */; };
		C1666B37FA198B6F593163C4 /* AlarmEntity.swift in Sources */ = {isa = PBXBuildFile; fileRef = D19F4A92CFB03C120B19A4AD /* AlarmEntity.swift */; };
		C3CB9F36C77526BEF6E62C4E /* Base.swift in Sources */ = {isa = PBXBuildFile; fileRef = E2D19B700B3BA97E99FE5E47 /* Base.swift */; };
		D7CC56A63D99DC287F023391 /* TuistBundle+DataDebug.swift in Sources */ = {isa = PBXBuildFile; fileRef = A2C6A3C647D681FDC70450D6 /* TuistBundle+DataDebug.swift */; };
		D851B717CE35E8FCEA601B63 /* Base.swift in Sources */ = {isa = PBXBuildFile; fileRef = E2D19B700B3BA97E99FE5E47 /* Base.swift */; };
		DB2AC58BF76813A906D4EBB5 /* Base.swift in Sources */ = {isa = PBXBuildFile; fileRef = E2D19B700B3BA97E99FE5E47 /* Base.swift */; };
		DCEF985E024D909BF099217E /* Domain.framework in Frameworks */ = {isa = PBXBuildFile; fileRef = 06FAA1459D11CCE724C34195 /* Domain.framework */; };
		E63DF27FCDA3C9D6B1E3BDEB /* AlarmEntity.swift in Sources */ = {isa = PBXBuildFile; fileRef = D19F4A92CFB03C120B19A4AD /* AlarmEntity.swift */; };
		E70E52CC7B41B709E2B31AFE /* AlarmRepository.swift in Sources */ = {isa = PBXBuildFile; fileRef = C92681ED2948037BE42E8E88 /* AlarmRepository.swift */; };
		EF1758E6E5692C8851826C7B /* TuistBundle+Data.swift in Sources */ = {isa = PBXBuildFile; fileRef = 638B01CCB60A9F6C7990C5E6 /* TuistBundle+Data.swift */; };
		F21B87D9664F6DB3C63DAA49 /* WakeyAlarm.xcdatamodeld in Sources */ = {isa = PBXBuildFile; fileRef = 6819BEC2FA552E8D597D1513 /* WakeyAlarm.xcdatamodeld */; };
		FCB40CDF60A90BC57D4281C0 /* TuistBundle+DataStage.swift in Sources */ = {isa = PBXBuildFile; fileRef = 48BE00B4CFB28A99887BB589 /* TuistBundle+DataStage.swift */; };
/* End PBXBuildFile section */

/* Begin PBXContainerItemProxy section */
		75895817528818F73A627675 /* PBXContainerItemProxy */ = {
			isa = PBXContainerItemProxy;
			containerPortal = 848E6C78DE33F20387FB92DE /* Project object */;
			proxyType = 1;
			remoteGlobalIDString = 372E276F143AFFAD2448C971;
			remoteInfo = Data;
		};
/* End PBXContainerItemProxy section */

/* Begin PBXCopyFilesBuildPhase section */
		59E6D099F093925100884D31 /* Embed Frameworks */ = {
			isa = PBXCopyFilesBuildPhase;
			buildActionMask = 2147483647;
			dstPath = "";
			dstSubfolderSpec = 10;
			files = (
			);
			name = "Embed Frameworks";
			runOnlyForDeploymentPostprocessing = 0;
		};
		6A69402C9D3F363C144E7C45 /* Embed Frameworks */ = {
			isa = PBXCopyFilesBuildPhase;
			buildActionMask = 2147483647;
			dstPath = "";
			dstSubfolderSpec = 10;
			files = (
			);
			name = "Embed Frameworks";
			runOnlyForDeploymentPostprocessing = 0;
		};
		6CE45439215514CCC20B60A5 /* Embed Frameworks */ = {
			isa = PBXCopyFilesBuildPhase;
			buildActionMask = 2147483647;
			dstPath = "";
			dstSubfolderSpec = 10;
			files = (
			);
			name = "Embed Frameworks";
			runOnlyForDeploymentPostprocessing = 0;
		};
		B14F7C84FC4E43202BF6D53F /* Embed Frameworks */ = {
			isa = PBXCopyFilesBuildPhase;
			buildActionMask = 2147483647;
			dstPath = "";
			dstSubfolderSpec = 10;
			files = (
			);
			name = "Embed Frameworks";
			runOnlyForDeploymentPostprocessing = 0;
		};
		C5A8F20F669FF33C03CACB31 /* Embed Frameworks */ = {
			isa = PBXCopyFilesBuildPhase;
			buildActionMask = 2147483647;
			dstPath = "";
			dstSubfolderSpec = 10;
			files = (
			);
			name = "Embed Frameworks";
			runOnlyForDeploymentPostprocessing = 0;
		};
/* End PBXCopyFilesBuildPhase section */

/* Begin PBXFileReference section */
		033B57EACF093CA22F91EAB9 /* Data-Info.plist */ = {isa = PBXFileReference; lastKnownFileType = text.plist; path = "Data-Info.plist"; sourceTree = "<group>"; };
		04AFD069242FC60B772B496D /* PersistenceController.swift */ = {isa = PBXFileReference; lastKnownFileType = sourcecode.swift; path = PersistenceController.swift; sourceTree = "<group>"; };
		06FAA1459D11CCE724C34195 /* Domain.framework */ = {isa = PBXFileReference; explicitFileType = wrapper.framework; includeInIndex = 0; path = Domain.framework; sourceTree = BUILT_PRODUCTS_DIR; };
		217A80FF84411549DFF0DEEB /* Test.swift */ = {isa = PBXFileReference; lastKnownFileType = sourcecode.swift; path = Test.swift; sourceTree = "<group>"; };
		48BE00B4CFB28A99887BB589 /* TuistBundle+DataStage.swift */ = {isa = PBXFileReference; lastKnownFileType = sourcecode.swift; path = "TuistBundle+DataStage.swift"; sourceTree = "<group>"; };
		4E75197C294DE74F5162FAA7 /* Data.framework */ = {isa = PBXFileReference; explicitFileType = wrapper.framework; includeInIndex = 0; path = Data.framework; sourceTree = BUILT_PRODUCTS_DIR; };
		638B01CCB60A9F6C7990C5E6 /* TuistBundle+Data.swift */ = {isa = PBXFileReference; lastKnownFileType = sourcecode.swift; path = "TuistBundle+Data.swift"; sourceTree = "<group>"; };
		7A3B80E3E0469CF486803FE5 /* Data_Stage.framework */ = {isa = PBXFileReference; explicitFileType = wrapper.framework; includeInIndex = 0; path = Data_Stage.framework; sourceTree = BUILT_PRODUCTS_DIR; };
		85AEF8306790EE3948130798 /* TuistBundle+DataProd.swift */ = {isa = PBXFileReference; lastKnownFileType = sourcecode.swift; path = "TuistBundle+DataProd.swift"; sourceTree = "<group>"; };
		8CBFE81BEC9C7DB12BA8847A /* Data_Prod.framework */ = {isa = PBXFileReference; explicitFileType = wrapper.framework; includeInIndex = 0; path = Data_Prod.framework; sourceTree = BUILT_PRODUCTS_DIR; };
		8F8F2D8535167882EE6052BF /* DataTests-Info.plist */ = {isa = PBXFileReference; lastKnownFileType = text.plist; path = "DataTests-Info.plist"; sourceTree = "<group>"; };
		A2C6A3C647D681FDC70450D6 /* TuistBundle+DataDebug.swift */ = {isa = PBXFileReference; lastKnownFileType = sourcecode.swift; path = "TuistBundle+DataDebug.swift"; sourceTree = "<group>"; };
		BCD5FBC6570BA760BF5A32A6 /* Data_Debug.framework */ = {isa = PBXFileReference; explicitFileType = wrapper.framework; includeInIndex = 0; path = Data_Debug.framework; sourceTree = BUILT_PRODUCTS_DIR; };
		C487F5D2277BCC8A01F51AE0 /* DataTests.xctest */ = {isa = PBXFileReference; explicitFileType = wrapper.cfbundle; includeInIndex = 0; path = DataTests.xctest; sourceTree = BUILT_PRODUCTS_DIR; };
		C92681ED2948037BE42E8E88 /* AlarmRepository.swift */ = {isa = PBXFileReference; lastKnownFileType = sourcecode.swift; path = AlarmRepository.swift; sourceTree = "<group>"; };
		CD19C7E1A0FCDC95B88A7F7F /* Data-Debug-Info.plist */ = {isa = PBXFileReference; lastKnownFileType = text.plist; path = "Data-Debug-Info.plist"; sourceTree = "<group>"; };
		D19F4A92CFB03C120B19A4AD /* AlarmEntity.swift */ = {isa = PBXFileReference; lastKnownFileType = sourcecode.swift; path = AlarmEntity.swift; sourceTree = "<group>"; };
		E2D19B700B3BA97E99FE5E47 /* Base.swift */ = {isa = PBXFileReference; lastKnownFileType = sourcecode.swift; path = Base.swift; sourceTree = "<group>"; };
		E781E48E1B0296F5471949E3 /* Data-Prod-Info.plist */ = {isa = PBXFileReference; lastKnownFileType = text.plist; path = "Data-Prod-Info.plist"; sourceTree = "<group>"; };
		FB2CDD54B405B030F1B9188F /* Data-Stage-Info.plist */ = {isa = PBXFileReference; lastKnownFileType = text.plist; path = "Data-Stage-Info.plist"; sourceTree = "<group>"; };
		FC11F48D016409AE26CC7051 /* WakeyAlarm.xcdatamodel */ = {isa = PBXFileReference; lastKnownFileType = wrapper.xcdatamodel; path = WakeyAlarm.xcdatamodel; sourceTree = "<group>"; };
/* End PBXFileReference section */

/* Begin PBXFrameworksBuildPhase section */
		1700A3AC0BC066B132F96215 /* Frameworks */ = {
			isa = PBXFrameworksBuildPhase;
			buildActionMask = 2147483647;
			files = (
				A539355DEA13CE8A94F14994 /* Data.framework in Frameworks */,
			);
			runOnlyForDeploymentPostprocessing = 0;
		};
		30450EB5C4BA4D06E66E4AD4 /* Frameworks */ = {
			isa = PBXFrameworksBuildPhase;
			buildActionMask = 2147483647;
			files = (
				B9A57F3BECBF7B945E2B7086 /* Domain.framework in Frameworks */,
			);
			runOnlyForDeploymentPostprocessing = 0;
		};
		503538422ACA4E8AF9ABFED0 /* Frameworks */ = {
			isa = PBXFrameworksBuildPhase;
			buildActionMask = 2147483647;
			files = (
				DCEF985E024D909BF099217E /* Domain.framework in Frameworks */,
			);
			runOnlyForDeploymentPostprocessing = 0;
		};
		818FC900AD146A9A336966D5 /* Frameworks */ = {
			isa = PBXFrameworksBuildPhase;
			buildActionMask = 2147483647;
			files = (
				901ACA7B98089AB702ADA830 /* Domain.framework in Frameworks */,
			);
			runOnlyForDeploymentPostprocessing = 0;
		};
		CF8435F44DD3D4ACC913D55D /* Frameworks */ = {
			isa = PBXFrameworksBuildPhase;
			buildActionMask = 2147483647;
			files = (
				49DF3B5BEFA5D8E9943F4413 /* Domain.framework in Frameworks */,
			);
			runOnlyForDeploymentPostprocessing = 0;
		};
/* End PBXFrameworksBuildPhase section */

/* Begin PBXGroup section */
		20629251A4CAB947CD938921 /* Products */ = {
			isa = PBXGroup;
			children = (
				BCD5FBC6570BA760BF5A32A6 /* Data_Debug.framework */,
				8CBFE81BEC9C7DB12BA8847A /* Data_Prod.framework */,
				7A3B80E3E0469CF486803FE5 /* Data_Stage.framework */,
				4E75197C294DE74F5162FAA7 /* Data.framework */,
				C487F5D2277BCC8A01F51AE0 /* DataTests.xctest */,
				06FAA1459D11CCE724C34195 /* Domain.framework */,
			);
			name = Products;
			sourceTree = "<group>";
		};
		22922DDCC365BA5FCFCB2515 /* Sources */ = {
			isa = PBXGroup;
			children = (
				638B01CCB60A9F6C7990C5E6 /* TuistBundle+Data.swift */,
				A2C6A3C647D681FDC70450D6 /* TuistBundle+DataDebug.swift */,
				85AEF8306790EE3948130798 /* TuistBundle+DataProd.swift */,
				48BE00B4CFB28A99887BB589 /* TuistBundle+DataStage.swift */,
			);
			path = Sources;
			sourceTree = "<group>";
		};
		2A98E2F78D145C414B160895 /* Sources */ = {
			isa = PBXGroup;
			children = (
				217A80FF84411549DFF0DEEB /* Test.swift */,
			);
			path = Sources;
			sourceTree = "<group>";
		};
		4A97E3DA1312611007289D2E /* Resources */ = {
			isa = PBXGroup;
			children = (
				6819BEC2FA552E8D597D1513 /* WakeyAlarm.xcdatamodeld */,
			);
			path = Resources;
			sourceTree = "<group>";
		};
		7045B46D354F7247FDAED17D /* DataTests */ = {
			isa = PBXGroup;
			children = (
				2A98E2F78D145C414B160895 /* Sources */,
			);
			path = DataTests;
			sourceTree = "<group>";
		};
		73F3ED55BFDC2EF15878F5B6 /* Repository */ = {
			isa = PBXGroup;
			children = (
				C92681ED2948037BE42E8E88 /* AlarmRepository.swift */,
			);
			path = Repository;
			sourceTree = "<group>";
		};
		8A6D38DA6706D1F4DD8A055B = {
			isa = PBXGroup;
			children = (
				EF3121301A12FEB266E0B923 /* Project */,
				20629251A4CAB947CD938921 /* Products */,
			);
			sourceTree = "<group>";
		};
		8DECF4AD65961D67B46A2DB0 /* Persistence */ = {
			isa = PBXGroup;
			children = (
				04AFD069242FC60B772B496D /* PersistenceController.swift */,
			);
			path = Persistence;
			sourceTree = "<group>";
		};
		AABE3A120DFAA5B30C74694C /* InfoPlists */ = {
			isa = PBXGroup;
			children = (
				CD19C7E1A0FCDC95B88A7F7F /* Data-Debug-Info.plist */,
				033B57EACF093CA22F91EAB9 /* Data-Info.plist */,
				E781E48E1B0296F5471949E3 /* Data-Prod-Info.plist */,
				FB2CDD54B405B030F1B9188F /* Data-Stage-Info.plist */,
				8F8F2D8535167882EE6052BF /* DataTests-Info.plist */,
			);
			path = InfoPlists;
			sourceTree = "<group>";
		};
		C25E2D135BFBAC1019949D62 /* Derived */ = {
			isa = PBXGroup;
			children = (
				AABE3A120DFAA5B30C74694C /* InfoPlists */,
				22922DDCC365BA5FCFCB2515 /* Sources */,
			);
			path = Derived;
			sourceTree = "<group>";
		};
		C590795A2658F92D49B27E8D /* Sources */ = {
			isa = PBXGroup;
			children = (
				F1FA4BA61889B6910C227A92 /* Entity */,
				8DECF4AD65961D67B46A2DB0 /* Persistence */,
				73F3ED55BFDC2EF15878F5B6 /* Repository */,
				E2D19B700B3BA97E99FE5E47 /* Base.swift */,
			);
			path = Sources;
			sourceTree = "<group>";
		};
		EF3121301A12FEB266E0B923 /* Project */ = {
			isa = PBXGroup;
			children = (
				7045B46D354F7247FDAED17D /* DataTests */,
				C25E2D135BFBAC1019949D62 /* Derived */,
				4A97E3DA1312611007289D2E /* Resources */,
				C590795A2658F92D49B27E8D /* Sources */,
			);
			name = Project;
			sourceTree = "<group>";
		};
		F1FA4BA61889B6910C227A92 /* Entity */ = {
			isa = PBXGroup;
			children = (
				D19F4A92CFB03C120B19A4AD /* AlarmEntity.swift */,
			);
			path = Entity;
			sourceTree = "<group>";
		};
/* End PBXGroup section */

/* Begin PBXNativeTarget section */
		372E276F143AFFAD2448C971 /* Data */ = {
			isa = PBXNativeTarget;
			buildConfigurationList = 36E6DF242C12BC0663933DC9 /* Build configuration list for PBXNativeTarget "Data" */;
			buildPhases = (
				3463CE952CBC37DCC5509817 /* Sources */,
				81018B321249CDD696EA4A5D /* Resources */,
				818FC900AD146A9A336966D5 /* Frameworks */,
				B14F7C84FC4E43202BF6D53F /* Embed Frameworks */,
			);
			buildRules = (
			);
			dependencies = (
			);
			name = Data;
			packageProductDependencies = (
			);
			productName = Data;
			productReference = 4E75197C294DE74F5162FAA7 /* Data.framework */;
			productType = "com.apple.product-type.framework";
		};
		3F18CF7E655C15275D725B4D /* Data-Debug */ = {
			isa = PBXNativeTarget;
			buildConfigurationList = 1F34A58B074B06BB55EFE86D /* Build configuration list for PBXNativeTarget "Data-Debug" */;
			buildPhases = (
				8252657978251F5D61E482F5 /* Sources */,
				191D2F6ADDC41C01AABE0DDE /* Resources */,
				503538422ACA4E8AF9ABFED0 /* Frameworks */,
				59E6D099F093925100884D31 /* Embed Frameworks */,
			);
			buildRules = (
			);
			dependencies = (
			);
			name = "Data-Debug";
			packageProductDependencies = (
			);
			productName = Data_Debug;
			productReference = BCD5FBC6570BA760BF5A32A6 /* Data_Debug.framework */;
			productType = "com.apple.product-type.framework";
		};
		59D7D2F02BF6A0D0E7F83454 /* DataTests */ = {
			isa = PBXNativeTarget;
			buildConfigurationList = 424E24BE023B0FD004722629 /* Build configuration list for PBXNativeTarget "DataTests" */;
			buildPhases = (
				BF5478E4194943E7737B473D /* Sources */,
				B061140E70439783141EB532 /* Resources */,
				1700A3AC0BC066B132F96215 /* Frameworks */,
				6CE45439215514CCC20B60A5 /* Embed Frameworks */,
			);
			buildRules = (
			);
			dependencies = (
				3976D2F1AC856422724BB57A /* PBXTargetDependency */,
			);
			name = DataTests;
			packageProductDependencies = (
			);
			productName = DataTests;
			productReference = C487F5D2277BCC8A01F51AE0 /* DataTests.xctest */;
			productType = "com.apple.product-type.bundle.unit-test";
		};
		755E58D500211529A69ECD52 /* Data-Stage */ = {
			isa = PBXNativeTarget;
			buildConfigurationList = 8D3D2269E6E52741E4B60CF5 /* Build configuration list for PBXNativeTarget "Data-Stage" */;
			buildPhases = (
				BBBBBBD83017596259915EF9 /* Sources */,
				4458044E57F225764693AE37 /* Resources */,
				CF8435F44DD3D4ACC913D55D /* Frameworks */,
				C5A8F20F669FF33C03CACB31 /* Embed Frameworks */,
			);
			buildRules = (
			);
			dependencies = (
			);
			name = "Data-Stage";
			packageProductDependencies = (
			);
			productName = Data_Stage;
			productReference = 7A3B80E3E0469CF486803FE5 /* Data_Stage.framework */;
			productType = "com.apple.product-type.framework";
		};
		BC8A4D32DB52E3A1353AAB14 /* Data-Prod */ = {
			isa = PBXNativeTarget;
			buildConfigurationList = 5BA6CD3F6198E12C235FF1D8 /* Build configuration list for PBXNativeTarget "Data-Prod" */;
			buildPhases = (
				975BD11CCADA0C9AE2DCFB37 /* Sources */,
				AB87FF8020CD2B526CCE3D8A /* Resources */,
				30450EB5C4BA4D06E66E4AD4 /* Frameworks */,
				6A69402C9D3F363C144E7C45 /* Embed Frameworks */,
			);
			buildRules = (
			);
			dependencies = (
			);
			name = "Data-Prod";
			packageProductDependencies = (
			);
			productName = Data_Prod;
			productReference = 8CBFE81BEC9C7DB12BA8847A /* Data_Prod.framework */;
			productType = "com.apple.product-type.framework";
		};
/* End PBXNativeTarget section */

/* Begin PBXProject section */
		848E6C78DE33F20387FB92DE /* Project object */ = {
			isa = PBXProject;
			attributes = {
				BuildIndependentTargetsInParallel = YES;
				TargetAttributes = {
				};
			};
			buildConfigurationList = BDB112DA78B2B42275EC3A62 /* Build configuration list for PBXProject "Data" */;
			compatibilityVersion = "Xcode 14.0";
			developmentRegion = ko;
			hasScannedForEncodings = 0;
			knownRegions = (
				en,
				ko,
			);
			mainGroup = 8A6D38DA6706D1F4DD8A055B;
			productRefGroup = 20629251A4CAB947CD938921 /* Products */;
			projectDirPath = "";
			projectRoot = "";
			targets = (
				372E276F143AFFAD2448C971 /* Data */,
				3F18CF7E655C15275D725B4D /* Data-Debug */,
				BC8A4D32DB52E3A1353AAB14 /* Data-Prod */,
				755E58D500211529A69ECD52 /* Data-Stage */,
				59D7D2F02BF6A0D0E7F83454 /* DataTests */,
			);
		};
/* End PBXProject section */

/* Begin PBXResourcesBuildPhase section */
		191D2F6ADDC41C01AABE0DDE /* Resources */ = {
			isa = PBXResourcesBuildPhase;
			buildActionMask = 2147483647;
			files = (
			);
			runOnlyForDeploymentPostprocessing = 0;
		};
		4458044E57F225764693AE37 /* Resources */ = {
			isa = PBXResourcesBuildPhase;
			buildActionMask = 2147483647;
			files = (
			);
			runOnlyForDeploymentPostprocessing = 0;
		};
		81018B321249CDD696EA4A5D /* Resources */ = {
			isa = PBXResourcesBuildPhase;
			buildActionMask = 2147483647;
			files = (
			);
			runOnlyForDeploymentPostprocessing = 0;
		};
		AB87FF8020CD2B526CCE3D8A /* Resources */ = {
			isa = PBXResourcesBuildPhase;
			buildActionMask = 2147483647;
			files = (
			);
			runOnlyForDeploymentPostprocessing = 0;
		};
		B061140E70439783141EB532 /* Resources */ = {
			isa = PBXResourcesBuildPhase;
			buildActionMask = 2147483647;
			files = (
			);
			runOnlyForDeploymentPostprocessing = 0;
		};
/* End PBXResourcesBuildPhase section */

/* Begin PBXSourcesBuildPhase section */
		3463CE952CBC37DCC5509817 /* Sources */ = {
			isa = PBXSourcesBuildPhase;
			buildActionMask = 2147483647;
			files = (
				EF1758E6E5692C8851826C7B /* TuistBundle+Data.swift in Sources */,
				D851B717CE35E8FCEA601B63 /* Base.swift in Sources */,
				E63DF27FCDA3C9D6B1E3BDEB /* AlarmEntity.swift in Sources */,
				2ED50DF31D798D7F41CA63B2 /* PersistenceController.swift in Sources */,
				3F7CE806D1E28CD077785F6F /* AlarmRepository.swift in Sources */,
				F21B87D9664F6DB3C63DAA49 /* WakeyAlarm.xcdatamodeld in Sources */,
			);
			runOnlyForDeploymentPostprocessing = 0;
		};
		8252657978251F5D61E482F5 /* Sources */ = {
			isa = PBXSourcesBuildPhase;
			buildActionMask = 2147483647;
			files = (
				D7CC56A63D99DC287F023391 /* TuistBundle+DataDebug.swift in Sources */,
				68049A27C8544686FDB163C6 /* Base.swift in Sources */,
				C1666B37FA198B6F593163C4 /* AlarmEntity.swift in Sources */,
				8B74EC101DB1912E1FA02AD1 /* PersistenceController.swift in Sources */,
				E70E52CC7B41B709E2B31AFE /* AlarmRepository.swift in Sources */,
				997755C7C3E8740A13DBAEBB /* WakeyAlarm.xcdatamodeld in Sources */,
			);
			runOnlyForDeploymentPostprocessing = 0;
		};
		975BD11CCADA0C9AE2DCFB37 /* Sources */ = {
			isa = PBXSourcesBuildPhase;
			buildActionMask = 2147483647;
			files = (
				4F2F20A59ED8FFD1146EC3A9 /* TuistBundle+DataProd.swift in Sources */,
				DB2AC58BF76813A906D4EBB5 /* Base.swift in Sources */,
				9B66971817A98482BC3A84FC /* AlarmEntity.swift in Sources */,
				1A1CC298E29FBBB6F54DE422 /* PersistenceController.swift in Sources */,
				455A18B8563295482505ECF0 /* AlarmRepository.swift in Sources */,
				B822277CF47097CD8AF7F738 /* WakeyAlarm.xcdatamodeld in Sources */,
			);
			runOnlyForDeploymentPostprocessing = 0;
		};
		BBBBBBD83017596259915EF9 /* Sources */ = {
			isa = PBXSourcesBuildPhase;
			buildActionMask = 2147483647;
			files = (
				FCB40CDF60A90BC57D4281C0 /* TuistBundle+DataStage.swift in Sources */,
				C3CB9F36C77526BEF6E62C4E /* Base.swift in Sources */,
				9BB9DEA8B01BBCCC8D74521C /* AlarmEntity.swift in Sources */,
				01970B39933B1BC6E296FB77 /* PersistenceController.swift in Sources */,
				961369F792C438E987DB221C /* AlarmRepository.swift in Sources */,
				2038C30A238F4884C595EC11 /* WakeyAlarm.xcdatamodeld in Sources */,
			);
			runOnlyForDeploymentPostprocessing = 0;
		};
		BF5478E4194943E7737B473D /* Sources */ = {
			isa = PBXSourcesBuildPhase;
			buildActionMask = 2147483647;
			files = (
				6682A2438D39A1CE0C48FD2F /* Test.swift in Sources */,
			);
			runOnlyForDeploymentPostprocessing = 0;
		};
/* End PBXSourcesBuildPhase section */

/* Begin PBXTargetDependency section */
		3976D2F1AC856422724BB57A /* PBXTargetDependency */ = {
			isa = PBXTargetDependency;
			name = Data;
			target = 372E276F143AFFAD2448C971 /* Data */;
			targetProxy = 75895817528818F73A627675 /* PBXContainerItemProxy */;
		};
/* End PBXTargetDependency section */

/* Begin XCBuildConfiguration section */
		1854BC615AF946FFD31584BE /* Release */ = {
			isa = XCBuildConfiguration;
			buildSettings = {
				CODE_SIGN_IDENTITY = "iPhone Developer";
				INFOPLIST_FILE = "Derived/InfoPlists/DataTests-Info.plist";
				IPHONEOS_DEPLOYMENT_TARGET = 16.6;
				LD_RUNPATH_SEARCH_PATHS = (
					"$(inherited)",
					"@executable_path/Frameworks",
					"@loader_path/Frameworks",
				);
				PRODUCT_BUNDLE_IDENTIFIER = io.Roy.Module.Data.DataTests;
				PRODUCT_NAME = DataTests;
				SDKROOT = iphoneos;
				SUPPORTS_MACCATALYST = NO;
				SUPPORTS_MAC_DESIGNED_FOR_IPHONE_IPAD = NO;
				SUPPORTS_XR_DESIGNED_FOR_IPHONE_IPAD = NO;
				SWIFT_COMPILATION_MODE = wholemodule;
				SWIFT_OPTIMIZATION_LEVEL = "-Owholemodule";
				SWIFT_VERSION = 5.0;
				TARGETED_DEVICE_FAMILY = 1;
			};
			name = Release;
		};
		2D02C37934B23647C803E883 /* Release */ = {
			isa = XCBuildConfiguration;
			buildSettings = {
				CODE_SIGN_IDENTITY = "";
				CURRENT_PROJECT_VERSION = 1;
				DEFINES_MODULE = YES;
				DYLIB_COMPATIBILITY_VERSION = 1;
				DYLIB_CURRENT_VERSION = 1;
				DYLIB_INSTALL_NAME_BASE = "@rpath";
				INFOPLIST_FILE = "Derived/InfoPlists/Data-Stage-Info.plist";
				INSTALL_PATH = "$(LOCAL_LIBRARY_DIR)/Frameworks";
				IPHONEOS_DEPLOYMENT_TARGET = 16.6;
				LD_RUNPATH_SEARCH_PATHS = (
					"$(inherited)",
					"@executable_path/Frameworks",
					"@loader_path/Frameworks",
				);
				PRODUCT_BUNDLE_IDENTIFIER = io.Roy.Module.Data;
				PRODUCT_NAME = Data_Stage;
				SDKROOT = iphoneos;
				SKIP_INSTALL = YES;
				SUPPORTS_MACCATALYST = NO;
				SUPPORTS_MAC_DESIGNED_FOR_IPHONE_IPAD = NO;
				SUPPORTS_XR_DESIGNED_FOR_IPHONE_IPAD = NO;
				SWIFT_COMPILATION_MODE = wholemodule;
				SWIFT_OPTIMIZATION_LEVEL = "-Owholemodule";
				SWIFT_VERSION = 5.0;
				TARGETED_DEVICE_FAMILY = 1;
				VERSIONING_SYSTEM = "apple-generic";
				VERSION_INFO_PREFIX = "";
			};
			name = Release;
		};
		49463F58F30D16E366A475D8 /* Debug */ = {
			isa = XCBuildConfiguration;
			buildSettings = {
				CODE_SIGN_IDENTITY = "";
				CURRENT_PROJECT_VERSION = 1;
				DEFINES_MODULE = YES;
				DYLIB_COMPATIBILITY_VERSION = 1;
				DYLIB_CURRENT_VERSION = 1;
				DYLIB_INSTALL_NAME_BASE = "@rpath";
				INFOPLIST_FILE = "Derived/InfoPlists/Data-Prod-Info.plist";
				INSTALL_PATH = "$(LOCAL_LIBRARY_DIR)/Frameworks";
				IPHONEOS_DEPLOYMENT_TARGET = 16.6;
				LD_RUNPATH_SEARCH_PATHS = (
					"$(inherited)",
					"@executable_path/Frameworks",
					"@loader_path/Frameworks",
				);
				PRODUCT_BUNDLE_IDENTIFIER = io.Roy.Module.Data;
				PRODUCT_NAME = Data_Prod;
				SDKROOT = iphoneos;
				SKIP_INSTALL = YES;
				SUPPORTS_MACCATALYST = NO;
				SUPPORTS_MAC_DESIGNED_FOR_IPHONE_IPAD = NO;
				SUPPORTS_XR_DESIGNED_FOR_IPHONE_IPAD = NO;
				SWIFT_ACTIVE_COMPILATION_CONDITIONS = (
					"$(inherited)",
					DEBUG,
				);
				SWIFT_COMPILATION_MODE = singlefile;
				SWIFT_OPTIMIZATION_LEVEL = "-Onone";
				SWIFT_VERSION = 5.0;
				TARGETED_DEVICE_FAMILY = 1;
				VERSIONING_SYSTEM = "apple-generic";
				VERSION_INFO_PREFIX = "";
			};
			name = Debug;
		};
		5DDA9D3ACAE5AEF24D4C97CF /* Release */ = {
			isa = XCBuildConfiguration;
			buildSettings = {
				CODE_SIGN_IDENTITY = "";
				CURRENT_PROJECT_VERSION = 1;
				DEFINES_MODULE = YES;
				DYLIB_COMPATIBILITY_VERSION = 1;
				DYLIB_CURRENT_VERSION = 1;
				DYLIB_INSTALL_NAME_BASE = "@rpath";
				INFOPLIST_FILE = "Derived/InfoPlists/Data-Debug-Info.plist";
				INSTALL_PATH = "$(LOCAL_LIBRARY_DIR)/Frameworks";
				IPHONEOS_DEPLOYMENT_TARGET = 16.6;
				LD_RUNPATH_SEARCH_PATHS = (
					"$(inherited)",
					"@executable_path/Frameworks",
					"@loader_path/Frameworks",
				);
				PRODUCT_BUNDLE_IDENTIFIER = io.Roy.Module.Data;
				PRODUCT_NAME = Data_Debug;
				SDKROOT = iphoneos;
				SKIP_INSTALL = YES;
				SUPPORTS_MACCATALYST = NO;
				SUPPORTS_MAC_DESIGNED_FOR_IPHONE_IPAD = NO;
				SUPPORTS_XR_DESIGNED_FOR_IPHONE_IPAD = NO;
				SWIFT_COMPILATION_MODE = wholemodule;
				SWIFT_OPTIMIZATION_LEVEL = "-Owholemodule";
				SWIFT_VERSION = 5.0;
				TARGETED_DEVICE_FAMILY = 1;
				VERSIONING_SYSTEM = "apple-generic";
				VERSION_INFO_PREFIX = "";
			};
			name = Release;
		};
		73ECBCF97D70914F62AFFE08 /* Debug */ = {
			isa = XCBuildConfiguration;
			buildSettings = {
				CODE_SIGN_IDENTITY = "";
				CURRENT_PROJECT_VERSION = 1;
				DEFINES_MODULE = YES;
				DYLIB_COMPATIBILITY_VERSION = 1;
				DYLIB_CURRENT_VERSION = 1;
				DYLIB_INSTALL_NAME_BASE = "@rpath";
				INFOPLIST_FILE = "Derived/InfoPlists/Data-Info.plist";
				INSTALL_PATH = "$(LOCAL_LIBRARY_DIR)/Frameworks";
				IPHONEOS_DEPLOYMENT_TARGET = 16.6;
				LD_RUNPATH_SEARCH_PATHS = (
					"$(inherited)",
					"@executable_path/Frameworks",
					"@loader_path/Frameworks",
				);
				PRODUCT_BUNDLE_IDENTIFIER = io.Roy.Module.Data;
				PRODUCT_NAME = Data;
				SDKROOT = iphoneos;
				SKIP_INSTALL = YES;
				SUPPORTS_MACCATALYST = NO;
				SUPPORTS_MAC_DESIGNED_FOR_IPHONE_IPAD = NO;
				SUPPORTS_XR_DESIGNED_FOR_IPHONE_IPAD = NO;
				SWIFT_ACTIVE_COMPILATION_CONDITIONS = (
					"$(inherited)",
					DEBUG,
				);
				SWIFT_COMPILATION_MODE = singlefile;
				SWIFT_OPTIMIZATION_LEVEL = "-Onone";
				SWIFT_VERSION = 5.0;
				TARGETED_DEVICE_FAMILY = 1;
				VERSIONING_SYSTEM = "apple-generic";
				VERSION_INFO_PREFIX = "";
			};
			name = Debug;
		};
		788ED0BBD31E8672F624A714 /* Debug */ = {
			isa = XCBuildConfiguration;
			buildSettings = {
				CODE_SIGN_IDENTITY = "";
				CURRENT_PROJECT_VERSION = 1;
				DEFINES_MODULE = YES;
				DYLIB_COMPATIBILITY_VERSION = 1;
				DYLIB_CURRENT_VERSION = 1;
				DYLIB_INSTALL_NAME_BASE = "@rpath";
				INFOPLIST_FILE = "Derived/InfoPlists/Data-Debug-Info.plist";
				INSTALL_PATH = "$(LOCAL_LIBRARY_DIR)/Frameworks";
				IPHONEOS_DEPLOYMENT_TARGET = 16.6;
				LD_RUNPATH_SEARCH_PATHS = (
					"$(inherited)",
					"@executable_path/Frameworks",
					"@loader_path/Frameworks",
				);
				PRODUCT_BUNDLE_IDENTIFIER = io.Roy.Module.Data;
				PRODUCT_NAME = Data_Debug;
				SDKROOT = iphoneos;
				SKIP_INSTALL = YES;
				SUPPORTS_MACCATALYST = NO;
				SUPPORTS_MAC_DESIGNED_FOR_IPHONE_IPAD = NO;
				SUPPORTS_XR_DESIGNED_FOR_IPHONE_IPAD = NO;
				SWIFT_ACTIVE_COMPILATION_CONDITIONS = (
					"$(inherited)",
					DEBUG,
				);
				SWIFT_COMPILATION_MODE = singlefile;
				SWIFT_OPTIMIZATION_LEVEL = "-Onone";
				SWIFT_VERSION = 5.0;
				TARGETED_DEVICE_FAMILY = 1;
				VERSIONING_SYSTEM = "apple-generic";
				VERSION_INFO_PREFIX = "";
			};
			name = Debug;
		};
		7A8C7E63B3E331C68A2D29C0 /* Release */ = {
			isa = XCBuildConfiguration;
			buildSettings = {
				CODE_SIGN_IDENTITY = "";
				CURRENT_PROJECT_VERSION = 1;
				DEFINES_MODULE = YES;
				DYLIB_COMPATIBILITY_VERSION = 1;
				DYLIB_CURRENT_VERSION = 1;
				DYLIB_INSTALL_NAME_BASE = "@rpath";
				INFOPLIST_FILE = "Derived/InfoPlists/Data-Info.plist";
				INSTALL_PATH = "$(LOCAL_LIBRARY_DIR)/Frameworks";
				IPHONEOS_DEPLOYMENT_TARGET = 16.6;
				LD_RUNPATH_SEARCH_PATHS = (
					"$(inherited)",
					"@executable_path/Frameworks",
					"@loader_path/Frameworks",
				);
				PRODUCT_BUNDLE_IDENTIFIER = io.Roy.Module.Data;
				PRODUCT_NAME = Data;
				SDKROOT = iphoneos;
				SKIP_INSTALL = YES;
				SUPPORTS_MACCATALYST = NO;
				SUPPORTS_MAC_DESIGNED_FOR_IPHONE_IPAD = NO;
				SUPPORTS_XR_DESIGNED_FOR_IPHONE_IPAD = NO;
				SWIFT_COMPILATION_MODE = wholemodule;
				SWIFT_OPTIMIZATION_LEVEL = "-Owholemodule";
				SWIFT_VERSION = 5.0;
				TARGETED_DEVICE_FAMILY = 1;
				VERSIONING_SYSTEM = "apple-generic";
				VERSION_INFO_PREFIX = "";
			};
			name = Release;
		};
		93EADE9B9AB9C9CD85CEEB68 /* Release */ = {
			isa = XCBuildConfiguration;
			buildSettings = {
				CODE_SIGN_IDENTITY = "";
				CURRENT_PROJECT_VERSION = 1;
				DEFINES_MODULE = YES;
				DYLIB_COMPATIBILITY_VERSION = 1;
				DYLIB_CURRENT_VERSION = 1;
				DYLIB_INSTALL_NAME_BASE = "@rpath";
				INFOPLIST_FILE = "Derived/InfoPlists/Data-Prod-Info.plist";
				INSTALL_PATH = "$(LOCAL_LIBRARY_DIR)/Frameworks";
				IPHONEOS_DEPLOYMENT_TARGET = 16.6;
				LD_RUNPATH_SEARCH_PATHS = (
					"$(inherited)",
					"@executable_path/Frameworks",
					"@loader_path/Frameworks",
				);
				PRODUCT_BUNDLE_IDENTIFIER = io.Roy.Module.Data;
				PRODUCT_NAME = Data_Prod;
				SDKROOT = iphoneos;
				SKIP_INSTALL = YES;
				SUPPORTS_MACCATALYST = NO;
				SUPPORTS_MAC_DESIGNED_FOR_IPHONE_IPAD = NO;
				SUPPORTS_XR_DESIGNED_FOR_IPHONE_IPAD = NO;
				SWIFT_COMPILATION_MODE = wholemodule;
				SWIFT_OPTIMIZATION_LEVEL = "-Owholemodule";
				SWIFT_VERSION = 5.0;
				TARGETED_DEVICE_FAMILY = 1;
				VERSIONING_SYSTEM = "apple-generic";
				VERSION_INFO_PREFIX = "";
			};
			name = Release;
		};
		A6D14005D5289DA5234BA3FE /* Debug */ = {
			isa = XCBuildConfiguration;
			buildSettings = {
				ALWAYS_SEARCH_USER_PATHS = NO;
				CLANG_ANALYZER_LOCALIZABILITY_NONLOCALIZED = YES;
				CLANG_ANALYZER_NONNULL = YES;
				CLANG_ANALYZER_NUMBER_OBJECT_CONVERSION = YES_AGGRESSIVE;
				CLANG_CXX_LANGUAGE_STANDARD = "gnu++14";
				CLANG_CXX_LIBRARY = "libc++";
				CLANG_ENABLE_MODULES = YES;
				CLANG_ENABLE_OBJC_ARC = YES;
				CLANG_ENABLE_OBJC_WEAK = YES;
				CLANG_WARN_BLOCK_CAPTURE_AUTORELEASING = YES;
				CLANG_WARN_BOOL_CONVERSION = YES;
				CLANG_WARN_COMMA = YES;
				CLANG_WARN_CONSTANT_CONVERSION = YES;
				CLANG_WARN_DEPRECATED_OBJC_IMPLEMENTATIONS = YES;
				CLANG_WARN_DIRECT_OBJC_ISA_USAGE = YES_ERROR;
				CLANG_WARN_DOCUMENTATION_COMMENTS = YES;
				CLANG_WARN_EMPTY_BODY = YES;
				CLANG_WARN_ENUM_CONVERSION = YES;
				CLANG_WARN_INFINITE_RECURSION = YES;
				CLANG_WARN_INT_CONVERSION = YES;
				CLANG_WARN_NON_LITERAL_NULL_CONVERSION = YES;
				CLANG_WARN_OBJC_IMPLICIT_RETAIN_SELF = YES;
				CLANG_WARN_OBJC_LITERAL_CONVERSION = YES;
				CLANG_WARN_OBJC_ROOT_CLASS = YES_ERROR;
				CLANG_WARN_QUOTED_INCLUDE_IN_FRAMEWORK_HEADER = YES;
				CLANG_WARN_RANGE_LOOP_ANALYSIS = YES;
				CLANG_WARN_STRICT_PROTOTYPES = YES;
				CLANG_WARN_SUSPICIOUS_MOVE = YES;
				CLANG_WARN_UNGUARDED_AVAILABILITY = YES_AGGRESSIVE;
				CLANG_WARN_UNREACHABLE_CODE = YES;
				CLANG_WARN__DUPLICATE_METHOD_MATCH = YES;
				COPY_PHASE_STRIP = NO;
				DEAD_CODE_STRIPPING = YES;
				DEBUG_INFORMATION_FORMAT = dwarf;
				ENABLE_STRICT_OBJC_MSGSEND = YES;
				ENABLE_TESTABILITY = YES;
				GCC_C_LANGUAGE_STANDARD = gnu11;
				GCC_DYNAMIC_NO_PIC = NO;
				GCC_NO_COMMON_BLOCKS = YES;
				GCC_OPTIMIZATION_LEVEL = 0;
				GCC_PREPROCESSOR_DEFINITIONS = (
					"DEBUG=1",
					"$(inherited)",
				);
				GCC_WARN_64_TO_32_BIT_CONVERSION = YES;
				GCC_WARN_ABOUT_RETURN_TYPE = YES_ERROR;
				GCC_WARN_UNDECLARED_SELECTOR = YES;
				GCC_WARN_UNINITIALIZED_AUTOS = YES_AGGRESSIVE;
				GCC_WARN_UNUSED_FUNCTION = YES;
				GCC_WARN_UNUSED_VARIABLE = YES;
				MTL_ENABLE_DEBUG_INFO = YES;
				ONLY_ACTIVE_ARCH = YES;
				PRODUCT_NAME = "$(TARGET_NAME)";
			};
			name = Debug;
		};
		AEAF9BE6F0FCCF5866F298F7 /* Debug */ = {
			isa = XCBuildConfiguration;
			buildSettings = {
				CODE_SIGN_IDENTITY = "";
				CURRENT_PROJECT_VERSION = 1;
				DEFINES_MODULE = YES;
				DYLIB_COMPATIBILITY_VERSION = 1;
				DYLIB_CURRENT_VERSION = 1;
				DYLIB_INSTALL_NAME_BASE = "@rpath";
				INFOPLIST_FILE = "Derived/InfoPlists/Data-Stage-Info.plist";
				INSTALL_PATH = "$(LOCAL_LIBRARY_DIR)/Frameworks";
				IPHONEOS_DEPLOYMENT_TARGET = 16.6;
				LD_RUNPATH_SEARCH_PATHS = (
					"$(inherited)",
					"@executable_path/Frameworks",
					"@loader_path/Frameworks",
				);
				PRODUCT_BUNDLE_IDENTIFIER = io.Roy.Module.Data;
				PRODUCT_NAME = Data_Stage;
				SDKROOT = iphoneos;
				SKIP_INSTALL = YES;
				SUPPORTS_MACCATALYST = NO;
				SUPPORTS_MAC_DESIGNED_FOR_IPHONE_IPAD = NO;
				SUPPORTS_XR_DESIGNED_FOR_IPHONE_IPAD = NO;
				SWIFT_ACTIVE_COMPILATION_CONDITIONS = (
					"$(inherited)",
					DEBUG,
				);
				SWIFT_COMPILATION_MODE = singlefile;
				SWIFT_OPTIMIZATION_LEVEL = "-Onone";
				SWIFT_VERSION = 5.0;
				TARGETED_DEVICE_FAMILY = 1;
				VERSIONING_SYSTEM = "apple-generic";
				VERSION_INFO_PREFIX = "";
			};
			name = Debug;
		};
		D3555E0748B7998F59BB7F1A /* Debug */ = {
			isa = XCBuildConfiguration;
			buildSettings = {
				CODE_SIGN_IDENTITY = "iPhone Developer";
				INFOPLIST_FILE = "Derived/InfoPlists/DataTests-Info.plist";
				IPHONEOS_DEPLOYMENT_TARGET = 16.6;
				LD_RUNPATH_SEARCH_PATHS = (
					"$(inherited)",
					"@executable_path/Frameworks",
					"@loader_path/Frameworks",
				);
				PRODUCT_BUNDLE_IDENTIFIER = io.Roy.Module.Data.DataTests;
				PRODUCT_NAME = DataTests;
				SDKROOT = iphoneos;
				SUPPORTS_MACCATALYST = NO;
				SUPPORTS_MAC_DESIGNED_FOR_IPHONE_IPAD = NO;
				SUPPORTS_XR_DESIGNED_FOR_IPHONE_IPAD = NO;
				SWIFT_ACTIVE_COMPILATION_CONDITIONS = (
					"$(inherited)",
					DEBUG,
				);
				SWIFT_COMPILATION_MODE = singlefile;
				SWIFT_OPTIMIZATION_LEVEL = "-Onone";
				SWIFT_VERSION = 5.0;
				TARGETED_DEVICE_FAMILY = 1;
			};
			name = Debug;
		};
		EE93D398734E8DACE27A1FFB /* Release */ = {
			isa = XCBuildConfiguration;
			buildSettings = {
				ALWAYS_SEARCH_USER_PATHS = NO;
				CLANG_ANALYZER_LOCALIZABILITY_NONLOCALIZED = YES;
				CLANG_ANALYZER_NONNULL = YES;
				CLANG_ANALYZER_NUMBER_OBJECT_CONVERSION = YES_AGGRESSIVE;
				CLANG_CXX_LANGUAGE_STANDARD = "gnu++14";
				CLANG_CXX_LIBRARY = "libc++";
				CLANG_ENABLE_MODULES = YES;
				CLANG_ENABLE_OBJC_ARC = YES;
				CLANG_ENABLE_OBJC_WEAK = YES;
				CLANG_WARN_BLOCK_CAPTURE_AUTORELEASING = YES;
				CLANG_WARN_BOOL_CONVERSION = YES;
				CLANG_WARN_COMMA = YES;
				CLANG_WARN_CONSTANT_CONVERSION = YES;
				CLANG_WARN_DEPRECATED_OBJC_IMPLEMENTATIONS = YES;
				CLANG_WARN_DIRECT_OBJC_ISA_USAGE = YES_ERROR;
				CLANG_WARN_DOCUMENTATION_COMMENTS = YES;
				CLANG_WARN_EMPTY_BODY = YES;
				CLANG_WARN_ENUM_CONVERSION = YES;
				CLANG_WARN_INFINITE_RECURSION = YES;
				CLANG_WARN_INT_CONVERSION = YES;
				CLANG_WARN_NON_LITERAL_NULL_CONVERSION = YES;
				CLANG_WARN_OBJC_IMPLICIT_RETAIN_SELF = YES;
				CLANG_WARN_OBJC_LITERAL_CONVERSION = YES;
				CLANG_WARN_OBJC_ROOT_CLASS = YES_ERROR;
				CLANG_WARN_QUOTED_INCLUDE_IN_FRAMEWORK_HEADER = YES;
				CLANG_WARN_RANGE_LOOP_ANALYSIS = YES;
				CLANG_WARN_STRICT_PROTOTYPES = YES;
				CLANG_WARN_SUSPICIOUS_MOVE = YES;
				CLANG_WARN_UNGUARDED_AVAILABILITY = YES_AGGRESSIVE;
				CLANG_WARN_UNREACHABLE_CODE = YES;
				CLANG_WARN__DUPLICATE_METHOD_MATCH = YES;
				COPY_PHASE_STRIP = NO;
				DEAD_CODE_STRIPPING = YES;
				DEBUG_INFORMATION_FORMAT = "dwarf-with-dsym";
				ENABLE_NS_ASSERTIONS = NO;
				ENABLE_STRICT_OBJC_MSGSEND = YES;
				GCC_C_LANGUAGE_STANDARD = gnu11;
				GCC_NO_COMMON_BLOCKS = YES;
				GCC_WARN_64_TO_32_BIT_CONVERSION = YES;
				GCC_WARN_ABOUT_RETURN_TYPE = YES_ERROR;
				GCC_WARN_UNDECLARED_SELECTOR = YES;
				GCC_WARN_UNINITIALIZED_AUTOS = YES_AGGRESSIVE;
				GCC_WARN_UNUSED_FUNCTION = YES;
				GCC_WARN_UNUSED_VARIABLE = YES;
				MTL_ENABLE_DEBUG_INFO = NO;
				PRODUCT_NAME = "$(TARGET_NAME)";
				VALIDATE_PRODUCT = YES;
			};
			name = Release;
		};
/* End XCBuildConfiguration section */

/* Begin XCConfigurationList section */
		1F34A58B074B06BB55EFE86D /* Build configuration list for PBXNativeTarget "Data-Debug" */ = {
			isa = XCConfigurationList;
			buildConfigurations = (
				788ED0BBD31E8672F624A714 /* Debug */,
				5DDA9D3ACAE5AEF24D4C97CF /* Release */,
			);
			defaultConfigurationIsVisible = 0;
			defaultConfigurationName = Release;
		};
		36E6DF242C12BC0663933DC9 /* Build configuration list for PBXNativeTarget "Data" */ = {
			isa = XCConfigurationList;
			buildConfigurations = (
				73ECBCF97D70914F62AFFE08 /* Debug */,
				7A8C7E63B3E331C68A2D29C0 /* Release */,
			);
			defaultConfigurationIsVisible = 0;
			defaultConfigurationName = Release;
		};
		424E24BE023B0FD004722629 /* Build configuration list for PBXNativeTarget "DataTests" */ = {
			isa = XCConfigurationList;
			buildConfigurations = (
				D3555E0748B7998F59BB7F1A /* Debug */,
				1854BC615AF946FFD31584BE /* Release */,
			);
			defaultConfigurationIsVisible = 0;
			defaultConfigurationName = Release;
		};
		5BA6CD3F6198E12C235FF1D8 /* Build configuration list for PBXNativeTarget "Data-Prod" */ = {
			isa = XCConfigurationList;
			buildConfigurations = (
				49463F58F30D16E366A475D8 /* Debug */,
				93EADE9B9AB9C9CD85CEEB68 /* Release */,
			);
			defaultConfigurationIsVisible = 0;
			defaultConfigurationName = Release;
		};
		8D3D2269E6E52741E4B60CF5 /* Build configuration list for PBXNativeTarget "Data-Stage" */ = {
			isa = XCConfigurationList;
			buildConfigurations = (
				AEAF9BE6F0FCCF5866F298F7 /* Debug */,
				2D02C37934B23647C803E883 /* Release */,
			);
			defaultConfigurationIsVisible = 0;
			defaultConfigurationName = Release;
		};
		BDB112DA78B2B42275EC3A62 /* Build configuration list for PBXProject "Data" */ = {
			isa = XCConfigurationList;
			buildConfigurations = (
				A6D14005D5289DA5234BA3FE /* Debug */,
				EE93D398734E8DACE27A1FFB /* Release */,
			);
			defaultConfigurationIsVisible = 0;
			defaultConfigurationName = Release;
		};
/* End XCConfigurationList section */

/* Begin XCVersionGroup section */
		6819BEC2FA552E8D597D1513 /* WakeyAlarm.xcdatamodeld */ = {
			isa = XCVersionGroup;
			children = (
				FC11F48D016409AE26CC7051 /* WakeyAlarm.xcdatamodel */,
			);
			currentVersion = FC11F48D016409AE26CC7051 /* WakeyAlarm.xcdatamodel */;
			path = WakeyAlarm.xcdatamodeld;
			sourceTree = "<group>";
			versionGroupType = wrapper.xcdatamodel;
		};
/* End XCVersionGroup section */
	};
	rootObject = 848E6C78DE33F20387FB92DE /* Project object */;
}
