// !$*UTF8*$!
{
	archiveVersion = 1;
	classes = {
	};
	objectVersion = 55;
	objects = {

/* Begin PBXBuildFile section */
		08248123A06B5A3A9D92F6AB /* DesignSystem_DesignSystem.bundle in Resources */ = {isa = PBXBuildFile; fileRef = 34D31CE697F2AA57BEB2EBEE /* DesignSystem_DesignSystem.bundle */; };
		09C1757FDBD108B307089C14 /* AddAlarmView.swift in Sources */ = {isa = PBXBuildFile; fileRef = 394B1D25FB7419D55A767B45 /* AddAlarmView.swift */; };
		0A9013DFDFCFBEEF735BC1F8 /* AddAlarmUserIntent.swift in Sources */ = {isa = PBXBuildFile; fileRef = B7F42926DA80629C6745216E /* AddAlarmUserIntent.swift */; };
		0D2E4E009BADB5E509EAFD22 /* Utill.framework in Frameworks */ = {isa = PBXBuildFile; fileRef = AAE9A24A19F84BA64380ABD7 /* Utill.framework */; };
		12C7FE0F36FF98A337D8CBB9 /* AlarmCellView.swift in Sources */ = {isa = PBXBuildFile; fileRef = 18ABF84F1716B6DAA2828FAD /* AlarmCellView.swift */; };
		13A5436C0F0B53E5E9055981 /* AlarmIntent.swift in Sources */ = {isa = PBXBuildFile; fileRef = 8CCB4C6A340EE543FE8CCFE0 /* AlarmIntent.swift */; };
		13D602BF10D3914DB0260697 /* Shared.framework in Frameworks */ = {isa = PBXBuildFile; fileRef = AAD33080013540A14005C9E0 /* Shared.framework */; };
		1AD8FF29E588C3FE4CCCFA13 /* RepeatDaySelector.swift in Sources */ = {isa = PBXBuildFile; fileRef = 0CED6EC8DC24709AB1D1DB9A /* RepeatDaySelector.swift */; };
		22E51ECE4B8B071D8AB82382 /* AlarmCellView.swift in Sources */ = {isa = PBXBuildFile; fileRef = 18ABF84F1716B6DAA2828FAD /* AlarmCellView.swift */; };
		230AE873249E0EB31B834761 /* Alarm.framework in Frameworks */ = {isa = PBXBuildFile; fileRef = 029E40A6BBE695E1714DC4AB /* Alarm.framework */; };
		2D135BB65C69B689D4646E8F /* DesignSystem.framework in Frameworks */ = {isa = PBXBuildFile; fileRef = 867C1055816429DF0C747DB2 /* DesignSystem.framework */; };
		2D6476D3A93AF4108039E1EB /* AlarmCellView.swift in Sources */ = {isa = PBXBuildFile; fileRef = 18ABF84F1716B6DAA2828FAD /* AlarmCellView.swift */; };
		3073A918671D4C9261BC17DF /* AddAlarmIntent.swift in Sources */ = {isa = PBXBuildFile; fileRef = 9A13AEA76ADE3007A4855D47 /* AddAlarmIntent.swift */; };
		3758E9DEDAA682C7DB02FB7D /* AlarmSoundPicker.swift in Sources */ = {isa = PBXBuildFile; fileRef = 03C8E991B463BF724E5FC550 /* AlarmSoundPicker.swift */; };
		3765F751275252C51E2916FD /* DesignSystem.framework in Frameworks */ = {isa = PBXBuildFile; fileRef = 867C1055816429DF0C747DB2 /* DesignSystem.framework */; };
		37B8444AAD1103D1F2D8E317 /* AlarmDIContainer.swift in Sources */ = {isa = PBXBuildFile; fileRef = 0244D1E3D9096430F072E88D /* AlarmDIContainer.swift */; };
		380F3A3194C85301D3BA3F02 /* Shared.framework in Frameworks */ = {isa = PBXBuildFile; fileRef = AAD33080013540A14005C9E0 /* Shared.framework */; };
		3D1D7327998C3078DC1B75F5 /* AddAlarmIntent.swift in Sources */ = {isa = PBXBuildFile; fileRef = 9A13AEA76ADE3007A4855D47 /* AddAlarmIntent.swift */; };
		3DBC01C656955E942A97B0C0 /* Utill.framework in Frameworks */ = {isa = PBXBuildFile; fileRef = AAE9A24A19F84BA64380ABD7 /* Utill.framework */; };
		4092FC1DBEB716413A4C4534 /* TimePickerField.swift in Sources */ = {isa = PBXBuildFile; fileRef = 5CA5F35C1D18C38A6B8D2B04 /* TimePickerField.swift */; };
		428613FFA9D791A4C29B4829 /* AlarmIntent.swift in Sources */ = {isa = PBXBuildFile; fileRef = 8CCB4C6A340EE543FE8CCFE0 /* AlarmIntent.swift */; };
		46FACA9386AE86D7C62C328D /* AddAlarmState.swift in Sources */ = {isa = PBXBuildFile; fileRef = A2697D6B0C2FE30F27730D70 /* AddAlarmState.swift */; };
		4C642C9D2BDDBC36039C000D /* AddAlarmUserIntent.swift in Sources */ = {isa = PBXBuildFile; fileRef = B7F42926DA80629C6745216E /* AddAlarmUserIntent.swift */; };
		50DC5DC72F37878B77239A7B /* AlarmState.swift in Sources */ = {isa = PBXBuildFile; fileRef = 4DB11475D14529339E6A211A /* AlarmState.swift */; };
		5271568BF7D2C40C4F7A3483 /* AlarmCellView.swift in Sources */ = {isa = PBXBuildFile; fileRef = 18ABF84F1716B6DAA2828FAD /* AlarmCellView.swift */; };
		52F700BD166339E2219E9A53 /* AlarmTitle.swift in Sources */ = {isa = PBXBuildFile; fileRef = EED4C031F49553BE8D9B686E /* AlarmTitle.swift */; };
		5454C8952C997064B6E3B854 /* TimePickerField.swift in Sources */ = {isa = PBXBuildFile; fileRef = 5CA5F35C1D18C38A6B8D2B04 /* TimePickerField.swift */; };
		5481B56309544EA42F0D8427 /* AlarmAction.swift in Sources */ = {isa = PBXBuildFile; fileRef = 3BD49BC6AA5E488C8700D89B /* AlarmAction.swift */; };
		6337B687FB4FFCD4ED2628B4 /* RepeatDaySelector.swift in Sources */ = {isa = PBXBuildFile; fileRef = 0CED6EC8DC24709AB1D1DB9A /* RepeatDaySelector.swift */; };
		6366A5A86DD450DDBD0E8E6C /* Shared.framework in Frameworks */ = {isa = PBXBuildFile; fileRef = AAD33080013540A14005C9E0 /* Shared.framework */; };
		64BDDC19B0A261BE828A6EE9 /* AlarmUserIntent.swift in Sources */ = {isa = PBXBuildFile; fileRef = 8918178621DD4E172B54CACA /* AlarmUserIntent.swift */; };
		65D87975F15E385300CE65E2 /* AlarmIntent.swift in Sources */ = {isa = PBXBuildFile; fileRef = 8CCB4C6A340EE543FE8CCFE0 /* AlarmIntent.swift */; };
		6E45DCD4325E2BFBA335D5EA /* AlarmView.swift in Sources */ = {isa = PBXBuildFile; fileRef = E829844F1017E9CAD1D14D20 /* AlarmView.swift */; };
		6F683AB844CD7732C760A41C /* AlarmAction.swift in Sources */ = {isa = PBXBuildFile; fileRef = 3BD49BC6AA5E488C8700D89B /* AlarmAction.swift */; };
		7149A2CFACD3ADF638DA233F /* AlarmTitle.swift in Sources */ = {isa = PBXBuildFile; fileRef = EED4C031F49553BE8D9B686E /* AlarmTitle.swift */; };
		72024CA696119DB79381EA20 /* AlarmAction.swift in Sources */ = {isa = PBXBuildFile; fileRef = 3BD49BC6AA5E488C8700D89B /* AlarmAction.swift */; };
		72B33610085DE0004A2EFB1D /* DesignSystem_DesignSystem.bundle in Dependencies */ = {isa = PBXBuildFile; fileRef = 34D31CE697F2AA57BEB2EBEE /* DesignSystem_DesignSystem.bundle */; };
		730DD958F553D9D4A47EA3E9 /* Utill.framework in Frameworks */ = {isa = PBXBuildFile; fileRef = AAE9A24A19F84BA64380ABD7 /* Utill.framework */; };
		776A2917B804A11046A27263 /* AddAlarmAction.swift in Sources */ = {isa = PBXBuildFile; fileRef = 4F696A0FC2F51876DD0B9109 /* AddAlarmAction.swift */; };
		783FAA690C086FF874A48E0F /* AlarmView.swift in Sources */ = {isa = PBXBuildFile; fileRef = E829844F1017E9CAD1D14D20 /* AlarmView.swift */; };
		7CD6F2C61386F99997CF426A /* AlarmUserIntent.swift in Sources */ = {isa = PBXBuildFile; fileRef = 8918178621DD4E172B54CACA /* AlarmUserIntent.swift */; };
		807D66C376F921A99154C5B9 /* AddAlarmView.swift in Sources */ = {isa = PBXBuildFile; fileRef = 394B1D25FB7419D55A767B45 /* AddAlarmView.swift */; };
		8233EC0FD70C49F9AEFE34C0 /* AlarmUserIntent.swift in Sources */ = {isa = PBXBuildFile; fileRef = 8918178621DD4E172B54CACA /* AlarmUserIntent.swift */; };
		85EBF970CA99D526B8872A10 /* AlarmSoundPicker.swift in Sources */ = {isa = PBXBuildFile; fileRef = 03C8E991B463BF724E5FC550 /* AlarmSoundPicker.swift */; };
		8845D8E360090193C02C7F3D /* AlarmSoundPicker.swift in Sources */ = {isa = PBXBuildFile; fileRef = 03C8E991B463BF724E5FC550 /* AlarmSoundPicker.swift */; };
		897F3DD91A3EA91997ACEB21 /* TimePickerField.swift in Sources */ = {isa = PBXBuildFile; fileRef = 5CA5F35C1D18C38A6B8D2B04 /* TimePickerField.swift */; };
		89A61253C1A816B65F393D14 /* AddAlarmIntent.swift in Sources */ = {isa = PBXBuildFile; fileRef = 9A13AEA76ADE3007A4855D47 /* AddAlarmIntent.swift */; };
		8D359FA928973F2DBFF00DD6 /* AddAlarmState.swift in Sources */ = {isa = PBXBuildFile; fileRef = A2697D6B0C2FE30F27730D70 /* AddAlarmState.swift */; };
		931041B8982DEA9BD5C39426 /* TimePickerField.swift in Sources */ = {isa = PBXBuildFile; fileRef = 5CA5F35C1D18C38A6B8D2B04 /* TimePickerField.swift */; };
		9756A0D945F598B4B004FD4A /* Test.swift in Sources */ = {isa = PBXBuildFile; fileRef = 647233F111392A1C34200CB0 /* Test.swift */; };
		9A336A83E268399D573C31FF /* AlarmSoundPicker.swift in Sources */ = {isa = PBXBuildFile; fileRef = 03C8E991B463BF724E5FC550 /* AlarmSoundPicker.swift */; };
		9EB2408C9C30975F6796E473 /* AlarmState.swift in Sources */ = {isa = PBXBuildFile; fileRef = 4DB11475D14529339E6A211A /* AlarmState.swift */; };
		A068717C93F9B144A82D9064 /* AddAlarmAction.swift in Sources */ = {isa = PBXBuildFile; fileRef = 4F696A0FC2F51876DD0B9109 /* AddAlarmAction.swift */; };
		A220F54A4C9E17B345F42533 /* AlarmIntent.swift in Sources */ = {isa = PBXBuildFile; fileRef = 8CCB4C6A340EE543FE8CCFE0 /* AlarmIntent.swift */; };
		A25FC2E08B56A3C016E98CC3 /* AddAlarmState.swift in Sources */ = {isa = PBXBuildFile; fileRef = A2697D6B0C2FE30F27730D70 /* AddAlarmState.swift */; };
		A45D041BF27704B0C71E38AC /* AlarmTitle.swift in Sources */ = {isa = PBXBuildFile; fileRef = EED4C031F49553BE8D9B686E /* AlarmTitle.swift */; };
		A6F109BD0584B4A2CA620E02 /* DesignSystem_DesignSystem.bundle in Dependencies */ = {isa = PBXBuildFile; fileRef = 34D31CE697F2AA57BEB2EBEE /* DesignSystem_DesignSystem.bundle */; };
		ADD7BACF6A87088379FED356 /* DesignSystem_DesignSystem.bundle in Resources */ = {isa = PBXBuildFile; fileRef = 34D31CE697F2AA57BEB2EBEE /* DesignSystem_DesignSystem.bundle */; };
		B07EF82E9BDA464589746DB6 /* AddAlarmView.swift in Sources */ = {isa = PBXBuildFile; fileRef = 394B1D25FB7419D55A767B45 /* AddAlarmView.swift */; };
		B13F81BECEC1F172FCD4C665 /* AddAlarmState.swift in Sources */ = {isa = PBXBuildFile; fileRef = A2697D6B0C2FE30F27730D70 /* AddAlarmState.swift */; };
		B427EC7DA00C7830277ECB28 /* RepeatDaySelector.swift in Sources */ = {isa = PBXBuildFile; fileRef = 0CED6EC8DC24709AB1D1DB9A /* RepeatDaySelector.swift */; };
		B60030C7A46668F0BF93504D /* Shared.framework in Frameworks */ = {isa = PBXBuildFile; fileRef = AAD33080013540A14005C9E0 /* Shared.framework */; };
		B6C3DF27F5CC32E7CE9EA089 /* DesignSystem_DesignSystem.bundle in Dependencies */ = {isa = PBXBuildFile; fileRef = 34D31CE697F2AA57BEB2EBEE /* DesignSystem_DesignSystem.bundle */; };
		B7A81D208E1AF75B296445B2 /* Utill.framework in Frameworks */ = {isa = PBXBuildFile; fileRef = AAE9A24A19F84BA64380ABD7 /* Utill.framework */; };
		B7F9BFC6E9E812ED0540FC16 /* AlarmUserIntent.swift in Sources */ = {isa = PBXBuildFile; fileRef = 8918178621DD4E172B54CACA /* AlarmUserIntent.swift */; };
		B8C3C64BB8D2F8D4255008B6 /* AddAlarmIntent.swift in Sources */ = {isa = PBXBuildFile; fileRef = 9A13AEA76ADE3007A4855D47 /* AddAlarmIntent.swift */; };
		BA63EDDC491F4E4290D3F737 /* AlarmDIContainer.swift in Sources */ = {isa = PBXBuildFile; fileRef = 0244D1E3D9096430F072E88D /* AlarmDIContainer.swift */; };
		BDBEC57E6959BD028F583A85 /* AlarmState.swift in Sources */ = {isa = PBXBuildFile; fileRef = 4DB11475D14529339E6A211A /* AlarmState.swift */; };
		C427EA2C91F4FD6391B7E940 /* AddAlarmAction.swift in Sources */ = {isa = PBXBuildFile; fileRef = 4F696A0FC2F51876DD0B9109 /* AddAlarmAction.swift */; };
		CD8117D7C823D933D787EE5F /* AddAlarmView.swift in Sources */ = {isa = PBXBuildFile; fileRef = 394B1D25FB7419D55A767B45 /* AddAlarmView.swift */; };
		D1230848E6F22600B825CAC4 /* AlarmDIContainer.swift in Sources */ = {isa = PBXBuildFile; fileRef = 0244D1E3D9096430F072E88D /* AlarmDIContainer.swift */; };
		D80FA43FC64FE29577E5029F /* DesignSystem_DesignSystem.bundle in Dependencies */ = {isa = PBXBuildFile; fileRef = 34D31CE697F2AA57BEB2EBEE /* DesignSystem_DesignSystem.bundle */; };
		DACB27879CCCD6BF1414927A /* AlarmView.swift in Sources */ = {isa = PBXBuildFile; fileRef = E829844F1017E9CAD1D14D20 /* AlarmView.swift */; };
		DB5EF266D867B3DF48A27397 /* AlarmDIContainer.swift in Sources */ = {isa = PBXBuildFile; fileRef = 0244D1E3D9096430F072E88D /* AlarmDIContainer.swift */; };
		DDF4408901B85A17E1BEE089 /* DesignSystem_DesignSystem.bundle in Resources */ = {isa = PBXBuildFile; fileRef = 34D31CE697F2AA57BEB2EBEE /* DesignSystem_DesignSystem.bundle */; };
		DEDC264780D43ED8CA2ADFD6 /* DesignSystem.framework in Frameworks */ = {isa = PBXBuildFile; fileRef = 867C1055816429DF0C747DB2 /* DesignSystem.framework */; };
		E165FAB3362EF5C1E6491680 /* RepeatDaySelector.swift in Sources */ = {isa = PBXBuildFile; fileRef = 0CED6EC8DC24709AB1D1DB9A /* RepeatDaySelector.swift */; };
		E9017247CAF8D041C6DE5419 /* AddAlarmUserIntent.swift in Sources */ = {isa = PBXBuildFile; fileRef = B7F42926DA80629C6745216E /* AddAlarmUserIntent.swift */; };
		EFBF1F7308D032757FE3E262 /* DesignSystem_DesignSystem.bundle in Resources */ = {isa = PBXBuildFile; fileRef = 34D31CE697F2AA57BEB2EBEE /* DesignSystem_DesignSystem.bundle */; };
		F36A22506BB583065E457731 /* AddAlarmAction.swift in Sources */ = {isa = PBXBuildFile; fileRef = 4F696A0FC2F51876DD0B9109 /* AddAlarmAction.swift */; };
		F3D8D8BDFEA2EAE5A21134DA /* AlarmState.swift in Sources */ = {isa = PBXBuildFile; fileRef = 4DB11475D14529339E6A211A /* AlarmState.swift */; };
		F504534F0080FE75AD6FDE14 /* DesignSystem.framework in Frameworks */ = {isa = PBXBuildFile; fileRef = 867C1055816429DF0C747DB2 /* DesignSystem.framework */; };
		F5FE0DC130C0D5B7934B7A07 /* AlarmAction.swift in Sources */ = {isa = PBXBuildFile; fileRef = 3BD49BC6AA5E488C8700D89B /* AlarmAction.swift */; };
		F63637349DC568F4FA5B79B5 /* AlarmView.swift in Sources */ = {isa = PBXBuildFile; fileRef = E829844F1017E9CAD1D14D20 /* AlarmView.swift */; };
		F73446B01D7716B247FA6468 /* AlarmTitle.swift in Sources */ = {isa = PBXBuildFile; fileRef = EED4C031F49553BE8D9B686E /* AlarmTitle.swift */; };
		FA73DE58B4189F25C8D1AF4D /* AddAlarmUserIntent.swift in Sources */ = {isa = PBXBuildFile; fileRef = B7F42926DA80629C6745216E /* AddAlarmUserIntent.swift */; };
/* End PBXBuildFile section */

/* Begin PBXContainerItemProxy section */
		57015A8A82DD97D2D2CFC74E /* PBXContainerItemProxy */ = {
			isa = PBXContainerItemProxy;
			containerPortal = 758A3A76F0815FB666A57B14 /* Project object */;
			proxyType = 1;
			remoteGlobalIDString = 9FF295881C290C8F49C52E5A;
			remoteInfo = Alarm;
		};
/* End PBXContainerItemProxy section */

/* Begin PBXCopyFilesBuildPhase section */
		00FFF6DCBDE0C118E2B37FF3 /* Dependencies */ = {
			isa = PBXCopyFilesBuildPhase;
			buildActionMask = 8;
			dstSubfolderSpec = 16;
			files = (
				B6C3DF27F5CC32E7CE9EA089 /* DesignSystem_DesignSystem.bundle in Dependencies */,
			);
			name = Dependencies;
			runOnlyForDeploymentPostprocessing = 1;
		};
		12DAE1EF330934DE7D715988 /* Dependencies */ = {
			isa = PBXCopyFilesBuildPhase;
			buildActionMask = 8;
			dstSubfolderSpec = 16;
			files = (
				D80FA43FC64FE29577E5029F /* DesignSystem_DesignSystem.bundle in Dependencies */,
			);
			name = Dependencies;
			runOnlyForDeploymentPostprocessing = 1;
		};
		5AE0463D68DB8E7295B94186 /* Embed Frameworks */ = {
			isa = PBXCopyFilesBuildPhase;
			buildActionMask = 2147483647;
			dstPath = "";
			dstSubfolderSpec = 10;
			files = (
			);
			name = "Embed Frameworks";
			runOnlyForDeploymentPostprocessing = 0;
		};
		7651D8DA418263D0165BEF0C /* Dependencies */ = {
			isa = PBXCopyFilesBuildPhase;
			buildActionMask = 8;
			dstSubfolderSpec = 16;
			files = (
				72B33610085DE0004A2EFB1D /* DesignSystem_DesignSystem.bundle in Dependencies */,
			);
			name = Dependencies;
			runOnlyForDeploymentPostprocessing = 1;
		};
		95BB6F252C47B46F1D6770CD /* Embed Frameworks */ = {
			isa = PBXCopyFilesBuildPhase;
			buildActionMask = 2147483647;
			dstPath = "";
			dstSubfolderSpec = 10;
			files = (
			);
			name = "Embed Frameworks";
			runOnlyForDeploymentPostprocessing = 0;
		};
		C5F11FB0BD68CC305E195897 /* Embed Frameworks */ = {
			isa = PBXCopyFilesBuildPhase;
			buildActionMask = 2147483647;
			dstPath = "";
			dstSubfolderSpec = 10;
			files = (
			);
			name = "Embed Frameworks";
			runOnlyForDeploymentPostprocessing = 0;
		};
		D767B358313017C481EF6C11 /* Embed Frameworks */ = {
			isa = PBXCopyFilesBuildPhase;
			buildActionMask = 2147483647;
			dstPath = "";
			dstSubfolderSpec = 10;
			files = (
			);
			name = "Embed Frameworks";
			runOnlyForDeploymentPostprocessing = 0;
		};
		E55F33FFC668A9DB24FEF9C6 /* Dependencies */ = {
			isa = PBXCopyFilesBuildPhase;
			buildActionMask = 8;
			dstSubfolderSpec = 16;
			files = (
				A6F109BD0584B4A2CA620E02 /* DesignSystem_DesignSystem.bundle in Dependencies */,
			);
			name = Dependencies;
			runOnlyForDeploymentPostprocessing = 1;
		};
		F9E1DF00CDA4D392C4D02A5C /* Embed Frameworks */ = {
			isa = PBXCopyFilesBuildPhase;
			buildActionMask = 2147483647;
			dstPath = "";
			dstSubfolderSpec = 10;
			files = (
			);
			name = "Embed Frameworks";
			runOnlyForDeploymentPostprocessing = 0;
		};
/* End PBXCopyFilesBuildPhase section */

/* Begin PBXFileReference section */
		0244D1E3D9096430F072E88D /* AlarmDIContainer.swift */ = {isa = PBXFileReference; lastKnownFileType = sourcecode.swift; path = AlarmDIContainer.swift; sourceTree = "<group>"; };
		029E40A6BBE695E1714DC4AB /* Alarm.framework */ = {isa = PBXFileReference; explicitFileType = wrapper.framework; includeInIndex = 0; path = Alarm.framework; sourceTree = BUILT_PRODUCTS_DIR; };
		03C8E991B463BF724E5FC550 /* AlarmSoundPicker.swift */ = {isa = PBXFileReference; lastKnownFileType = sourcecode.swift; path = AlarmSoundPicker.swift; sourceTree = "<group>"; };
		04DE5945D299014C5755D240 /* Alarm-Info.plist */ = {isa = PBXFileReference; lastKnownFileType = text.plist; path = "Alarm-Info.plist"; sourceTree = "<group>"; };
		0C87D5567DE3B1557A7261EB /* Alarm_Stage.framework */ = {isa = PBXFileReference; explicitFileType = wrapper.framework; includeInIndex = 0; path = Alarm_Stage.framework; sourceTree = BUILT_PRODUCTS_DIR; };
		0CED6EC8DC24709AB1D1DB9A /* RepeatDaySelector.swift */ = {isa = PBXFileReference; lastKnownFileType = sourcecode.swift; path = RepeatDaySelector.swift; sourceTree = "<group>"; };
		18ABF84F1716B6DAA2828FAD /* AlarmCellView.swift */ = {isa = PBXFileReference; lastKnownFileType = sourcecode.swift; path = AlarmCellView.swift; sourceTree = "<group>"; };
		34D31CE697F2AA57BEB2EBEE /* DesignSystem_DesignSystem.bundle */ = {isa = PBXFileReference; explicitFileType = wrapper.cfbundle; includeInIndex = 0; path = DesignSystem_DesignSystem.bundle; sourceTree = BUILT_PRODUCTS_DIR; };
		394B1D25FB7419D55A767B45 /* AddAlarmView.swift */ = {isa = PBXFileReference; lastKnownFileType = sourcecode.swift; path = AddAlarmView.swift; sourceTree = "<group>"; };
		3AD2721D5481D38E36AF65F3 /* Alarm-Debug-Info.plist */ = {isa = PBXFileReference; lastKnownFileType = text.plist; path = "Alarm-Debug-Info.plist"; sourceTree = "<group>"; };
		3BD49BC6AA5E488C8700D89B /* AlarmAction.swift */ = {isa = PBXFileReference; lastKnownFileType = sourcecode.swift; path = AlarmAction.swift; sourceTree = "<group>"; };
		4175DF69730F32822907FFB2 /* Alarm_Debug.framework */ = {isa = PBXFileReference; explicitFileType = wrapper.framework; includeInIndex = 0; path = Alarm_Debug.framework; sourceTree = BUILT_PRODUCTS_DIR; };
		4DB11475D14529339E6A211A /* AlarmState.swift */ = {isa = PBXFileReference; lastKnownFileType = sourcecode.swift; path = AlarmState.swift; sourceTree = "<group>"; };
		4F696A0FC2F51876DD0B9109 /* AddAlarmAction.swift */ = {isa = PBXFileReference; lastKnownFileType = sourcecode.swift; path = AddAlarmAction.swift; sourceTree = "<group>"; };
		5CA5F35C1D18C38A6B8D2B04 /* TimePickerField.swift */ = {isa = PBXFileReference; lastKnownFileType = sourcecode.swift; path = TimePickerField.swift; sourceTree = "<group>"; };
		647233F111392A1C34200CB0 /* Test.swift */ = {isa = PBXFileReference; lastKnownFileType = sourcecode.swift; path = Test.swift; sourceTree = "<group>"; };
		867C1055816429DF0C747DB2 /* DesignSystem.framework */ = {isa = PBXFileReference; explicitFileType = wrapper.framework; includeInIndex = 0; path = DesignSystem.framework; sourceTree = BUILT_PRODUCTS_DIR; };
		8918178621DD4E172B54CACA /* AlarmUserIntent.swift */ = {isa = PBXFileReference; lastKnownFileType = sourcecode.swift; path = AlarmUserIntent.swift; sourceTree = "<group>"; };
		8CCB4C6A340EE543FE8CCFE0 /* AlarmIntent.swift */ = {isa = PBXFileReference; lastKnownFileType = sourcecode.swift; path = AlarmIntent.swift; sourceTree = "<group>"; };
		9A13AEA76ADE3007A4855D47 /* AddAlarmIntent.swift */ = {isa = PBXFileReference; lastKnownFileType = sourcecode.swift; path = AddAlarmIntent.swift; sourceTree = "<group>"; };
		A2697D6B0C2FE30F27730D70 /* AddAlarmState.swift */ = {isa = PBXFileReference; lastKnownFileType = sourcecode.swift; path = AddAlarmState.swift; sourceTree = "<group>"; };
		AAD33080013540A14005C9E0 /* Shared.framework */ = {isa = PBXFileReference; explicitFileType = wrapper.framework; includeInIndex = 0; path = Shared.framework; sourceTree = BUILT_PRODUCTS_DIR; };
		AAE9A24A19F84BA64380ABD7 /* Utill.framework */ = {isa = PBXFileReference; explicitFileType = wrapper.framework; includeInIndex = 0; path = Utill.framework; sourceTree = BUILT_PRODUCTS_DIR; };
		B7F42926DA80629C6745216E /* AddAlarmUserIntent.swift */ = {isa = PBXFileReference; lastKnownFileType = sourcecode.swift; path = AddAlarmUserIntent.swift; sourceTree = "<group>"; };
		BBBB39DF8B3F84960C552AFA /* Alarm-Prod-Info.plist */ = {isa = PBXFileReference; lastKnownFileType = text.plist; path = "Alarm-Prod-Info.plist"; sourceTree = "<group>"; };
		BCCABBA0130E099C3315A2E8 /* AlarmTests-Info.plist */ = {isa = PBXFileReference; lastKnownFileType = text.plist; path = "AlarmTests-Info.plist"; sourceTree = "<group>"; };
		D5BB93234BCFFC4F82F3E542 /* AlarmTests.xctest */ = {isa = PBXFileReference; explicitFileType = wrapper.cfbundle; includeInIndex = 0; path = AlarmTests.xctest; sourceTree = BUILT_PRODUCTS_DIR; };
		DB52A6638CA150A32EA9A908 /* Alarm-Stage-Info.plist */ = {isa = PBXFileReference; lastKnownFileType = text.plist; path = "Alarm-Stage-Info.plist"; sourceTree = "<group>"; };
		E829844F1017E9CAD1D14D20 /* AlarmView.swift */ = {isa = PBXFileReference; lastKnownFileType = sourcecode.swift; path = AlarmView.swift; sourceTree = "<group>"; };
		EED4C031F49553BE8D9B686E /* AlarmTitle.swift */ = {isa = PBXFileReference; lastKnownFileType = sourcecode.swift; path = AlarmTitle.swift; sourceTree = "<group>"; };
		FD60770EC124908C69230D9E /* Alarm_Prod.framework */ = {isa = PBXFileReference; explicitFileType = wrapper.framework; includeInIndex = 0; path = Alarm_Prod.framework; sourceTree = BUILT_PRODUCTS_DIR; };
/* End PBXFileReference section */

/* Begin PBXFrameworksBuildPhase section */
		2A8573BCB6AA4D279D08F668 /* Frameworks */ = {
			isa = PBXFrameworksBuildPhase;
			buildActionMask = 2147483647;
			files = (
				3765F751275252C51E2916FD /* DesignSystem.framework in Frameworks */,
				6366A5A86DD450DDBD0E8E6C /* Shared.framework in Frameworks */,
				730DD958F553D9D4A47EA3E9 /* Utill.framework in Frameworks */,
			);
			runOnlyForDeploymentPostprocessing = 0;
		};
		368A32546C02B042BB37C2C2 /* Frameworks */ = {
			isa = PBXFrameworksBuildPhase;
			buildActionMask = 2147483647;
			files = (
				2D135BB65C69B689D4646E8F /* DesignSystem.framework in Frameworks */,
				380F3A3194C85301D3BA3F02 /* Shared.framework in Frameworks */,
				B7A81D208E1AF75B296445B2 /* Utill.framework in Frameworks */,
			);
			runOnlyForDeploymentPostprocessing = 0;
		};
		42E52DCA1D8A11E28F7F6A7A /* Frameworks */ = {
			isa = PBXFrameworksBuildPhase;
			buildActionMask = 2147483647;
			files = (
				F504534F0080FE75AD6FDE14 /* DesignSystem.framework in Frameworks */,
				13D602BF10D3914DB0260697 /* Shared.framework in Frameworks */,
				0D2E4E009BADB5E509EAFD22 /* Utill.framework in Frameworks */,
			);
			runOnlyForDeploymentPostprocessing = 0;
		};
		BC87B70E511758BA2D8D63E1 /* Frameworks */ = {
			isa = PBXFrameworksBuildPhase;
			buildActionMask = 2147483647;
			files = (
				DEDC264780D43ED8CA2ADFD6 /* DesignSystem.framework in Frameworks */,
				B60030C7A46668F0BF93504D /* Shared.framework in Frameworks */,
				3DBC01C656955E942A97B0C0 /* Utill.framework in Frameworks */,
			);
			runOnlyForDeploymentPostprocessing = 0;
		};
		D8D65FCF3DC4E38C151F1210 /* Frameworks */ = {
			isa = PBXFrameworksBuildPhase;
			buildActionMask = 2147483647;
			files = (
				230AE873249E0EB31B834761 /* Alarm.framework in Frameworks */,
			);
			runOnlyForDeploymentPostprocessing = 0;
		};
/* End PBXFrameworksBuildPhase section */

/* Begin PBXGroup section */
		0AF3277481BC30225B282EFE /* Project */ = {
			isa = PBXGroup;
			children = (
				D4845CEE5E95D312A612B4C3 /* AlarmTests */,
				3C8157D414E146A715D7D5B7 /* Derived */,
				F1515C7ACF0808C060420F77 /* Sources */,
			);
			name = Project;
			sourceTree = "<group>";
		};
		0FDC03D88D93B7E875A0FCE1 = {
			isa = PBXGroup;
			children = (
				0AF3277481BC30225B282EFE /* Project */,
				412E228415DBB216DA40B4A8 /* Products */,
			);
			sourceTree = "<group>";
		};
		20C05E712E26CFB49285C244 /* AddAlarm */ = {
			isa = PBXGroup;
			children = (
				B56DDD8C5446E7BA550672B6 /* Intent */,
				A786001AF9F31A74E98FC15F /* View */,
			);
			path = AddAlarm;
			sourceTree = "<group>";
		};
		2CD6F84AB6FF580141B63B4F /* Intent */ = {
			isa = PBXGroup;
			children = (
				3BD49BC6AA5E488C8700D89B /* AlarmAction.swift */,
				8CCB4C6A340EE543FE8CCFE0 /* AlarmIntent.swift */,
				4DB11475D14529339E6A211A /* AlarmState.swift */,
				8918178621DD4E172B54CACA /* AlarmUserIntent.swift */,
			);
			path = Intent;
			sourceTree = "<group>";
		};
		386DB41D02DC7D9DDEF3C8D4 /* InfoPlists */ = {
			isa = PBXGroup;
			children = (
				3AD2721D5481D38E36AF65F3 /* Alarm-Debug-Info.plist */,
				04DE5945D299014C5755D240 /* Alarm-Info.plist */,
				BBBB39DF8B3F84960C552AFA /* Alarm-Prod-Info.plist */,
				DB52A6638CA150A32EA9A908 /* Alarm-Stage-Info.plist */,
				BCCABBA0130E099C3315A2E8 /* AlarmTests-Info.plist */,
			);
			path = InfoPlists;
			sourceTree = "<group>";
		};
		3C8157D414E146A715D7D5B7 /* Derived */ = {
			isa = PBXGroup;
			children = (
				386DB41D02DC7D9DDEF3C8D4 /* InfoPlists */,
			);
			path = Derived;
			sourceTree = "<group>";
		};
		412E228415DBB216DA40B4A8 /* Products */ = {
			isa = PBXGroup;
			children = (
				4175DF69730F32822907FFB2 /* Alarm_Debug.framework */,
				FD60770EC124908C69230D9E /* Alarm_Prod.framework */,
				0C87D5567DE3B1557A7261EB /* Alarm_Stage.framework */,
				029E40A6BBE695E1714DC4AB /* Alarm.framework */,
				D5BB93234BCFFC4F82F3E542 /* AlarmTests.xctest */,
				34D31CE697F2AA57BEB2EBEE /* DesignSystem_DesignSystem.bundle */,
				867C1055816429DF0C747DB2 /* DesignSystem.framework */,
				AAD33080013540A14005C9E0 /* Shared.framework */,
				AAE9A24A19F84BA64380ABD7 /* Utill.framework */,
			);
			name = Products;
			sourceTree = "<group>";
		};
		4B203ACD684F410A85E84685 /* Sources */ = {
			isa = PBXGroup;
			children = (
				647233F111392A1C34200CB0 /* Test.swift */,
			);
			path = Sources;
			sourceTree = "<group>";
		};
		6212778C56AA48922FA6E3DE /* Components */ = {
			isa = PBXGroup;
			children = (
				03C8E991B463BF724E5FC550 /* AlarmSoundPicker.swift */,
				EED4C031F49553BE8D9B686E /* AlarmTitle.swift */,
				0CED6EC8DC24709AB1D1DB9A /* RepeatDaySelector.swift */,
				5CA5F35C1D18C38A6B8D2B04 /* TimePickerField.swift */,
			);
			path = Components;
			sourceTree = "<group>";
		};
		6AF3BD20112171C6AA379570 /* Components */ = {
			isa = PBXGroup;
			children = (
				18ABF84F1716B6DAA2828FAD /* AlarmCellView.swift */,
			);
			path = Components;
			sourceTree = "<group>";
		};
		87E128A15F24EC2CD3805D03 /* Alarm */ = {
			isa = PBXGroup;
			children = (
				2CD6F84AB6FF580141B63B4F /* Intent */,
				A7938BE28DEB4D7C72999ADA /* View */,
			);
			path = Alarm;
			sourceTree = "<group>";
		};
		A786001AF9F31A74E98FC15F /* View */ = {
			isa = PBXGroup;
			children = (
				6212778C56AA48922FA6E3DE /* Components */,
				394B1D25FB7419D55A767B45 /* AddAlarmView.swift */,
			);
			path = View;
			sourceTree = "<group>";
		};
		A7938BE28DEB4D7C72999ADA /* View */ = {
			isa = PBXGroup;
			children = (
				6AF3BD20112171C6AA379570 /* Components */,
				E829844F1017E9CAD1D14D20 /* AlarmView.swift */,
			);
			path = View;
			sourceTree = "<group>";
		};
		B56DDD8C5446E7BA550672B6 /* Intent */ = {
			isa = PBXGroup;
			children = (
				4F696A0FC2F51876DD0B9109 /* AddAlarmAction.swift */,
				9A13AEA76ADE3007A4855D47 /* AddAlarmIntent.swift */,
				A2697D6B0C2FE30F27730D70 /* AddAlarmState.swift */,
				B7F42926DA80629C6745216E /* AddAlarmUserIntent.swift */,
			);
			path = Intent;
			sourceTree = "<group>";
		};
		D4845CEE5E95D312A612B4C3 /* AlarmTests */ = {
			isa = PBXGroup;
			children = (
				4B203ACD684F410A85E84685 /* Sources */,
			);
			path = AlarmTests;
			sourceTree = "<group>";
		};
		E1232B86947DD71B8F75FF9A /* DI */ = {
			isa = PBXGroup;
			children = (
				0244D1E3D9096430F072E88D /* AlarmDIContainer.swift */,
			);
			path = DI;
			sourceTree = "<group>";
		};
		F1515C7ACF0808C060420F77 /* Sources */ = {
			isa = PBXGroup;
			children = (
				20C05E712E26CFB49285C244 /* AddAlarm */,
				87E128A15F24EC2CD3805D03 /* Alarm */,
				E1232B86947DD71B8F75FF9A /* DI */,
			);
			path = Sources;
			sourceTree = "<group>";
		};
/* End PBXGroup section */

/* Begin PBXNativeTarget section */
		23494F0997D2C677FC9E59C7 /* Alarm-Prod */ = {
			isa = PBXNativeTarget;
			buildConfigurationList = 738C8AE92205E2C39D7136AA /* Build configuration list for PBXNativeTarget "Alarm-Prod" */;
			buildPhases = (
				19209B23318B79A8153C146A /* Sources */,
				448D8FE7D920AF68BFE737F4 /* Resources */,
				42E52DCA1D8A11E28F7F6A7A /* Frameworks */,
				C5F11FB0BD68CC305E195897 /* Embed Frameworks */,
				7651D8DA418263D0165BEF0C /* Dependencies */,
			);
			buildRules = (
			);
			dependencies = (
			);
			name = "Alarm-Prod";
			packageProductDependencies = (
			);
			productName = Alarm_Prod;
			productReference = FD60770EC124908C69230D9E /* Alarm_Prod.framework */;
			productType = "com.apple.product-type.framework";
		};
		47AA813F7699D7CC7F677AC0 /* AlarmTests */ = {
			isa = PBXNativeTarget;
			buildConfigurationList = 59EBED1F96332D5C11ED3931 /* Build configuration list for PBXNativeTarget "AlarmTests" */;
			buildPhases = (
				07E334E5C0A0C2F54B71CB50 /* Sources */,
				F151208FA3948AF476E74C58 /* Resources */,
				D8D65FCF3DC4E38C151F1210 /* Frameworks */,
				5AE0463D68DB8E7295B94186 /* Embed Frameworks */,
			);
			buildRules = (
			);
			dependencies = (
				4387B5729C38B6D3FDD5CCD0 /* PBXTargetDependency */,
			);
			name = AlarmTests;
			packageProductDependencies = (
			);
			productName = AlarmTests;
			productReference = D5BB93234BCFFC4F82F3E542 /* AlarmTests.xctest */;
			productType = "com.apple.product-type.bundle.unit-test";
		};
		9CADDC942A5A680E84197E9D /* Alarm-Stage */ = {
			isa = PBXNativeTarget;
			buildConfigurationList = 0FC5764E0635BD65359A25B4 /* Build configuration list for PBXNativeTarget "Alarm-Stage" */;
			buildPhases = (
				0FD621B32BCB1320B62BBA3D /* Sources */,
				C126A5223190197257848223 /* Resources */,
				2A8573BCB6AA4D279D08F668 /* Frameworks */,
				F9E1DF00CDA4D392C4D02A5C /* Embed Frameworks */,
				12DAE1EF330934DE7D715988 /* Dependencies */,
			);
			buildRules = (
			);
			dependencies = (
			);
			name = "Alarm-Stage";
			packageProductDependencies = (
			);
			productName = Alarm_Stage;
			productReference = 0C87D5567DE3B1557A7261EB /* Alarm_Stage.framework */;
			productType = "com.apple.product-type.framework";
		};
		9FF295881C290C8F49C52E5A /* Alarm */ = {
			isa = PBXNativeTarget;
			buildConfigurationList = DADBA35F51DF875095954944 /* Build configuration list for PBXNativeTarget "Alarm" */;
			buildPhases = (
				BA0340BBE7D4344125BA4D0C /* Sources */,
				4268BA40FEB83812B760193F /* Resources */,
				BC87B70E511758BA2D8D63E1 /* Frameworks */,
				95BB6F252C47B46F1D6770CD /* Embed Frameworks */,
				E55F33FFC668A9DB24FEF9C6 /* Dependencies */,
			);
			buildRules = (
			);
			dependencies = (
			);
			name = Alarm;
			packageProductDependencies = (
			);
			productName = Alarm;
			productReference = 029E40A6BBE695E1714DC4AB /* Alarm.framework */;
			productType = "com.apple.product-type.framework";
		};
		FF7058B434314E943425F90B /* Alarm-Debug */ = {
			isa = PBXNativeTarget;
			buildConfigurationList = 8A9406E6606965241CFE5CC2 /* Build configuration list for PBXNativeTarget "Alarm-Debug" */;
			buildPhases = (
				CDA71812FF42C9FB034023DE /* Sources */,
				894DC8D84FF586E97A8F5BD8 /* Resources */,
				368A32546C02B042BB37C2C2 /* Frameworks */,
				D767B358313017C481EF6C11 /* Embed Frameworks */,
				00FFF6DCBDE0C118E2B37FF3 /* Dependencies */,
			);
			buildRules = (
			);
			dependencies = (
			);
			name = "Alarm-Debug";
			packageProductDependencies = (
			);
			productName = Alarm_Debug;
			productReference = 4175DF69730F32822907FFB2 /* Alarm_Debug.framework */;
			productType = "com.apple.product-type.framework";
		};
/* End PBXNativeTarget section */

/* Begin PBXProject section */
		758A3A76F0815FB666A57B14 /* Project object */ = {
			isa = PBXProject;
			attributes = {
				BuildIndependentTargetsInParallel = YES;
				TargetAttributes = {
				};
			};
			buildConfigurationList = F68B06E0E80437659A8417AE /* Build configuration list for PBXProject "Alarm" */;
			compatibilityVersion = "Xcode 14.0";
			developmentRegion = ko;
			hasScannedForEncodings = 0;
			knownRegions = (
				en,
				ko,
			);
			mainGroup = 0FDC03D88D93B7E875A0FCE1;
			productRefGroup = 412E228415DBB216DA40B4A8 /* Products */;
			projectDirPath = "";
			projectRoot = "";
			targets = (
				9FF295881C290C8F49C52E5A /* Alarm */,
				FF7058B434314E943425F90B /* Alarm-Debug */,
				23494F0997D2C677FC9E59C7 /* Alarm-Prod */,
				9CADDC942A5A680E84197E9D /* Alarm-Stage */,
				47AA813F7699D7CC7F677AC0 /* AlarmTests */,
			);
		};
/* End PBXProject section */

/* Begin PBXResourcesBuildPhase section */
		4268BA40FEB83812B760193F /* Resources */ = {
			isa = PBXResourcesBuildPhase;
			buildActionMask = 2147483647;
			files = (
				EFBF1F7308D032757FE3E262 /* DesignSystem_DesignSystem.bundle in Resources */,
			);
			runOnlyForDeploymentPostprocessing = 0;
		};
		448D8FE7D920AF68BFE737F4 /* Resources */ = {
			isa = PBXResourcesBuildPhase;
			buildActionMask = 2147483647;
			files = (
				08248123A06B5A3A9D92F6AB /* DesignSystem_DesignSystem.bundle in Resources */,
			);
			runOnlyForDeploymentPostprocessing = 0;
		};
		894DC8D84FF586E97A8F5BD8 /* Resources */ = {
			isa = PBXResourcesBuildPhase;
			buildActionMask = 2147483647;
			files = (
				ADD7BACF6A87088379FED356 /* DesignSystem_DesignSystem.bundle in Resources */,
			);
			runOnlyForDeploymentPostprocessing = 0;
		};
		C126A5223190197257848223 /* Resources */ = {
			isa = PBXResourcesBuildPhase;
			buildActionMask = 2147483647;
			files = (
				DDF4408901B85A17E1BEE089 /* DesignSystem_DesignSystem.bundle in Resources */,
			);
			runOnlyForDeploymentPostprocessing = 0;
		};
		F151208FA3948AF476E74C58 /* Resources */ = {
			isa = PBXResourcesBuildPhase;
			buildActionMask = 2147483647;
			files = (
			);
			runOnlyForDeploymentPostprocessing = 0;
		};
/* End PBXResourcesBuildPhase section */

/* Begin PBXSourcesBuildPhase section */
		07E334E5C0A0C2F54B71CB50 /* Sources */ = {
			isa = PBXSourcesBuildPhase;
			buildActionMask = 2147483647;
			files = (
				9756A0D945F598B4B004FD4A /* Test.swift in Sources */,
			);
			runOnlyForDeploymentPostprocessing = 0;
		};
		0FD621B32BCB1320B62BBA3D /* Sources */ = {
			isa = PBXSourcesBuildPhase;
			buildActionMask = 2147483647;
			files = (
				776A2917B804A11046A27263 /* AddAlarmAction.swift in Sources */,
				89A61253C1A816B65F393D14 /* AddAlarmIntent.swift in Sources */,
				8D359FA928973F2DBFF00DD6 /* AddAlarmState.swift in Sources */,
				E9017247CAF8D041C6DE5419 /* AddAlarmUserIntent.swift in Sources */,
				B07EF82E9BDA464589746DB6 /* AddAlarmView.swift in Sources */,
				3758E9DEDAA682C7DB02FB7D /* AlarmSoundPicker.swift in Sources */,
				F73446B01D7716B247FA6468 /* AlarmTitle.swift in Sources */,
				E165FAB3362EF5C1E6491680 /* RepeatDaySelector.swift in Sources */,
				4092FC1DBEB716413A4C4534 /* TimePickerField.swift in Sources */,
				F5FE0DC130C0D5B7934B7A07 /* AlarmAction.swift in Sources */,
				13A5436C0F0B53E5E9055981 /* AlarmIntent.swift in Sources */,
				9EB2408C9C30975F6796E473 /* AlarmState.swift in Sources */,
				8233EC0FD70C49F9AEFE34C0 /* AlarmUserIntent.swift in Sources */,
				6E45DCD4325E2BFBA335D5EA /* AlarmView.swift in Sources */,
				5271568BF7D2C40C4F7A3483 /* AlarmCellView.swift in Sources */,
				37B8444AAD1103D1F2D8E317 /* AlarmDIContainer.swift in Sources */,
			);
			runOnlyForDeploymentPostprocessing = 0;
		};
		19209B23318B79A8153C146A /* Sources */ = {
			isa = PBXSourcesBuildPhase;
			buildActionMask = 2147483647;
			files = (
				F36A22506BB583065E457731 /* AddAlarmAction.swift in Sources */,
				3073A918671D4C9261BC17DF /* AddAlarmIntent.swift in Sources */,
				A25FC2E08B56A3C016E98CC3 /* AddAlarmState.swift in Sources */,
				4C642C9D2BDDBC36039C000D /* AddAlarmUserIntent.swift in Sources */,
				CD8117D7C823D933D787EE5F /* AddAlarmView.swift in Sources */,
				8845D8E360090193C02C7F3D /* AlarmSoundPicker.swift in Sources */,
				7149A2CFACD3ADF638DA233F /* AlarmTitle.swift in Sources */,
				B427EC7DA00C7830277ECB28 /* RepeatDaySelector.swift in Sources */,
				897F3DD91A3EA91997ACEB21 /* TimePickerField.swift in Sources */,
				72024CA696119DB79381EA20 /* AlarmAction.swift in Sources */,
				428613FFA9D791A4C29B4829 /* AlarmIntent.swift in Sources */,
				BDBEC57E6959BD028F583A85 /* AlarmState.swift in Sources */,
				7CD6F2C61386F99997CF426A /* AlarmUserIntent.swift in Sources */,
				783FAA690C086FF874A48E0F /* AlarmView.swift in Sources */,
				22E51ECE4B8B071D8AB82382 /* AlarmCellView.swift in Sources */,
				DB5EF266D867B3DF48A27397 /* AlarmDIContainer.swift in Sources */,
			);
			runOnlyForDeploymentPostprocessing = 0;
		};
		BA0340BBE7D4344125BA4D0C /* Sources */ = {
			isa = PBXSourcesBuildPhase;
			buildActionMask = 2147483647;
			files = (
				A068717C93F9B144A82D9064 /* AddAlarmAction.swift in Sources */,
				B8C3C64BB8D2F8D4255008B6 /* AddAlarmIntent.swift in Sources */,
				46FACA9386AE86D7C62C328D /* AddAlarmState.swift in Sources */,
				FA73DE58B4189F25C8D1AF4D /* AddAlarmUserIntent.swift in Sources */,
				09C1757FDBD108B307089C14 /* AddAlarmView.swift in Sources */,
				85EBF970CA99D526B8872A10 /* AlarmSoundPicker.swift in Sources */,
				A45D041BF27704B0C71E38AC /* AlarmTitle.swift in Sources */,
				6337B687FB4FFCD4ED2628B4 /* RepeatDaySelector.swift in Sources */,
				5454C8952C997064B6E3B854 /* TimePickerField.swift in Sources */,
				5481B56309544EA42F0D8427 /* AlarmAction.swift in Sources */,
				A220F54A4C9E17B345F42533 /* AlarmIntent.swift in Sources */,
				50DC5DC72F37878B77239A7B /* AlarmState.swift in Sources */,
				64BDDC19B0A261BE828A6EE9 /* AlarmUserIntent.swift in Sources */,
				DACB27879CCCD6BF1414927A /* AlarmView.swift in Sources */,
				12C7FE0F36FF98A337D8CBB9 /* AlarmCellView.swift in Sources */,
				BA63EDDC491F4E4290D3F737 /* AlarmDIContainer.swift in Sources */,
			);
			runOnlyForDeploymentPostprocessing = 0;
		};
		CDA71812FF42C9FB034023DE /* Sources */ = {
			isa = PBXSourcesBuildPhase;
			buildActionMask = 2147483647;
			files = (
				C427EA2C91F4FD6391B7E940 /* AddAlarmAction.swift in Sources */,
				3D1D7327998C3078DC1B75F5 /* AddAlarmIntent.swift in Sources */,
				B13F81BECEC1F172FCD4C665 /* AddAlarmState.swift in Sources */,
				0A9013DFDFCFBEEF735BC1F8 /* AddAlarmUserIntent.swift in Sources */,
				807D66C376F921A99154C5B9 /* AddAlarmView.swift in Sources */,
				9A336A83E268399D573C31FF /* AlarmSoundPicker.swift in Sources */,
				52F700BD166339E2219E9A53 /* AlarmTitle.swift in Sources */,
				1AD8FF29E588C3FE4CCCFA13 /* RepeatDaySelector.swift in Sources */,
				931041B8982DEA9BD5C39426 /* TimePickerField.swift in Sources */,
				6F683AB844CD7732C760A41C /* AlarmAction.swift in Sources */,
				65D87975F15E385300CE65E2 /* AlarmIntent.swift in Sources */,
				F3D8D8BDFEA2EAE5A21134DA /* AlarmState.swift in Sources */,
				B7F9BFC6E9E812ED0540FC16 /* AlarmUserIntent.swift in Sources */,
				F63637349DC568F4FA5B79B5 /* AlarmView.swift in Sources */,
				2D6476D3A93AF4108039E1EB /* AlarmCellView.swift in Sources */,
				D1230848E6F22600B825CAC4 /* AlarmDIContainer.swift in Sources */,
			);
			runOnlyForDeploymentPostprocessing = 0;
		};
/* End PBXSourcesBuildPhase section */

/* Begin PBXTargetDependency section */
		4387B5729C38B6D3FDD5CCD0 /* PBXTargetDependency */ = {
			isa = PBXTargetDependency;
			name = Alarm;
			target = 9FF295881C290C8F49C52E5A /* Alarm */;
			targetProxy = 57015A8A82DD97D2D2CFC74E /* PBXContainerItemProxy */;
		};
/* End PBXTargetDependency section */

/* Begin XCBuildConfiguration section */
		3B1B89C5C821F600CE01D15C /* Debug */ = {
			isa = XCBuildConfiguration;
			buildSettings = {
				CODE_SIGN_IDENTITY = "";
				CURRENT_PROJECT_VERSION = 1;
				DEFINES_MODULE = YES;
				DYLIB_COMPATIBILITY_VERSION = 1;
				DYLIB_CURRENT_VERSION = 1;
				DYLIB_INSTALL_NAME_BASE = "@rpath";
				HEADER_SEARCH_PATHS = (
					"$(inherited)",
					"$(SRCROOT)/../../../Tuist/.build/checkouts/swift-syntax/Sources/_SwiftSyntaxCShims/include",
				);
				INFOPLIST_FILE = "Derived/InfoPlists/Alarm-Prod-Info.plist";
				INSTALL_PATH = "$(LOCAL_LIBRARY_DIR)/Frameworks";
				IPHONEOS_DEPLOYMENT_TARGET = 16.6;
				LD_RUNPATH_SEARCH_PATHS = (
					"$(inherited)",
					"@executable_path/Frameworks",
					"@loader_path/Frameworks",
				);
				OTHER_CFLAGS = (
					"$(inherited)",
					"-fmodule-map-file=$(SRCROOT)/../../../Tuist/.build/checkouts/swift-syntax/Sources/_SwiftSyntaxCShims/include/module.modulemap",
				);
				OTHER_SWIFT_FLAGS = (
					"$(inherited)",
					"-Xcc",
					"-fmodule-map-file=$(SRCROOT)/../../../Tuist/.build/checkouts/swift-syntax/Sources/_SwiftSyntaxCShims/include/module.modulemap",
					"-load-plugin-executable",
					"$BUILD_DIR/Debug$EFFECTIVE_PLATFORM_NAME/LogMacroMacro#LogMacroMacro",
					"-load-plugin-executable",
					"$BUILD_DIR/Debug$EFFECTIVE_PLATFORM_NAME/WeaveDIMacros#WeaveDIMacros",
				);
				PRODUCT_BUNDLE_IDENTIFIER = io.Roy.Module.Alarm;
				PRODUCT_NAME = Alarm_Prod;
				SDKROOT = iphoneos;
				SKIP_INSTALL = YES;
				SUPPORTS_MACCATALYST = NO;
				SUPPORTS_MAC_DESIGNED_FOR_IPHONE_IPAD = NO;
				SUPPORTS_XR_DESIGNED_FOR_IPHONE_IPAD = NO;
				SWIFT_ACTIVE_COMPILATION_CONDITIONS = (
					"$(inherited)",
					DEBUG,
				);
				SWIFT_COMPILATION_MODE = singlefile;
				SWIFT_OPTIMIZATION_LEVEL = "-Onone";
				SWIFT_VERSION = 5.0;
				TARGETED_DEVICE_FAMILY = 1;
				VERSIONING_SYSTEM = "apple-generic";
				VERSION_INFO_PREFIX = "";
			};
			name = Debug;
		};
		4259E2341BFCF0FB594E76FE /* Release */ = {
			isa = XCBuildConfiguration;
			buildSettings = {
				CODE_SIGN_IDENTITY = "";
				CURRENT_PROJECT_VERSION = 1;
				DEFINES_MODULE = YES;
				DYLIB_COMPATIBILITY_VERSION = 1;
				DYLIB_CURRENT_VERSION = 1;
				DYLIB_INSTALL_NAME_BASE = "@rpath";
				HEADER_SEARCH_PATHS = (
					"$(inherited)",
					"$(SRCROOT)/../../../Tuist/.build/checkouts/swift-syntax/Sources/_SwiftSyntaxCShims/include",
				);
				INFOPLIST_FILE = "Derived/InfoPlists/Alarm-Debug-Info.plist";
				INSTALL_PATH = "$(LOCAL_LIBRARY_DIR)/Frameworks";
				IPHONEOS_DEPLOYMENT_TARGET = 16.6;
				LD_RUNPATH_SEARCH_PATHS = (
					"$(inherited)",
					"@executable_path/Frameworks",
					"@loader_path/Frameworks",
				);
				OTHER_CFLAGS = (
					"$(inherited)",
					"-fmodule-map-file=$(SRCROOT)/../../../Tuist/.build/checkouts/swift-syntax/Sources/_SwiftSyntaxCShims/include/module.modulemap",
				);
				OTHER_SWIFT_FLAGS = (
					"$(inherited)",
					"-Xcc",
					"-fmodule-map-file=$(SRCROOT)/../../../Tuist/.build/checkouts/swift-syntax/Sources/_SwiftSyntaxCShims/include/module.modulemap",
					"-load-plugin-executable",
					"$BUILD_DIR/Debug$EFFECTIVE_PLATFORM_NAME/LogMacroMacro#LogMacroMacro",
					"-load-plugin-executable",
					"$BUILD_DIR/Debug$EFFECTIVE_PLATFORM_NAME/WeaveDIMacros#WeaveDIMacros",
				);
				PRODUCT_BUNDLE_IDENTIFIER = io.Roy.Module.Alarm;
				PRODUCT_NAME = Alarm_Debug;
				SDKROOT = iphoneos;
				SKIP_INSTALL = YES;
				SUPPORTS_MACCATALYST = NO;
				SUPPORTS_MAC_DESIGNED_FOR_IPHONE_IPAD = NO;
				SUPPORTS_XR_DESIGNED_FOR_IPHONE_IPAD = NO;
				SWIFT_COMPILATION_MODE = wholemodule;
				SWIFT_OPTIMIZATION_LEVEL = "-Owholemodule";
				SWIFT_VERSION = 5.0;
				TARGETED_DEVICE_FAMILY = 1;
				VERSIONING_SYSTEM = "apple-generic";
				VERSION_INFO_PREFIX = "";
			};
			name = Release;
		};
		4311B753C5A977FF80C68A48 /* Release */ = {
			isa = XCBuildConfiguration;
			buildSettings = {
				CODE_SIGN_IDENTITY = "";
				CURRENT_PROJECT_VERSION = 1;
				DEFINES_MODULE = YES;
				DYLIB_COMPATIBILITY_VERSION = 1;
				DYLIB_CURRENT_VERSION = 1;
				DYLIB_INSTALL_NAME_BASE = "@rpath";
				HEADER_SEARCH_PATHS = (
					"$(inherited)",
					"$(SRCROOT)/../../../Tuist/.build/checkouts/swift-syntax/Sources/_SwiftSyntaxCShims/include",
				);
				INFOPLIST_FILE = "Derived/InfoPlists/Alarm-Prod-Info.plist";
				INSTALL_PATH = "$(LOCAL_LIBRARY_DIR)/Frameworks";
				IPHONEOS_DEPLOYMENT_TARGET = 16.6;
				LD_RUNPATH_SEARCH_PATHS = (
					"$(inherited)",
					"@executable_path/Frameworks",
					"@loader_path/Frameworks",
				);
				OTHER_CFLAGS = (
					"$(inherited)",
					"-fmodule-map-file=$(SRCROOT)/../../../Tuist/.build/checkouts/swift-syntax/Sources/_SwiftSyntaxCShims/include/module.modulemap",
				);
				OTHER_SWIFT_FLAGS = (
					"$(inherited)",
					"-Xcc",
					"-fmodule-map-file=$(SRCROOT)/../../../Tuist/.build/checkouts/swift-syntax/Sources/_SwiftSyntaxCShims/include/module.modulemap",
					"-load-plugin-executable",
					"$BUILD_DIR/Debug$EFFECTIVE_PLATFORM_NAME/LogMacroMacro#LogMacroMacro",
					"-load-plugin-executable",
					"$BUILD_DIR/Debug$EFFECTIVE_PLATFORM_NAME/WeaveDIMacros#WeaveDIMacros",
				);
				PRODUCT_BUNDLE_IDENTIFIER = io.Roy.Module.Alarm;
				PRODUCT_NAME = Alarm_Prod;
				SDKROOT = iphoneos;
				SKIP_INSTALL = YES;
				SUPPORTS_MACCATALYST = NO;
				SUPPORTS_MAC_DESIGNED_FOR_IPHONE_IPAD = NO;
				SUPPORTS_XR_DESIGNED_FOR_IPHONE_IPAD = NO;
				SWIFT_COMPILATION_MODE = wholemodule;
				SWIFT_OPTIMIZATION_LEVEL = "-Owholemodule";
				SWIFT_VERSION = 5.0;
				TARGETED_DEVICE_FAMILY = 1;
				VERSIONING_SYSTEM = "apple-generic";
				VERSION_INFO_PREFIX = "";
			};
			name = Release;
		};
		655FAA55BD7C6859706AD6CA /* Debug */ = {
			isa = XCBuildConfiguration;
			buildSettings = {
				CODE_SIGN_IDENTITY = "";
				CURRENT_PROJECT_VERSION = 1;
				DEFINES_MODULE = YES;
				DYLIB_COMPATIBILITY_VERSION = 1;
				DYLIB_CURRENT_VERSION = 1;
				DYLIB_INSTALL_NAME_BASE = "@rpath";
				HEADER_SEARCH_PATHS = (
					"$(inherited)",
					"$(SRCROOT)/../../../Tuist/.build/checkouts/swift-syntax/Sources/_SwiftSyntaxCShims/include",
				);
				INFOPLIST_FILE = "Derived/InfoPlists/Alarm-Stage-Info.plist";
				INSTALL_PATH = "$(LOCAL_LIBRARY_DIR)/Frameworks";
				IPHONEOS_DEPLOYMENT_TARGET = 16.6;
				LD_RUNPATH_SEARCH_PATHS = (
					"$(inherited)",
					"@executable_path/Frameworks",
					"@loader_path/Frameworks",
				);
				OTHER_CFLAGS = (
					"$(inherited)",
					"-fmodule-map-file=$(SRCROOT)/../../../Tuist/.build/checkouts/swift-syntax/Sources/_SwiftSyntaxCShims/include/module.modulemap",
				);
				OTHER_SWIFT_FLAGS = (
					"$(inherited)",
					"-Xcc",
					"-fmodule-map-file=$(SRCROOT)/../../../Tuist/.build/checkouts/swift-syntax/Sources/_SwiftSyntaxCShims/include/module.modulemap",
					"-load-plugin-executable",
					"$BUILD_DIR/Debug$EFFECTIVE_PLATFORM_NAME/LogMacroMacro#LogMacroMacro",
					"-load-plugin-executable",
					"$BUILD_DIR/Debug$EFFECTIVE_PLATFORM_NAME/WeaveDIMacros#WeaveDIMacros",
				);
				PRODUCT_BUNDLE_IDENTIFIER = io.Roy.Module.Alarm;
				PRODUCT_NAME = Alarm_Stage;
				SDKROOT = iphoneos;
				SKIP_INSTALL = YES;
				SUPPORTS_MACCATALYST = NO;
				SUPPORTS_MAC_DESIGNED_FOR_IPHONE_IPAD = NO;
				SUPPORTS_XR_DESIGNED_FOR_IPHONE_IPAD = NO;
				SWIFT_ACTIVE_COMPILATION_CONDITIONS = (
					"$(inherited)",
					DEBUG,
				);
				SWIFT_COMPILATION_MODE = singlefile;
				SWIFT_OPTIMIZATION_LEVEL = "-Onone";
				SWIFT_VERSION = 5.0;
				TARGETED_DEVICE_FAMILY = 1;
				VERSIONING_SYSTEM = "apple-generic";
				VERSION_INFO_PREFIX = "";
			};
			name = Debug;
		};
		7960AD99E297873AFB681C3C /* Debug */ = {
			isa = XCBuildConfiguration;
			buildSettings = {
				ALWAYS_SEARCH_USER_PATHS = NO;
				CLANG_ANALYZER_LOCALIZABILITY_NONLOCALIZED = YES;
				CLANG_ANALYZER_NONNULL = YES;
				CLANG_ANALYZER_NUMBER_OBJECT_CONVERSION = YES_AGGRESSIVE;
				CLANG_CXX_LANGUAGE_STANDARD = "gnu++14";
				CLANG_CXX_LIBRARY = "libc++";
				CLANG_ENABLE_MODULES = YES;
				CLANG_ENABLE_OBJC_ARC = YES;
				CLANG_ENABLE_OBJC_WEAK = YES;
				CLANG_WARN_BLOCK_CAPTURE_AUTORELEASING = YES;
				CLANG_WARN_BOOL_CONVERSION = YES;
				CLANG_WARN_COMMA = YES;
				CLANG_WARN_CONSTANT_CONVERSION = YES;
				CLANG_WARN_DEPRECATED_OBJC_IMPLEMENTATIONS = YES;
				CLANG_WARN_DIRECT_OBJC_ISA_USAGE = YES_ERROR;
				CLANG_WARN_DOCUMENTATION_COMMENTS = YES;
				CLANG_WARN_EMPTY_BODY = YES;
				CLANG_WARN_ENUM_CONVERSION = YES;
				CLANG_WARN_INFINITE_RECURSION = YES;
				CLANG_WARN_INT_CONVERSION = YES;
				CLANG_WARN_NON_LITERAL_NULL_CONVERSION = YES;
				CLANG_WARN_OBJC_IMPLICIT_RETAIN_SELF = YES;
				CLANG_WARN_OBJC_LITERAL_CONVERSION = YES;
				CLANG_WARN_OBJC_ROOT_CLASS = YES_ERROR;
				CLANG_WARN_QUOTED_INCLUDE_IN_FRAMEWORK_HEADER = YES;
				CLANG_WARN_RANGE_LOOP_ANALYSIS = YES;
				CLANG_WARN_STRICT_PROTOTYPES = YES;
				CLANG_WARN_SUSPICIOUS_MOVE = YES;
				CLANG_WARN_UNGUARDED_AVAILABILITY = YES_AGGRESSIVE;
				CLANG_WARN_UNREACHABLE_CODE = YES;
				CLANG_WARN__DUPLICATE_METHOD_MATCH = YES;
				COPY_PHASE_STRIP = NO;
				DEAD_CODE_STRIPPING = YES;
				DEBUG_INFORMATION_FORMAT = dwarf;
				ENABLE_STRICT_OBJC_MSGSEND = YES;
				ENABLE_TESTABILITY = YES;
				GCC_C_LANGUAGE_STANDARD = gnu11;
				GCC_DYNAMIC_NO_PIC = NO;
				GCC_NO_COMMON_BLOCKS = YES;
				GCC_OPTIMIZATION_LEVEL = 0;
				GCC_PREPROCESSOR_DEFINITIONS = (
					"DEBUG=1",
					"$(inherited)",
				);
				GCC_WARN_64_TO_32_BIT_CONVERSION = YES;
				GCC_WARN_ABOUT_RETURN_TYPE = YES_ERROR;
				GCC_WARN_UNDECLARED_SELECTOR = YES;
				GCC_WARN_UNINITIALIZED_AUTOS = YES_AGGRESSIVE;
				GCC_WARN_UNUSED_FUNCTION = YES;
				GCC_WARN_UNUSED_VARIABLE = YES;
				MTL_ENABLE_DEBUG_INFO = YES;
				ONLY_ACTIVE_ARCH = YES;
				PRODUCT_NAME = "$(TARGET_NAME)";
			};
			name = Debug;
		};
		8F92719493F615AE7DC1D2DE /* Debug */ = {
			isa = XCBuildConfiguration;
			buildSettings = {
				CODE_SIGN_IDENTITY = "";
				CURRENT_PROJECT_VERSION = 1;
				DEFINES_MODULE = YES;
				DYLIB_COMPATIBILITY_VERSION = 1;
				DYLIB_CURRENT_VERSION = 1;
				DYLIB_INSTALL_NAME_BASE = "@rpath";
				HEADER_SEARCH_PATHS = (
					"$(inherited)",
					"$(SRCROOT)/../../../Tuist/.build/checkouts/swift-syntax/Sources/_SwiftSyntaxCShims/include",
				);
				INFOPLIST_FILE = "Derived/InfoPlists/Alarm-Info.plist";
				INSTALL_PATH = "$(LOCAL_LIBRARY_DIR)/Frameworks";
				IPHONEOS_DEPLOYMENT_TARGET = 16.6;
				LD_RUNPATH_SEARCH_PATHS = (
					"$(inherited)",
					"@executable_path/Frameworks",
					"@loader_path/Frameworks",
				);
				OTHER_CFLAGS = (
					"$(inherited)",
					"-fmodule-map-file=$(SRCROOT)/../../../Tuist/.build/checkouts/swift-syntax/Sources/_SwiftSyntaxCShims/include/module.modulemap",
				);
				OTHER_SWIFT_FLAGS = (
					"$(inherited)",
					"-Xcc",
					"-fmodule-map-file=$(SRCROOT)/../../../Tuist/.build/checkouts/swift-syntax/Sources/_SwiftSyntaxCShims/include/module.modulemap",
					"-load-plugin-executable",
					"$BUILD_DIR/Debug$EFFECTIVE_PLATFORM_NAME/LogMacroMacro#LogMacroMacro",
					"-load-plugin-executable",
					"$BUILD_DIR/Debug$EFFECTIVE_PLATFORM_NAME/WeaveDIMacros#WeaveDIMacros",
				);
				PRODUCT_BUNDLE_IDENTIFIER = io.Roy.Module.Alarm;
				PRODUCT_NAME = Alarm;
				SDKROOT = iphoneos;
				SKIP_INSTALL = YES;
				SUPPORTS_MACCATALYST = NO;
				SUPPORTS_MAC_DESIGNED_FOR_IPHONE_IPAD = NO;
				SUPPORTS_XR_DESIGNED_FOR_IPHONE_IPAD = NO;
				SWIFT_ACTIVE_COMPILATION_CONDITIONS = (
					"$(inherited)",
					DEBUG,
				);
				SWIFT_COMPILATION_MODE = singlefile;
				SWIFT_OPTIMIZATION_LEVEL = "-Onone";
				SWIFT_VERSION = 5.0;
				TARGETED_DEVICE_FAMILY = 1;
				VERSIONING_SYSTEM = "apple-generic";
				VERSION_INFO_PREFIX = "";
			};
			name = Debug;
		};
		9E40A96381BEAD94B8F12397 /* Debug */ = {
			isa = XCBuildConfiguration;
			buildSettings = {
				CODE_SIGN_IDENTITY = "";
				CURRENT_PROJECT_VERSION = 1;
				DEFINES_MODULE = YES;
				DYLIB_COMPATIBILITY_VERSION = 1;
				DYLIB_CURRENT_VERSION = 1;
				DYLIB_INSTALL_NAME_BASE = "@rpath";
				HEADER_SEARCH_PATHS = (
					"$(inherited)",
					"$(SRCROOT)/../../../Tuist/.build/checkouts/swift-syntax/Sources/_SwiftSyntaxCShims/include",
				);
				INFOPLIST_FILE = "Derived/InfoPlists/Alarm-Debug-Info.plist";
				INSTALL_PATH = "$(LOCAL_LIBRARY_DIR)/Frameworks";
				IPHONEOS_DEPLOYMENT_TARGET = 16.6;
				LD_RUNPATH_SEARCH_PATHS = (
					"$(inherited)",
					"@executable_path/Frameworks",
					"@loader_path/Frameworks",
				);
				OTHER_CFLAGS = (
					"$(inherited)",
					"-fmodule-map-file=$(SRCROOT)/../../../Tuist/.build/checkouts/swift-syntax/Sources/_SwiftSyntaxCShims/include/module.modulemap",
				);
				OTHER_SWIFT_FLAGS = (
					"$(inherited)",
					"-Xcc",
					"-fmodule-map-file=$(SRCROOT)/../../../Tuist/.build/checkouts/swift-syntax/Sources/_SwiftSyntaxCShims/include/module.modulemap",
					"-load-plugin-executable",
					"$BUILD_DIR/Debug$EFFECTIVE_PLATFORM_NAME/LogMacroMacro#LogMacroMacro",
					"-load-plugin-executable",
					"$BUILD_DIR/Debug$EFFECTIVE_PLATFORM_NAME/WeaveDIMacros#WeaveDIMacros",
				);
				PRODUCT_BUNDLE_IDENTIFIER = io.Roy.Module.Alarm;
				PRODUCT_NAME = Alarm_Debug;
				SDKROOT = iphoneos;
				SKIP_INSTALL = YES;
				SUPPORTS_MACCATALYST = NO;
				SUPPORTS_MAC_DESIGNED_FOR_IPHONE_IPAD = NO;
				SUPPORTS_XR_DESIGNED_FOR_IPHONE_IPAD = NO;
				SWIFT_ACTIVE_COMPILATION_CONDITIONS = (
					"$(inherited)",
					DEBUG,
				);
				SWIFT_COMPILATION_MODE = singlefile;
				SWIFT_OPTIMIZATION_LEVEL = "-Onone";
				SWIFT_VERSION = 5.0;
				TARGETED_DEVICE_FAMILY = 1;
				VERSIONING_SYSTEM = "apple-generic";
				VERSION_INFO_PREFIX = "";
			};
			name = Debug;
		};
		C91D3640C338AF4459158AA6 /* Debug */ = {
			isa = XCBuildConfiguration;
			buildSettings = {
				CODE_SIGN_IDENTITY = "iPhone Developer";
				HEADER_SEARCH_PATHS = (
					"$(inherited)",
					"$(SRCROOT)/../../../Tuist/.build/checkouts/swift-syntax/Sources/_SwiftSyntaxCShims/include",
				);
				INFOPLIST_FILE = "Derived/InfoPlists/AlarmTests-Info.plist";
				IPHONEOS_DEPLOYMENT_TARGET = 16.6;
				LD_RUNPATH_SEARCH_PATHS = (
					"$(inherited)",
					"@executable_path/Frameworks",
					"@loader_path/Frameworks",
				);
				OTHER_CFLAGS = (
					"$(inherited)",
					"-fmodule-map-file=$(SRCROOT)/../../../Tuist/.build/checkouts/swift-syntax/Sources/_SwiftSyntaxCShims/include/module.modulemap",
				);
				OTHER_SWIFT_FLAGS = (
					"$(inherited)",
					"-Xcc",
					"-fmodule-map-file=$(SRCROOT)/../../../Tuist/.build/checkouts/swift-syntax/Sources/_SwiftSyntaxCShims/include/module.modulemap",
					"-load-plugin-executable",
					"$BUILD_DIR/Debug$EFFECTIVE_PLATFORM_NAME/LogMacroMacro#LogMacroMacro",
					"-load-plugin-executable",
					"$BUILD_DIR/Debug$EFFECTIVE_PLATFORM_NAME/WeaveDIMacros#WeaveDIMacros",
				);
				PRODUCT_BUNDLE_IDENTIFIER = io.Roy.Module.Alarm.AlarmTests;
				PRODUCT_NAME = AlarmTests;
				SDKROOT = iphoneos;
				SUPPORTS_MACCATALYST = NO;
				SUPPORTS_MAC_DESIGNED_FOR_IPHONE_IPAD = NO;
				SUPPORTS_XR_DESIGNED_FOR_IPHONE_IPAD = NO;
				SWIFT_ACTIVE_COMPILATION_CONDITIONS = (
					"$(inherited)",
					DEBUG,
				);
				SWIFT_COMPILATION_MODE = singlefile;
				SWIFT_OPTIMIZATION_LEVEL = "-Onone";
				SWIFT_VERSION = 5.0;
				TARGETED_DEVICE_FAMILY = 1;
			};
			name = Debug;
		};
		CAF69450FA3F710933CAC7E7 /* Release */ = {
			isa = XCBuildConfiguration;
			buildSettings = {
				CODE_SIGN_IDENTITY = "iPhone Developer";
				HEADER_SEARCH_PATHS = (
					"$(inherited)",
					"$(SRCROOT)/../../../Tuist/.build/checkouts/swift-syntax/Sources/_SwiftSyntaxCShims/include",
				);
				INFOPLIST_FILE = "Derived/InfoPlists/AlarmTests-Info.plist";
				IPHONEOS_DEPLOYMENT_TARGET = 16.6;
				LD_RUNPATH_SEARCH_PATHS = (
					"$(inherited)",
					"@executable_path/Frameworks",
					"@loader_path/Frameworks",
				);
				OTHER_CFLAGS = (
					"$(inherited)",
					"-fmodule-map-file=$(SRCROOT)/../../../Tuist/.build/checkouts/swift-syntax/Sources/_SwiftSyntaxCShims/include/module.modulemap",
				);
				OTHER_SWIFT_FLAGS = (
					"$(inherited)",
					"-Xcc",
					"-fmodule-map-file=$(SRCROOT)/../../../Tuist/.build/checkouts/swift-syntax/Sources/_SwiftSyntaxCShims/include/module.modulemap",
					"-load-plugin-executable",
					"$BUILD_DIR/Debug$EFFECTIVE_PLATFORM_NAME/LogMacroMacro#LogMacroMacro",
					"-load-plugin-executable",
					"$BUILD_DIR/Debug$EFFECTIVE_PLATFORM_NAME/WeaveDIMacros#WeaveDIMacros",
				);
				PRODUCT_BUNDLE_IDENTIFIER = io.Roy.Module.Alarm.AlarmTests;
				PRODUCT_NAME = AlarmTests;
				SDKROOT = iphoneos;
				SUPPORTS_MACCATALYST = NO;
				SUPPORTS_MAC_DESIGNED_FOR_IPHONE_IPAD = NO;
				SUPPORTS_XR_DESIGNED_FOR_IPHONE_IPAD = NO;
				SWIFT_COMPILATION_MODE = wholemodule;
				SWIFT_OPTIMIZATION_LEVEL = "-Owholemodule";
				SWIFT_VERSION = 5.0;
				TARGETED_DEVICE_FAMILY = 1;
			};
			name = Release;
		};
		D92271D4BDF6FE52AC641507 /* Release */ = {
			isa = XCBuildConfiguration;
			buildSettings = {
				ALWAYS_SEARCH_USER_PATHS = NO;
				CLANG_ANALYZER_LOCALIZABILITY_NONLOCALIZED = YES;
				CLANG_ANALYZER_NONNULL = YES;
				CLANG_ANALYZER_NUMBER_OBJECT_CONVERSION = YES_AGGRESSIVE;
				CLANG_CXX_LANGUAGE_STANDARD = "gnu++14";
				CLANG_CXX_LIBRARY = "libc++";
				CLANG_ENABLE_MODULES = YES;
				CLANG_ENABLE_OBJC_ARC = YES;
				CLANG_ENABLE_OBJC_WEAK = YES;
				CLANG_WARN_BLOCK_CAPTURE_AUTORELEASING = YES;
				CLANG_WARN_BOOL_CONVERSION = YES;
				CLANG_WARN_COMMA = YES;
				CLANG_WARN_CONSTANT_CONVERSION = YES;
				CLANG_WARN_DEPRECATED_OBJC_IMPLEMENTATIONS = YES;
				CLANG_WARN_DIRECT_OBJC_ISA_USAGE = YES_ERROR;
				CLANG_WARN_DOCUMENTATION_COMMENTS = YES;
				CLANG_WARN_EMPTY_BODY = YES;
				CLANG_WARN_ENUM_CONVERSION = YES;
				CLANG_WARN_INFINITE_RECURSION = YES;
				CLANG_WARN_INT_CONVERSION = YES;
				CLANG_WARN_NON_LITERAL_NULL_CONVERSION = YES;
				CLANG_WARN_OBJC_IMPLICIT_RETAIN_SELF = YES;
				CLANG_WARN_OBJC_LITERAL_CONVERSION = YES;
				CLANG_WARN_OBJC_ROOT_CLASS = YES_ERROR;
				CLANG_WARN_QUOTED_INCLUDE_IN_FRAMEWORK_HEADER = YES;
				CLANG_WARN_RANGE_LOOP_ANALYSIS = YES;
				CLANG_WARN_STRICT_PROTOTYPES = YES;
				CLANG_WARN_SUSPICIOUS_MOVE = YES;
				CLANG_WARN_UNGUARDED_AVAILABILITY = YES_AGGRESSIVE;
				CLANG_WARN_UNREACHABLE_CODE = YES;
				CLANG_WARN__DUPLICATE_METHOD_MATCH = YES;
				COPY_PHASE_STRIP = NO;
				DEAD_CODE_STRIPPING = YES;
				DEBUG_INFORMATION_FORMAT = "dwarf-with-dsym";
				ENABLE_NS_ASSERTIONS = NO;
				ENABLE_STRICT_OBJC_MSGSEND = YES;
				GCC_C_LANGUAGE_STANDARD = gnu11;
				GCC_NO_COMMON_BLOCKS = YES;
				GCC_WARN_64_TO_32_BIT_CONVERSION = YES;
				GCC_WARN_ABOUT_RETURN_TYPE = YES_ERROR;
				GCC_WARN_UNDECLARED_SELECTOR = YES;
				GCC_WARN_UNINITIALIZED_AUTOS = YES_AGGRESSIVE;
				GCC_WARN_UNUSED_FUNCTION = YES;
				GCC_WARN_UNUSED_VARIABLE = YES;
				MTL_ENABLE_DEBUG_INFO = NO;
				PRODUCT_NAME = "$(TARGET_NAME)";
				VALIDATE_PRODUCT = YES;
			};
			name = Release;
		};
		F0B7BED31BFD4A23D29E3D65 /* Release */ = {
			isa = XCBuildConfiguration;
			buildSettings = {
				CODE_SIGN_IDENTITY = "";
				CURRENT_PROJECT_VERSION = 1;
				DEFINES_MODULE = YES;
				DYLIB_COMPATIBILITY_VERSION = 1;
				DYLIB_CURRENT_VERSION = 1;
				DYLIB_INSTALL_NAME_BASE = "@rpath";
				HEADER_SEARCH_PATHS = (
					"$(inherited)",
					"$(SRCROOT)/../../../Tuist/.build/checkouts/swift-syntax/Sources/_SwiftSyntaxCShims/include",
				);
				INFOPLIST_FILE = "Derived/InfoPlists/Alarm-Info.plist";
				INSTALL_PATH = "$(LOCAL_LIBRARY_DIR)/Frameworks";
				IPHONEOS_DEPLOYMENT_TARGET = 16.6;
				LD_RUNPATH_SEARCH_PATHS = (
					"$(inherited)",
					"@executable_path/Frameworks",
					"@loader_path/Frameworks",
				);
				OTHER_CFLAGS = (
					"$(inherited)",
					"-fmodule-map-file=$(SRCROOT)/../../../Tuist/.build/checkouts/swift-syntax/Sources/_SwiftSyntaxCShims/include/module.modulemap",
				);
				OTHER_SWIFT_FLAGS = (
					"$(inherited)",
					"-Xcc",
					"-fmodule-map-file=$(SRCROOT)/../../../Tuist/.build/checkouts/swift-syntax/Sources/_SwiftSyntaxCShims/include/module.modulemap",
					"-load-plugin-executable",
					"$BUILD_DIR/Debug$EFFECTIVE_PLATFORM_NAME/LogMacroMacro#LogMacroMacro",
					"-load-plugin-executable",
					"$BUILD_DIR/Debug$EFFECTIVE_PLATFORM_NAME/WeaveDIMacros#WeaveDIMacros",
				);
				PRODUCT_BUNDLE_IDENTIFIER = io.Roy.Module.Alarm;
				PRODUCT_NAME = Alarm;
				SDKROOT = iphoneos;
				SKIP_INSTALL = YES;
				SUPPORTS_MACCATALYST = NO;
				SUPPORTS_MAC_DESIGNED_FOR_IPHONE_IPAD = NO;
				SUPPORTS_XR_DESIGNED_FOR_IPHONE_IPAD = NO;
				SWIFT_COMPILATION_MODE = wholemodule;
				SWIFT_OPTIMIZATION_LEVEL = "-Owholemodule";
				SWIFT_VERSION = 5.0;
				TARGETED_DEVICE_FAMILY = 1;
				VERSIONING_SYSTEM = "apple-generic";
				VERSION_INFO_PREFIX = "";
			};
			name = Release;
		};
		F3AD7CDCAEB9B1E67B957271 /* Release */ = {
			isa = XCBuildConfiguration;
			buildSettings = {
				CODE_SIGN_IDENTITY = "";
				CURRENT_PROJECT_VERSION = 1;
				DEFINES_MODULE = YES;
				DYLIB_COMPATIBILITY_VERSION = 1;
				DYLIB_CURRENT_VERSION = 1;
				DYLIB_INSTALL_NAME_BASE = "@rpath";
				HEADER_SEARCH_PATHS = (
					"$(inherited)",
					"$(SRCROOT)/../../../Tuist/.build/checkouts/swift-syntax/Sources/_SwiftSyntaxCShims/include",
				);
				INFOPLIST_FILE = "Derived/InfoPlists/Alarm-Stage-Info.plist";
				INSTALL_PATH = "$(LOCAL_LIBRARY_DIR)/Frameworks";
				IPHONEOS_DEPLOYMENT_TARGET = 16.6;
				LD_RUNPATH_SEARCH_PATHS = (
					"$(inherited)",
					"@executable_path/Frameworks",
					"@loader_path/Frameworks",
				);
				OTHER_CFLAGS = (
					"$(inherited)",
					"-fmodule-map-file=$(SRCROOT)/../../../Tuist/.build/checkouts/swift-syntax/Sources/_SwiftSyntaxCShims/include/module.modulemap",
				);
				OTHER_SWIFT_FLAGS = (
					"$(inherited)",
					"-Xcc",
					"-fmodule-map-file=$(SRCROOT)/../../../Tuist/.build/checkouts/swift-syntax/Sources/_SwiftSyntaxCShims/include/module.modulemap",
					"-load-plugin-executable",
					"$BUILD_DIR/Debug$EFFECTIVE_PLATFORM_NAME/LogMacroMacro#LogMacroMacro",
					"-load-plugin-executable",
					"$BUILD_DIR/Debug$EFFECTIVE_PLATFORM_NAME/WeaveDIMacros#WeaveDIMacros",
				);
				PRODUCT_BUNDLE_IDENTIFIER = io.Roy.Module.Alarm;
				PRODUCT_NAME = Alarm_Stage;
				SDKROOT = iphoneos;
				SKIP_INSTALL = YES;
				SUPPORTS_MACCATALYST = NO;
				SUPPORTS_MAC_DESIGNED_FOR_IPHONE_IPAD = NO;
				SUPPORTS_XR_DESIGNED_FOR_IPHONE_IPAD = NO;
				SWIFT_COMPILATION_MODE = wholemodule;
				SWIFT_OPTIMIZATION_LEVEL = "-Owholemodule";
				SWIFT_VERSION = 5.0;
				TARGETED_DEVICE_FAMILY = 1;
				VERSIONING_SYSTEM = "apple-generic";
				VERSION_INFO_PREFIX = "";
			};
			name = Release;
		};
/* End XCBuildConfiguration section */

/* Begin XCConfigurationList section */
		0FC5764E0635BD65359A25B4 /* Build configuration list for PBXNativeTarget "Alarm-Stage" */ = {
			isa = XCConfigurationList;
			buildConfigurations = (
				655FAA55BD7C6859706AD6CA /* Debug */,
				F3AD7CDCAEB9B1E67B957271 /* Release */,
			);
			defaultConfigurationIsVisible = 0;
			defaultConfigurationName = Release;
		};
		59EBED1F96332D5C11ED3931 /* Build configuration list for PBXNativeTarget "AlarmTests" */ = {
			isa = XCConfigurationList;
			buildConfigurations = (
				C91D3640C338AF4459158AA6 /* Debug */,
				CAF69450FA3F710933CAC7E7 /* Release */,
			);
			defaultConfigurationIsVisible = 0;
			defaultConfigurationName = Release;
		};
		738C8AE92205E2C39D7136AA /* Build configuration list for PBXNativeTarget "Alarm-Prod" */ = {
			isa = XCConfigurationList;
			buildConfigurations = (
				3B1B89C5C821F600CE01D15C /* Debug */,
				4311B753C5A977FF80C68A48 /* Release */,
			);
			defaultConfigurationIsVisible = 0;
			defaultConfigurationName = Release;
		};
		8A9406E6606965241CFE5CC2 /* Build configuration list for PBXNativeTarget "Alarm-Debug" */ = {
			isa = XCConfigurationList;
			buildConfigurations = (
				9E40A96381BEAD94B8F12397 /* Debug */,
				4259E2341BFCF0FB594E76FE /* Release */,
			);
			defaultConfigurationIsVisible = 0;
			defaultConfigurationName = Release;
		};
		DADBA35F51DF875095954944 /* Build configuration list for PBXNativeTarget "Alarm" */ = {
			isa = XCConfigurationList;
			buildConfigurations = (
				8F92719493F615AE7DC1D2DE /* Debug */,
				F0B7BED31BFD4A23D29E3D65 /* Release */,
			);
			defaultConfigurationIsVisible = 0;
			defaultConfigurationName = Release;
		};
		F68B06E0E80437659A8417AE /* Build configuration list for PBXProject "Alarm" */ = {
			isa = XCConfigurationList;
			buildConfigurations = (
				7960AD99E297873AFB681C3C /* Debug */,
				D92271D4BDF6FE52AC641507 /* Release */,
			);
			defaultConfigurationIsVisible = 0;
			defaultConfigurationName = Release;
		};
/* End XCConfigurationList section */
	};
	rootObject = 758A3A76F0815FB666A57B14 /* Project object */;
}
