// !$*UTF8*$!
{
	archiveVersion = 1;
	classes = {
	};
	objectVersion = 55;
	objects = {

/* Begin PBXBuildFile section */
		00CDF2B715DBB272AFC0EBED /* ContentView.swift in Sources */ = {isa = PBXBuildFile; fileRef = A1C5262F48B68779402592CF /* ContentView.swift */; };
		0CE264C11329C93C11BECADE /* TuistBundle+WakeyAlarmDebug.swift in Sources */ = {isa = PBXBuildFile; fileRef = 83991FAA48066B20BDBB35AB /* TuistBundle+WakeyAlarmDebug.swift */; };
		0DCD40E905053929054DEBE5 /* ContentView.swift in Sources */ = {isa = PBXBuildFile; fileRef = A1C5262F48B68779402592CF /* ContentView.swift */; };
		1676E918C0F18E4A270523EA /* Domain.framework in Frameworks */ = {isa = PBXBuildFile; fileRef = D08B078ED661FDC3E98CFF88 /* Domain.framework */; };
		1C619C91C87C723B215E0B64 /* Alarm.framework in Frameworks */ = {isa = PBXBuildFile; fileRef = 0759CEC958CE102999E0E280 /* Alarm.framework */; };
		1D5A19BB8CD3A1704BAD97A0 /* Preview Assets.xcassets in Resources */ = {isa = PBXBuildFile; fileRef = 147E2A117BE6AB73DD82C3DC /* Preview Assets.xcassets */; };
		22CB48E754AEDE0E7AE7531E /* Preview Assets.xcassets in Resources */ = {isa = PBXBuildFile; fileRef = 147E2A117BE6AB73DD82C3DC /* Preview Assets.xcassets */; };
		2511B9BB019B4C112A485F12 /* TuistBundle+WakeyAlarm.swift in Sources */ = {isa = PBXBuildFile; fileRef = AFA1B45CDF620CD6EEFC5D0E /* TuistBundle+WakeyAlarm.swift */; };
		3CAD24487658E5AAC5176038 /* ContentView.swift in Sources */ = {isa = PBXBuildFile; fileRef = A1C5262F48B68779402592CF /* ContentView.swift */; };
		5CEA959E458CB491686AC32D /* Assets.xcassets in Resources */ = {isa = PBXBuildFile; fileRef = 6137054448B27F3CA5CF782C /* Assets.xcassets */; };
		5E00C281E6D12A298FEED8A3 /* Alarm.framework in Frameworks */ = {isa = PBXBuildFile; fileRef = 0759CEC958CE102999E0E280 /* Alarm.framework */; };
		6214468DD408D8F2D3FDAD25 /* Assets.xcassets in Resources */ = {isa = PBXBuildFile; fileRef = 6137054448B27F3CA5CF782C /* Assets.xcassets */; };
		700AE1A217CED17C159FECE2 /* WakeyAlarmApp.swift in Sources */ = {isa = PBXBuildFile; fileRef = B89063223C8E49CA22CA49B5 /* WakeyAlarmApp.swift */; };
		748EDE9EE444AA5BDF38317F /* ContentView.swift in Sources */ = {isa = PBXBuildFile; fileRef = A1C5262F48B68779402592CF /* ContentView.swift */; };
		7A09C9F7E7BA77402723463C /* Preview Assets.xcassets in Resources */ = {isa = PBXBuildFile; fileRef = 147E2A117BE6AB73DD82C3DC /* Preview Assets.xcassets */; };
		810E548A1EF0825D46267983 /* TuistBundle+WakeyAlarmProd.swift in Sources */ = {isa = PBXBuildFile; fileRef = E37FBF660A6A5E462F4F2706 /* TuistBundle+WakeyAlarmProd.swift */; };
		8659B8987154809A3BA56C61 /* Alarm.framework in Frameworks */ = {isa = PBXBuildFile; fileRef = 0759CEC958CE102999E0E280 /* Alarm.framework */; };
		8A7CBDA198F86CD1C377A0C6 /* Domain.framework in Frameworks */ = {isa = PBXBuildFile; fileRef = D08B078ED661FDC3E98CFF88 /* Domain.framework */; };
		8E3458DFFBA469B17E4A1885 /* Assets.xcassets in Resources */ = {isa = PBXBuildFile; fileRef = 6137054448B27F3CA5CF782C /* Assets.xcassets */; };
		99B5E8AFA70432D3BD5CBAFC /* TuistAssets+WakeyAlarmStage.swift in Sources */ = {isa = PBXBuildFile; fileRef = 445D5CED8B8563072FC95D76 /* TuistAssets+WakeyAlarmStage.swift */; };
		A1E140E4A496C22BA9C8D898 /* WakeyAlarmApp.swift in Sources */ = {isa = PBXBuildFile; fileRef = B89063223C8E49CA22CA49B5 /* WakeyAlarmApp.swift */; };
		A69680529BF47A66FFBACCB0 /* WakeyAlarmTests.swift in Sources */ = {isa = PBXBuildFile; fileRef = A96E7E75B330C50B527149E6 /* WakeyAlarmTests.swift */; };
		AA49CEC34A85A66C88C77F8D /* WakeyAlarmApp.swift in Sources */ = {isa = PBXBuildFile; fileRef = B89063223C8E49CA22CA49B5 /* WakeyAlarmApp.swift */; };
		B6EAA5AAE77E47A78D0EEBF9 /* TuistAssets+WakeyAlarmProd.swift in Sources */ = {isa = PBXBuildFile; fileRef = C85CAEB10544EC34E0BBA898 /* TuistAssets+WakeyAlarmProd.swift */; };
		C7BDC68C102E4230BE74B579 /* TuistAssets+WakeyAlarm.swift in Sources */ = {isa = PBXBuildFile; fileRef = 553FCF8DA0BDCCC1DC1176BD /* TuistAssets+WakeyAlarm.swift */; };
		CC4A74077518766D033999C8 /* Assets.xcassets in Resources */ = {isa = PBXBuildFile; fileRef = 6137054448B27F3CA5CF782C /* Assets.xcassets */; };
		DC7FED3F8674F15C209C7FBD /* Preview Assets.xcassets in Resources */ = {isa = PBXBuildFile; fileRef = 147E2A117BE6AB73DD82C3DC /* Preview Assets.xcassets */; };
		DF04DC25AEF8014A27D051EF /* Domain.framework in Frameworks */ = {isa = PBXBuildFile; fileRef = D08B078ED661FDC3E98CFF88 /* Domain.framework */; };
		E2F1D7E4C874E8EF18062AC7 /* Domain.framework in Frameworks */ = {isa = PBXBuildFile; fileRef = D08B078ED661FDC3E98CFF88 /* Domain.framework */; };
		E4AD3DA3617218686759601E /* TuistBundle+WakeyAlarmStage.swift in Sources */ = {isa = PBXBuildFile; fileRef = 6CDB8892F0F4512312995620 /* TuistBundle+WakeyAlarmStage.swift */; };
		E72A8DEC49F2526D63A41A5D /* TuistAssets+WakeyAlarmDebug.swift in Sources */ = {isa = PBXBuildFile; fileRef = 84396412255D47B775183147 /* TuistAssets+WakeyAlarmDebug.swift */; };
		E819DF3F46DF8BE9333F79EE /* Alarm.framework in Frameworks */ = {isa = PBXBuildFile; fileRef = 0759CEC958CE102999E0E280 /* Alarm.framework */; };
		F2699EC86BD2FB41FE3DBB0C /* WakeyAlarmApp.swift in Sources */ = {isa = PBXBuildFile; fileRef = B89063223C8E49CA22CA49B5 /* WakeyAlarmApp.swift */; };
/* End PBXBuildFile section */

/* Begin PBXContainerItemProxy section */
		F1CEAFF38A4E6E018D2A7448 /* PBXContainerItemProxy */ = {
			isa = PBXContainerItemProxy;
			containerPortal = 52EA0EB1B6675D8965A992B3 /* Project object */;
			proxyType = 1;
			remoteGlobalIDString = 599C66CF7AB4B2D3CDB8594A;
			remoteInfo = WakeyAlarm;
		};
/* End PBXContainerItemProxy section */

/* Begin PBXCopyFilesBuildPhase section */
		5640D1ACD297DD49417ECCAB /* Embed Frameworks */ = {
			isa = PBXCopyFilesBuildPhase;
			buildActionMask = 2147483647;
			dstPath = "";
			dstSubfolderSpec = 10;
			files = (
			);
			name = "Embed Frameworks";
			runOnlyForDeploymentPostprocessing = 0;
		};
		677F4A6725634304BE2C2975 /* Embed Frameworks */ = {
			isa = PBXCopyFilesBuildPhase;
			buildActionMask = 2147483647;
			dstPath = "";
			dstSubfolderSpec = 10;
			files = (
			);
			name = "Embed Frameworks";
			runOnlyForDeploymentPostprocessing = 0;
		};
		76A3EDB4FBBD0615638D8CBE /* Embed Frameworks */ = {
			isa = PBXCopyFilesBuildPhase;
			buildActionMask = 2147483647;
			dstPath = "";
			dstSubfolderSpec = 10;
			files = (
			);
			name = "Embed Frameworks";
			runOnlyForDeploymentPostprocessing = 0;
		};
		934CD42287FE21C8AF3ED9B4 /* Embed Frameworks */ = {
			isa = PBXCopyFilesBuildPhase;
			buildActionMask = 2147483647;
			dstPath = "";
			dstSubfolderSpec = 10;
			files = (
			);
			name = "Embed Frameworks";
			runOnlyForDeploymentPostprocessing = 0;
		};
		DFF83990BF54D7037A80C9E4 /* Embed Frameworks */ = {
			isa = PBXCopyFilesBuildPhase;
			buildActionMask = 2147483647;
			dstPath = "";
			dstSubfolderSpec = 10;
			files = (
			);
			name = "Embed Frameworks";
			runOnlyForDeploymentPostprocessing = 0;
		};
/* End PBXCopyFilesBuildPhase section */

/* Begin PBXFileReference section */
		0759CEC958CE102999E0E280 /* Alarm.framework */ = {isa = PBXFileReference; explicitFileType = wrapper.framework; includeInIndex = 0; path = Alarm.framework; sourceTree = BUILT_PRODUCTS_DIR; };
		147E2A117BE6AB73DD82C3DC /* Preview Assets.xcassets */ = {isa = PBXFileReference; lastKnownFileType = folder.assetcatalog; path = "Preview Assets.xcassets"; sourceTree = "<group>"; };
		445D5CED8B8563072FC95D76 /* TuistAssets+WakeyAlarmStage.swift */ = {isa = PBXFileReference; lastKnownFileType = sourcecode.swift; path = "TuistAssets+WakeyAlarmStage.swift"; sourceTree = "<group>"; };
		473868DD004034555C3B14CF /* WakeyAlarm-Info.plist */ = {isa = PBXFileReference; lastKnownFileType = text.plist; path = "WakeyAlarm-Info.plist"; sourceTree = "<group>"; };
		4A20DBF7AA5EC81EFCD873D2 /* WakeyAlarm_Prod.app */ = {isa = PBXFileReference; explicitFileType = wrapper.application; includeInIndex = 0; path = WakeyAlarm_Prod.app; sourceTree = BUILT_PRODUCTS_DIR; };
		4DAC642BE0A36C5CF8FC4588 /* Release.xcconfig */ = {isa = PBXFileReference; lastKnownFileType = text.xcconfig; path = Release.xcconfig; sourceTree = "<group>"; };
		510740F0373904814C7BD9F5 /* Dev.xcconfig */ = {isa = PBXFileReference; lastKnownFileType = text.xcconfig; path = Dev.xcconfig; sourceTree = "<group>"; };
		516D7CC77B5D95811696E5E2 /* Prod.xcconfig */ = {isa = PBXFileReference; lastKnownFileType = text.xcconfig; path = Prod.xcconfig; sourceTree = "<group>"; };
		553FCF8DA0BDCCC1DC1176BD /* TuistAssets+WakeyAlarm.swift */ = {isa = PBXFileReference; lastKnownFileType = sourcecode.swift; path = "TuistAssets+WakeyAlarm.swift"; sourceTree = "<group>"; };
		6137054448B27F3CA5CF782C /* Assets.xcassets */ = {isa = PBXFileReference; lastKnownFileType = folder.assetcatalog; path = Assets.xcassets; sourceTree = "<group>"; };
		6B489AD0F8C3481F2B78088D /* WakeyAlarm_Debug.app */ = {isa = PBXFileReference; explicitFileType = wrapper.application; includeInIndex = 0; path = WakeyAlarm_Debug.app; sourceTree = BUILT_PRODUCTS_DIR; };
		6CDB8892F0F4512312995620 /* TuistBundle+WakeyAlarmStage.swift */ = {isa = PBXFileReference; lastKnownFileType = sourcecode.swift; path = "TuistBundle+WakeyAlarmStage.swift"; sourceTree = "<group>"; };
		7189F55686A0BFF97990FBD4 /* WakeyAlarm_Stage.app */ = {isa = PBXFileReference; explicitFileType = wrapper.application; includeInIndex = 0; path = WakeyAlarm_Stage.app; sourceTree = BUILT_PRODUCTS_DIR; };
		83991FAA48066B20BDBB35AB /* TuistBundle+WakeyAlarmDebug.swift */ = {isa = PBXFileReference; lastKnownFileType = sourcecode.swift; path = "TuistBundle+WakeyAlarmDebug.swift"; sourceTree = "<group>"; };
		84396412255D47B775183147 /* TuistAssets+WakeyAlarmDebug.swift */ = {isa = PBXFileReference; lastKnownFileType = sourcecode.swift; path = "TuistAssets+WakeyAlarmDebug.swift"; sourceTree = "<group>"; };
		866645C30F2A8C0C4ECD6D32 /* WakeyAlarm-Stage-Info.plist */ = {isa = PBXFileReference; lastKnownFileType = text.plist; path = "WakeyAlarm-Stage-Info.plist"; sourceTree = "<group>"; };
		9D39AE5934C4CB6673530CE7 /* WakeyAlarmTests.xctest */ = {isa = PBXFileReference; explicitFileType = wrapper.cfbundle; includeInIndex = 0; path = WakeyAlarmTests.xctest; sourceTree = BUILT_PRODUCTS_DIR; };
		A1C5262F48B68779402592CF /* ContentView.swift */ = {isa = PBXFileReference; lastKnownFileType = sourcecode.swift; path = ContentView.swift; sourceTree = "<group>"; };
		A6A110E179FA715BC5F650F2 /* WakeyAlarm-Debug-Info.plist */ = {isa = PBXFileReference; lastKnownFileType = text.plist; path = "WakeyAlarm-Debug-Info.plist"; sourceTree = "<group>"; };
		A719C9AEE0677AC1AC63DBBF /* WakeyAlarmTests-Info.plist */ = {isa = PBXFileReference; lastKnownFileType = text.plist; path = "WakeyAlarmTests-Info.plist"; sourceTree = "<group>"; };
		A96E7E75B330C50B527149E6 /* WakeyAlarmTests.swift */ = {isa = PBXFileReference; lastKnownFileType = sourcecode.swift; path = WakeyAlarmTests.swift; sourceTree = "<group>"; };
		AFA1B45CDF620CD6EEFC5D0E /* TuistBundle+WakeyAlarm.swift */ = {isa = PBXFileReference; lastKnownFileType = sourcecode.swift; path = "TuistBundle+WakeyAlarm.swift"; sourceTree = "<group>"; };
		B89063223C8E49CA22CA49B5 /* WakeyAlarmApp.swift */ = {isa = PBXFileReference; lastKnownFileType = sourcecode.swift; path = WakeyAlarmApp.swift; sourceTree = "<group>"; };
		C85CAEB10544EC34E0BBA898 /* TuistAssets+WakeyAlarmProd.swift */ = {isa = PBXFileReference; lastKnownFileType = sourcecode.swift; path = "TuistAssets+WakeyAlarmProd.swift"; sourceTree = "<group>"; };
		C89CA130D78B84B9269FFBB2 /* WakeyAlarm-Prod-Info.plist */ = {isa = PBXFileReference; lastKnownFileType = text.plist; path = "WakeyAlarm-Prod-Info.plist"; sourceTree = "<group>"; };
		D08B078ED661FDC3E98CFF88 /* Domain.framework */ = {isa = PBXFileReference; explicitFileType = wrapper.framework; includeInIndex = 0; path = Domain.framework; sourceTree = BUILT_PRODUCTS_DIR; };
		E37FBF660A6A5E462F4F2706 /* TuistBundle+WakeyAlarmProd.swift */ = {isa = PBXFileReference; lastKnownFileType = sourcecode.swift; path = "TuistBundle+WakeyAlarmProd.swift"; sourceTree = "<group>"; };
		EC27B38ECE342960DC52A4B6 /* Stage.xcconfig */ = {isa = PBXFileReference; lastKnownFileType = text.xcconfig; path = Stage.xcconfig; sourceTree = "<group>"; };
		FCC680FADD61A05BABDBB239 /* WakeyAlarm.app */ = {isa = PBXFileReference; explicitFileType = wrapper.application; includeInIndex = 0; path = WakeyAlarm.app; sourceTree = BUILT_PRODUCTS_DIR; };
/* End PBXFileReference section */

/* Begin PBXFrameworksBuildPhase section */
		1F5CF4B846E886BAE82E6725 /* Frameworks */ = {
			isa = PBXFrameworksBuildPhase;
			buildActionMask = 2147483647;
			files = (
			);
			runOnlyForDeploymentPostprocessing = 0;
		};
		3BB5710DFBE5501C9C62B97A /* Frameworks */ = {
			isa = PBXFrameworksBuildPhase;
			buildActionMask = 2147483647;
			files = (
				8659B8987154809A3BA56C61 /* Alarm.framework in Frameworks */,
				E2F1D7E4C874E8EF18062AC7 /* Domain.framework in Frameworks */,
			);
			runOnlyForDeploymentPostprocessing = 0;
		};
		6A99E34B51B0E67D5ED6B2AD /* Frameworks */ = {
			isa = PBXFrameworksBuildPhase;
			buildActionMask = 2147483647;
			files = (
				1C619C91C87C723B215E0B64 /* Alarm.framework in Frameworks */,
				DF04DC25AEF8014A27D051EF /* Domain.framework in Frameworks */,
			);
			runOnlyForDeploymentPostprocessing = 0;
		};
		83720436ECEAA92E1FD9F18D /* Frameworks */ = {
			isa = PBXFrameworksBuildPhase;
			buildActionMask = 2147483647;
			files = (
				E819DF3F46DF8BE9333F79EE /* Alarm.framework in Frameworks */,
				1676E918C0F18E4A270523EA /* Domain.framework in Frameworks */,
			);
			runOnlyForDeploymentPostprocessing = 0;
		};
		F03D22ED8D054187F031793B /* Frameworks */ = {
			isa = PBXFrameworksBuildPhase;
			buildActionMask = 2147483647;
			files = (
				5E00C281E6D12A298FEED8A3 /* Alarm.framework in Frameworks */,
				8A7CBDA198F86CD1C377A0C6 /* Domain.framework in Frameworks */,
			);
			runOnlyForDeploymentPostprocessing = 0;
		};
/* End PBXFrameworksBuildPhase section */

/* Begin PBXGroup section */
		0DFFE3630FCBAB5B7AA3015D /* Sources */ = {
			isa = PBXGroup;
			children = (
				6A4EC06755945EB48F7D5E10 /* Application */,
				A1C5262F48B68779402592CF /* ContentView.swift */,
			);
			path = Sources;
			sourceTree = "<group>";
		};
		359CAAE47CEA45550DB4F6D8 /* Config */ = {
			isa = PBXGroup;
			children = (
				510740F0373904814C7BD9F5 /* Dev.xcconfig */,
				516D7CC77B5D95811696E5E2 /* Prod.xcconfig */,
				4DAC642BE0A36C5CF8FC4588 /* Release.xcconfig */,
				EC27B38ECE342960DC52A4B6 /* Stage.xcconfig */,
			);
			name = Config;
			path = ../../Config;
			sourceTree = "<group>";
		};
		6A4EC06755945EB48F7D5E10 /* Application */ = {
			isa = PBXGroup;
			children = (
				B89063223C8E49CA22CA49B5 /* WakeyAlarmApp.swift */,
			);
			path = Application;
			sourceTree = "<group>";
		};
		6DFEAED19B02CC18B3BFB74B /* WakeyAlarmTests */ = {
			isa = PBXGroup;
			children = (
				7D276C8C77DFF8F8B5A8E743 /* Sources */,
			);
			path = WakeyAlarmTests;
			sourceTree = "<group>";
		};
		70FCFAAEB521E612B55EDCEC /* Products */ = {
			isa = PBXGroup;
			children = (
				0759CEC958CE102999E0E280 /* Alarm.framework */,
				D08B078ED661FDC3E98CFF88 /* Domain.framework */,
				6B489AD0F8C3481F2B78088D /* WakeyAlarm_Debug.app */,
				4A20DBF7AA5EC81EFCD873D2 /* WakeyAlarm_Prod.app */,
				7189F55686A0BFF97990FBD4 /* WakeyAlarm_Stage.app */,
				FCC680FADD61A05BABDBB239 /* WakeyAlarm.app */,
				9D39AE5934C4CB6673530CE7 /* WakeyAlarmTests.xctest */,
			);
			name = Products;
			sourceTree = "<group>";
		};
		7D276C8C77DFF8F8B5A8E743 /* Sources */ = {
			isa = PBXGroup;
			children = (
				A96E7E75B330C50B527149E6 /* WakeyAlarmTests.swift */,
			);
			path = Sources;
			sourceTree = "<group>";
		};
		867CB2B0E1C2B43EC0990AC0 = {
			isa = PBXGroup;
			children = (
				E2EB3CEF56D840627DBF49D2 /* Project */,
				70FCFAAEB521E612B55EDCEC /* Products */,
			);
			sourceTree = "<group>";
		};
		9EA3952BDEBC5DED8B7AB667 /* InfoPlists */ = {
			isa = PBXGroup;
			children = (
				A6A110E179FA715BC5F650F2 /* WakeyAlarm-Debug-Info.plist */,
				473868DD004034555C3B14CF /* WakeyAlarm-Info.plist */,
				C89CA130D78B84B9269FFBB2 /* WakeyAlarm-Prod-Info.plist */,
				866645C30F2A8C0C4ECD6D32 /* WakeyAlarm-Stage-Info.plist */,
				A719C9AEE0677AC1AC63DBBF /* WakeyAlarmTests-Info.plist */,
			);
			path = InfoPlists;
			sourceTree = "<group>";
		};
		AB88DC4F521331AD85EC6F04 /* Resources */ = {
			isa = PBXGroup;
			children = (
				FBED3C94492A117C06A7B575 /* Preview Content */,
				6137054448B27F3CA5CF782C /* Assets.xcassets */,
			);
			path = Resources;
			sourceTree = "<group>";
		};
		BB8EF75AFE47889D0C640A7A /* Derived */ = {
			isa = PBXGroup;
			children = (
				9EA3952BDEBC5DED8B7AB667 /* InfoPlists */,
				EEB4582015BD96EB01C9AF6A /* Sources */,
			);
			path = Derived;
			sourceTree = "<group>";
		};
		E2EB3CEF56D840627DBF49D2 /* Project */ = {
			isa = PBXGroup;
			children = (
				359CAAE47CEA45550DB4F6D8 /* Config */,
				BB8EF75AFE47889D0C640A7A /* Derived */,
				AB88DC4F521331AD85EC6F04 /* Resources */,
				0DFFE3630FCBAB5B7AA3015D /* Sources */,
				6DFEAED19B02CC18B3BFB74B /* WakeyAlarmTests */,
			);
			name = Project;
			sourceTree = "<group>";
		};
		EEB4582015BD96EB01C9AF6A /* Sources */ = {
			isa = PBXGroup;
			children = (
				553FCF8DA0BDCCC1DC1176BD /* TuistAssets+WakeyAlarm.swift */,
				84396412255D47B775183147 /* TuistAssets+WakeyAlarmDebug.swift */,
				C85CAEB10544EC34E0BBA898 /* TuistAssets+WakeyAlarmProd.swift */,
				445D5CED8B8563072FC95D76 /* TuistAssets+WakeyAlarmStage.swift */,
				AFA1B45CDF620CD6EEFC5D0E /* TuistBundle+WakeyAlarm.swift */,
				83991FAA48066B20BDBB35AB /* TuistBundle+WakeyAlarmDebug.swift */,
				E37FBF660A6A5E462F4F2706 /* TuistBundle+WakeyAlarmProd.swift */,
				6CDB8892F0F4512312995620 /* TuistBundle+WakeyAlarmStage.swift */,
			);
			path = Sources;
			sourceTree = "<group>";
		};
		FBED3C94492A117C06A7B575 /* Preview Content */ = {
			isa = PBXGroup;
			children = (
				147E2A117BE6AB73DD82C3DC /* Preview Assets.xcassets */,
			);
			path = "Preview Content";
			sourceTree = "<group>";
		};
/* End PBXGroup section */

/* Begin PBXNativeTarget section */
		15EFDD92F4DE06923F7C1F64 /* WakeyAlarm-Debug */ = {
			isa = PBXNativeTarget;
			buildConfigurationList = C063FD2E0E350373636A9A0C /* Build configuration list for PBXNativeTarget "WakeyAlarm-Debug" */;
			buildPhases = (
				5E0A73543DEC7950693EB3F3 /* Sources */,
				8D86D2700174F347109C22D0 /* Resources */,
				83720436ECEAA92E1FD9F18D /* Frameworks */,
				5640D1ACD297DD49417ECCAB /* Embed Frameworks */,
			);
			buildRules = (
			);
			dependencies = (
			);
			name = "WakeyAlarm-Debug";
			packageProductDependencies = (
			);
			productName = WakeyAlarm_Debug;
			productReference = 6B489AD0F8C3481F2B78088D /* WakeyAlarm_Debug.app */;
			productType = "com.apple.product-type.application";
		};
		1D7940638C0D1A025DBDA664 /* WakeyAlarm-Stage */ = {
			isa = PBXNativeTarget;
			buildConfigurationList = 50F688E1E21684EFD9390651 /* Build configuration list for PBXNativeTarget "WakeyAlarm-Stage" */;
			buildPhases = (
				37497D0E961C6EEDB2CF9B9C /* Sources */,
				5BF3AC2C740615F535C025E2 /* Resources */,
				6A99E34B51B0E67D5ED6B2AD /* Frameworks */,
				76A3EDB4FBBD0615638D8CBE /* Embed Frameworks */,
			);
			buildRules = (
			);
			dependencies = (
			);
			name = "WakeyAlarm-Stage";
			packageProductDependencies = (
			);
			productName = WakeyAlarm_Stage;
			productReference = 7189F55686A0BFF97990FBD4 /* WakeyAlarm_Stage.app */;
			productType = "com.apple.product-type.application";
		};
		55A5B5B2CF8FB1CA17ACDEA9 /* WakeyAlarm-Prod */ = {
			isa = PBXNativeTarget;
			buildConfigurationList = 36460C777108726AFBC69AF1 /* Build configuration list for PBXNativeTarget "WakeyAlarm-Prod" */;
			buildPhases = (
				231A3AA716D63813662F135A /* Sources */,
				0E348A5A2DC1CC1C5D46C12D /* Resources */,
				F03D22ED8D054187F031793B /* Frameworks */,
				DFF83990BF54D7037A80C9E4 /* Embed Frameworks */,
			);
			buildRules = (
			);
			dependencies = (
			);
			name = "WakeyAlarm-Prod";
			packageProductDependencies = (
			);
			productName = WakeyAlarm_Prod;
			productReference = 4A20DBF7AA5EC81EFCD873D2 /* WakeyAlarm_Prod.app */;
			productType = "com.apple.product-type.application";
		};
		599C66CF7AB4B2D3CDB8594A /* WakeyAlarm */ = {
			isa = PBXNativeTarget;
			buildConfigurationList = 3198A76B20305D607E349639 /* Build configuration list for PBXNativeTarget "WakeyAlarm" */;
			buildPhases = (
				9281E104C082FC136D15B214 /* Sources */,
				A15B75557C8CEF919A1CC4EE /* Resources */,
				3BB5710DFBE5501C9C62B97A /* Frameworks */,
				677F4A6725634304BE2C2975 /* Embed Frameworks */,
			);
			buildRules = (
			);
			dependencies = (
			);
			name = WakeyAlarm;
			packageProductDependencies = (
			);
			productName = WakeyAlarm;
			productReference = FCC680FADD61A05BABDBB239 /* WakeyAlarm.app */;
			productType = "com.apple.product-type.application";
		};
		BF757C2DACE91FB1D6B59AA1 /* WakeyAlarmTests */ = {
			isa = PBXNativeTarget;
			buildConfigurationList = FC28194ED809D73F33007562 /* Build configuration list for PBXNativeTarget "WakeyAlarmTests" */;
			buildPhases = (
				1A264E67F20ED4C14B5E4786 /* Sources */,
				C53879AEB9F1305CC3C5FCA6 /* Resources */,
				1F5CF4B846E886BAE82E6725 /* Frameworks */,
				934CD42287FE21C8AF3ED9B4 /* Embed Frameworks */,
			);
			buildRules = (
			);
			dependencies = (
				91B28910F7ED8B929119D7A7 /* PBXTargetDependency */,
			);
			name = WakeyAlarmTests;
			packageProductDependencies = (
			);
			productName = WakeyAlarmTests;
			productReference = 9D39AE5934C4CB6673530CE7 /* WakeyAlarmTests.xctest */;
			productType = "com.apple.product-type.bundle.unit-test";
		};
/* End PBXNativeTarget section */

/* Begin PBXProject section */
		52EA0EB1B6675D8965A992B3 /* Project object */ = {
			isa = PBXProject;
			attributes = {
				BuildIndependentTargetsInParallel = YES;
				TargetAttributes = {
					BF757C2DACE91FB1D6B59AA1 = {
						TestTargetID = 599C66CF7AB4B2D3CDB8594A;
					};
				};
			};
			buildConfigurationList = 3704C256C14937FA1860B81B /* Build configuration list for PBXProject "WakeyAlarm" */;
			compatibilityVersion = "Xcode 14.0";
			developmentRegion = ko;
			hasScannedForEncodings = 0;
			knownRegions = (
				en,
				ko,
			);
			mainGroup = 867CB2B0E1C2B43EC0990AC0;
			productRefGroup = 70FCFAAEB521E612B55EDCEC /* Products */;
			projectDirPath = "";
			projectRoot = "";
			targets = (
				599C66CF7AB4B2D3CDB8594A /* WakeyAlarm */,
				15EFDD92F4DE06923F7C1F64 /* WakeyAlarm-Debug */,
				55A5B5B2CF8FB1CA17ACDEA9 /* WakeyAlarm-Prod */,
				1D7940638C0D1A025DBDA664 /* WakeyAlarm-Stage */,
				BF757C2DACE91FB1D6B59AA1 /* WakeyAlarmTests */,
			);
		};
/* End PBXProject section */

/* Begin PBXResourcesBuildPhase section */
		0E348A5A2DC1CC1C5D46C12D /* Resources */ = {
			isa = PBXResourcesBuildPhase;
			buildActionMask = 2147483647;
			files = (
				5CEA959E458CB491686AC32D /* Assets.xcassets in Resources */,
				1D5A19BB8CD3A1704BAD97A0 /* Preview Assets.xcassets in Resources */,
			);
			runOnlyForDeploymentPostprocessing = 0;
		};
		5BF3AC2C740615F535C025E2 /* Resources */ = {
			isa = PBXResourcesBuildPhase;
			buildActionMask = 2147483647;
			files = (
				8E3458DFFBA469B17E4A1885 /* Assets.xcassets in Resources */,
				7A09C9F7E7BA77402723463C /* Preview Assets.xcassets in Resources */,
			);
			runOnlyForDeploymentPostprocessing = 0;
		};
		8D86D2700174F347109C22D0 /* Resources */ = {
			isa = PBXResourcesBuildPhase;
			buildActionMask = 2147483647;
			files = (
				CC4A74077518766D033999C8 /* Assets.xcassets in Resources */,
				DC7FED3F8674F15C209C7FBD /* Preview Assets.xcassets in Resources */,
			);
			runOnlyForDeploymentPostprocessing = 0;
		};
		A15B75557C8CEF919A1CC4EE /* Resources */ = {
			isa = PBXResourcesBuildPhase;
			buildActionMask = 2147483647;
			files = (
				6214468DD408D8F2D3FDAD25 /* Assets.xcassets in Resources */,
				22CB48E754AEDE0E7AE7531E /* Preview Assets.xcassets in Resources */,
			);
			runOnlyForDeploymentPostprocessing = 0;
		};
		C53879AEB9F1305CC3C5FCA6 /* Resources */ = {
			isa = PBXResourcesBuildPhase;
			buildActionMask = 2147483647;
			files = (
			);
			runOnlyForDeploymentPostprocessing = 0;
		};
/* End PBXResourcesBuildPhase section */

/* Begin PBXSourcesBuildPhase section */
		1A264E67F20ED4C14B5E4786 /* Sources */ = {
			isa = PBXSourcesBuildPhase;
			buildActionMask = 2147483647;
			files = (
				A69680529BF47A66FFBACCB0 /* WakeyAlarmTests.swift in Sources */,
			);
			runOnlyForDeploymentPostprocessing = 0;
		};
		231A3AA716D63813662F135A /* Sources */ = {
			isa = PBXSourcesBuildPhase;
			buildActionMask = 2147483647;
			files = (
				B6EAA5AAE77E47A78D0EEBF9 /* TuistAssets+WakeyAlarmProd.swift in Sources */,
				810E548A1EF0825D46267983 /* TuistBundle+WakeyAlarmProd.swift in Sources */,
				AA49CEC34A85A66C88C77F8D /* WakeyAlarmApp.swift in Sources */,
				3CAD24487658E5AAC5176038 /* ContentView.swift in Sources */,
			);
			runOnlyForDeploymentPostprocessing = 0;
		};
		37497D0E961C6EEDB2CF9B9C /* Sources */ = {
			isa = PBXSourcesBuildPhase;
			buildActionMask = 2147483647;
			files = (
				99B5E8AFA70432D3BD5CBAFC /* TuistAssets+WakeyAlarmStage.swift in Sources */,
				E4AD3DA3617218686759601E /* TuistBundle+WakeyAlarmStage.swift in Sources */,
				A1E140E4A496C22BA9C8D898 /* WakeyAlarmApp.swift in Sources */,
				0DCD40E905053929054DEBE5 /* ContentView.swift in Sources */,
			);
			runOnlyForDeploymentPostprocessing = 0;
		};
		5E0A73543DEC7950693EB3F3 /* Sources */ = {
			isa = PBXSourcesBuildPhase;
			buildActionMask = 2147483647;
			files = (
				E72A8DEC49F2526D63A41A5D /* TuistAssets+WakeyAlarmDebug.swift in Sources */,
				0CE264C11329C93C11BECADE /* TuistBundle+WakeyAlarmDebug.swift in Sources */,
				F2699EC86BD2FB41FE3DBB0C /* WakeyAlarmApp.swift in Sources */,
				00CDF2B715DBB272AFC0EBED /* ContentView.swift in Sources */,
			);
			runOnlyForDeploymentPostprocessing = 0;
		};
		9281E104C082FC136D15B214 /* Sources */ = {
			isa = PBXSourcesBuildPhase;
			buildActionMask = 2147483647;
			files = (
				C7BDC68C102E4230BE74B579 /* TuistAssets+WakeyAlarm.swift in Sources */,
				2511B9BB019B4C112A485F12 /* TuistBundle+WakeyAlarm.swift in Sources */,
				700AE1A217CED17C159FECE2 /* WakeyAlarmApp.swift in Sources */,
				748EDE9EE444AA5BDF38317F /* ContentView.swift in Sources */,
			);
			runOnlyForDeploymentPostprocessing = 0;
		};
/* End PBXSourcesBuildPhase section */

/* Begin PBXTargetDependency section */
		91B28910F7ED8B929119D7A7 /* PBXTargetDependency */ = {
			isa = PBXTargetDependency;
			name = WakeyAlarm;
			target = 599C66CF7AB4B2D3CDB8594A /* WakeyAlarm */;
			targetProxy = F1CEAFF38A4E6E018D2A7448 /* PBXContainerItemProxy */;
		};
/* End PBXTargetDependency section */

/* Begin XCBuildConfiguration section */
		1841775C6C4BFB13C5FAE4ED /* Debug */ = {
			isa = XCBuildConfiguration;
			buildSettings = {
				BUNDLE_LOADER = "$(TEST_HOST)";
				CODE_SIGN_IDENTITY = "iPhone Developer";
				INFOPLIST_FILE = "Derived/InfoPlists/WakeyAlarmTests-Info.plist";
				IPHONEOS_DEPLOYMENT_TARGET = 16.6;
				LD_RUNPATH_SEARCH_PATHS = (
					"$(inherited)",
					"@executable_path/Frameworks",
					"@loader_path/Frameworks",
				);
				PRODUCT_BUNDLE_IDENTIFIER = io.Roy.Module.WakeyAlarmTests;
				PRODUCT_NAME = WakeyAlarmTests;
				SDKROOT = iphoneos;
				SUPPORTS_MACCATALYST = NO;
				SUPPORTS_MAC_DESIGNED_FOR_IPHONE_IPAD = NO;
				SUPPORTS_XR_DESIGNED_FOR_IPHONE_IPAD = NO;
				SWIFT_ACTIVE_COMPILATION_CONDITIONS = (
					"$(inherited)",
					DEBUG,
				);
				SWIFT_COMPILATION_MODE = singlefile;
				SWIFT_OPTIMIZATION_LEVEL = "-Onone";
				TARGETED_DEVICE_FAMILY = 1;
				TEST_HOST = "$(BUILT_PRODUCTS_DIR)/WakeyAlarm.app/$(BUNDLE_EXECUTABLE_FOLDER_PATH)/WakeyAlarm";
				TEST_TARGET_NAME = WakeyAlarm;
			};
			name = Debug;
		};
		417523AF9B7AD699292FD94E /* Stage */ = {
			isa = XCBuildConfiguration;
			buildSettings = {
				ASSETCATALOG_COMPILER_APPICON_NAME = AppIcon;
				ASSETCATALOG_COMPILER_GLOBAL_ACCENT_COLOR_NAME = AccentColor;
				CODE_SIGN_IDENTITY = "iPhone Developer";
				ENABLE_PREVIEWS = YES;
				INFOPLIST_FILE = "Derived/InfoPlists/WakeyAlarm-Stage-Info.plist";
				IPHONEOS_DEPLOYMENT_TARGET = 16.6;
				LD_RUNPATH_SEARCH_PATHS = (
					"$(inherited)",
					"@executable_path/Frameworks",
				);
				PRODUCT_BUNDLE_IDENTIFIER = io.Roy.Module;
				PRODUCT_NAME = WakeyAlarm_Stage;
				SDKROOT = iphoneos;
				SUPPORTS_MACCATALYST = NO;
				SUPPORTS_MAC_DESIGNED_FOR_IPHONE_IPAD = NO;
				SUPPORTS_XR_DESIGNED_FOR_IPHONE_IPAD = NO;
				SWIFT_COMPILATION_MODE = wholemodule;
				SWIFT_OPTIMIZATION_LEVEL = "-Owholemodule";
				TARGETED_DEVICE_FAMILY = 1;
			};
			name = Stage;
		};
		42038E39AA50ECE57F047176 /* Debug */ = {
			isa = XCBuildConfiguration;
			buildSettings = {
				ASSETCATALOG_COMPILER_APPICON_NAME = AppIcon;
				ASSETCATALOG_COMPILER_GLOBAL_ACCENT_COLOR_NAME = AccentColor;
				CODE_SIGN_IDENTITY = "iPhone Developer";
				ENABLE_PREVIEWS = YES;
				INFOPLIST_FILE = "Derived/InfoPlists/WakeyAlarm-Prod-Info.plist";
				IPHONEOS_DEPLOYMENT_TARGET = 16.6;
				LD_RUNPATH_SEARCH_PATHS = (
					"$(inherited)",
					"@executable_path/Frameworks",
				);
				PRODUCT_BUNDLE_IDENTIFIER = io.Roy.Module;
				PRODUCT_NAME = WakeyAlarm_Prod;
				SDKROOT = iphoneos;
				SUPPORTS_MACCATALYST = NO;
				SUPPORTS_MAC_DESIGNED_FOR_IPHONE_IPAD = NO;
				SUPPORTS_XR_DESIGNED_FOR_IPHONE_IPAD = NO;
				SWIFT_ACTIVE_COMPILATION_CONDITIONS = (
					"$(inherited)",
					DEBUG,
				);
				SWIFT_COMPILATION_MODE = singlefile;
				SWIFT_OPTIMIZATION_LEVEL = "-Onone";
				TARGETED_DEVICE_FAMILY = 1;
			};
			name = Debug;
		};
		49B905205366284B2BFC63C6 /* Stage */ = {
			isa = XCBuildConfiguration;
			buildSettings = {
				ASSETCATALOG_COMPILER_APPICON_NAME = AppIcon;
				ASSETCATALOG_COMPILER_GLOBAL_ACCENT_COLOR_NAME = AccentColor;
				CODE_SIGN_IDENTITY = "iPhone Developer";
				ENABLE_PREVIEWS = YES;
				INFOPLIST_FILE = "Derived/InfoPlists/WakeyAlarm-Info.plist";
				IPHONEOS_DEPLOYMENT_TARGET = 16.6;
				LD_RUNPATH_SEARCH_PATHS = (
					"$(inherited)",
					"@executable_path/Frameworks",
				);
				PRODUCT_BUNDLE_IDENTIFIER = io.Roy.Module;
				PRODUCT_NAME = WakeyAlarm;
				SDKROOT = iphoneos;
				SUPPORTS_MACCATALYST = NO;
				SUPPORTS_MAC_DESIGNED_FOR_IPHONE_IPAD = NO;
				SUPPORTS_XR_DESIGNED_FOR_IPHONE_IPAD = NO;
				SWIFT_COMPILATION_MODE = wholemodule;
				SWIFT_OPTIMIZATION_LEVEL = "-Owholemodule";
				TARGETED_DEVICE_FAMILY = 1;
			};
			name = Stage;
		};
		4D910DED0E7ED36B15731860 /* Prod */ = {
			isa = XCBuildConfiguration;
			buildSettings = {
				ASSETCATALOG_COMPILER_APPICON_NAME = AppIcon;
				ASSETCATALOG_COMPILER_GLOBAL_ACCENT_COLOR_NAME = AccentColor;
				CODE_SIGN_IDENTITY = "iPhone Developer";
				ENABLE_PREVIEWS = YES;
				INFOPLIST_FILE = "Derived/InfoPlists/WakeyAlarm-Info.plist";
				IPHONEOS_DEPLOYMENT_TARGET = 16.6;
				LD_RUNPATH_SEARCH_PATHS = (
					"$(inherited)",
					"@executable_path/Frameworks",
				);
				PRODUCT_BUNDLE_IDENTIFIER = io.Roy.Module;
				PRODUCT_NAME = WakeyAlarm;
				SDKROOT = iphoneos;
				SUPPORTS_MACCATALYST = NO;
				SUPPORTS_MAC_DESIGNED_FOR_IPHONE_IPAD = NO;
				SUPPORTS_XR_DESIGNED_FOR_IPHONE_IPAD = NO;
				SWIFT_COMPILATION_MODE = wholemodule;
				SWIFT_OPTIMIZATION_LEVEL = "-Owholemodule";
				TARGETED_DEVICE_FAMILY = 1;
			};
			name = Prod;
		};
		53498BD02942DA59D5F53D65 /* Debug */ = {
			isa = XCBuildConfiguration;
			buildSettings = {
				ASSETCATALOG_COMPILER_APPICON_NAME = AppIcon;
				ASSETCATALOG_COMPILER_GLOBAL_ACCENT_COLOR_NAME = AccentColor;
				CODE_SIGN_IDENTITY = "iPhone Developer";
				ENABLE_PREVIEWS = YES;
				INFOPLIST_FILE = "Derived/InfoPlists/WakeyAlarm-Stage-Info.plist";
				IPHONEOS_DEPLOYMENT_TARGET = 16.6;
				LD_RUNPATH_SEARCH_PATHS = (
					"$(inherited)",
					"@executable_path/Frameworks",
				);
				PRODUCT_BUNDLE_IDENTIFIER = io.Roy.Module;
				PRODUCT_NAME = WakeyAlarm_Stage;
				SDKROOT = iphoneos;
				SUPPORTS_MACCATALYST = NO;
				SUPPORTS_MAC_DESIGNED_FOR_IPHONE_IPAD = NO;
				SUPPORTS_XR_DESIGNED_FOR_IPHONE_IPAD = NO;
				SWIFT_ACTIVE_COMPILATION_CONDITIONS = (
					"$(inherited)",
					DEBUG,
				);
				SWIFT_COMPILATION_MODE = singlefile;
				SWIFT_OPTIMIZATION_LEVEL = "-Onone";
				TARGETED_DEVICE_FAMILY = 1;
			};
			name = Debug;
		};
		6C074E3173F6AA3908B04474 /* Release */ = {
			isa = XCBuildConfiguration;
			buildSettings = {
				ASSETCATALOG_COMPILER_APPICON_NAME = AppIcon;
				ASSETCATALOG_COMPILER_GLOBAL_ACCENT_COLOR_NAME = AccentColor;
				CODE_SIGN_IDENTITY = "iPhone Developer";
				ENABLE_PREVIEWS = YES;
				INFOPLIST_FILE = "Derived/InfoPlists/WakeyAlarm-Info.plist";
				IPHONEOS_DEPLOYMENT_TARGET = 16.6;
				LD_RUNPATH_SEARCH_PATHS = (
					"$(inherited)",
					"@executable_path/Frameworks",
				);
				PRODUCT_BUNDLE_IDENTIFIER = io.Roy.Module;
				PRODUCT_NAME = WakeyAlarm;
				SDKROOT = iphoneos;
				SUPPORTS_MACCATALYST = NO;
				SUPPORTS_MAC_DESIGNED_FOR_IPHONE_IPAD = NO;
				SUPPORTS_XR_DESIGNED_FOR_IPHONE_IPAD = NO;
				SWIFT_COMPILATION_MODE = wholemodule;
				SWIFT_OPTIMIZATION_LEVEL = "-Owholemodule";
				TARGETED_DEVICE_FAMILY = 1;
			};
			name = Release;
		};
		6C734DF321E23E154D80DD7B /* Release */ = {
			isa = XCBuildConfiguration;
			baseConfigurationReference = 4DAC642BE0A36C5CF8FC4588 /* Release.xcconfig */;
			buildSettings = {
				ALWAYS_SEARCH_USER_PATHS = NO;
				ARCHS = "$(ARCHS_STANDARD)";
				BACKGROUND_MODES = "remote-notification";
				CFBundleDevelopmentRegion = ko;
				CFBundleDisplayName = WakeyAlarm;
				CLANG_ANALYZER_LOCALIZABILITY_NONLOCALIZED = YES;
				CLANG_ANALYZER_NONNULL = YES;
				CLANG_ANALYZER_NUMBER_OBJECT_CONVERSION = YES_AGGRESSIVE;
				CLANG_CXX_LANGUAGE_STANDARD = "gnu++14";
				CLANG_CXX_LIBRARY = "libc++";
				CLANG_ENABLE_MODULES = YES;
				CLANG_ENABLE_OBJC_ARC = YES;
				CLANG_ENABLE_OBJC_WEAK = YES;
				CLANG_WARN_BLOCK_CAPTURE_AUTORELEASING = YES;
				CLANG_WARN_BOOL_CONVERSION = YES;
				CLANG_WARN_COMMA = YES;
				CLANG_WARN_CONSTANT_CONVERSION = YES;
				CLANG_WARN_DEPRECATED_OBJC_IMPLEMENTATIONS = YES;
				CLANG_WARN_DIRECT_OBJC_ISA_USAGE = YES_ERROR;
				CLANG_WARN_DOCUMENTATION_COMMENTS = YES;
				CLANG_WARN_EMPTY_BODY = YES;
				CLANG_WARN_ENUM_CONVERSION = YES;
				CLANG_WARN_INFINITE_RECURSION = YES;
				CLANG_WARN_INT_CONVERSION = YES;
				CLANG_WARN_NON_LITERAL_NULL_CONVERSION = YES;
				CLANG_WARN_OBJC_IMPLICIT_RETAIN_SELF = YES;
				CLANG_WARN_OBJC_LITERAL_CONVERSION = YES;
				CLANG_WARN_OBJC_ROOT_CLASS = YES_ERROR;
				CLANG_WARN_QUOTED_INCLUDE_IN_FRAMEWORK_HEADER = YES;
				CLANG_WARN_RANGE_LOOP_ANALYSIS = YES;
				CLANG_WARN_STRICT_PROTOTYPES = YES;
				CLANG_WARN_SUSPICIOUS_MOVE = YES;
				CLANG_WARN_UNGUARDED_AVAILABILITY = YES_AGGRESSIVE;
				CLANG_WARN_UNREACHABLE_CODE = YES;
				CLANG_WARN__DUPLICATE_METHOD_MATCH = YES;
				CODE_SIGN_IDENTITY = "iPhone Developer";
				CODE_SIGN_STYLE = Manual;
				COPY_PHASE_STRIP = NO;
				CURRENT_PROJECT_VERSION = 10;
				DEAD_CODE_STRIPPING = YES;
				DEBUG_INFORMATION_FORMAT = "dwarf-with-dsym";
				DEVELOPMENT_TEAM = N94CS4N6VR;
				ENABLE_BACKGROUND_MODES = YES;
				ENABLE_NS_ASSERTIONS = NO;
				ENABLE_STRICT_OBJC_MSGSEND = YES;
				GCC_C_LANGUAGE_STANDARD = gnu11;
				GCC_NO_COMMON_BLOCKS = YES;
				GCC_WARN_64_TO_32_BIT_CONVERSION = YES;
				GCC_WARN_ABOUT_RETURN_TYPE = YES_ERROR;
				GCC_WARN_UNDECLARED_SELECTOR = YES;
				GCC_WARN_UNINITIALIZED_AUTOS = YES_AGGRESSIVE;
				GCC_WARN_UNUSED_FUNCTION = YES;
				GCC_WARN_UNUSED_VARIABLE = YES;
				MARKETING_VERSION = 1.0.0;
				MTL_ENABLE_DEBUG_INFO = NO;
				OTHER_LDFLAGS = "-ObjC -all_load";
				PRODUCT_NAME = WakeyAlarm;
				PROVISIONING_PROFILE_SPECIFIER = "match AppStore io.Roy.Module";
				SKIP_INSTALL = NO;
				SWIFT_VERSION = 6.0;
				VALIDATE_PRODUCT = YES;
				VERSIONING_SYSTEM = "apple-generic";
			};
			name = Release;
		};
		7302595CBCE4671763A7C419 /* Debug */ = {
			isa = XCBuildConfiguration;
			baseConfigurationReference = 510740F0373904814C7BD9F5 /* Dev.xcconfig */;
			buildSettings = {
				ALWAYS_SEARCH_USER_PATHS = NO;
				ARCHS = "$(ARCHS_STANDARD)";
				BACKGROUND_MODES = "remote-notification";
				CFBundleDevelopmentRegion = ko;
				CFBundleDisplayName = WakeyAlarm;
				CLANG_ANALYZER_LOCALIZABILITY_NONLOCALIZED = YES;
				CLANG_ANALYZER_NONNULL = YES;
				CLANG_ANALYZER_NUMBER_OBJECT_CONVERSION = YES_AGGRESSIVE;
				CLANG_CXX_LANGUAGE_STANDARD = "gnu++14";
				CLANG_CXX_LIBRARY = "libc++";
				CLANG_ENABLE_MODULES = YES;
				CLANG_ENABLE_OBJC_ARC = YES;
				CLANG_ENABLE_OBJC_WEAK = YES;
				CLANG_WARN_BLOCK_CAPTURE_AUTORELEASING = YES;
				CLANG_WARN_BOOL_CONVERSION = YES;
				CLANG_WARN_COMMA = YES;
				CLANG_WARN_CONSTANT_CONVERSION = YES;
				CLANG_WARN_DEPRECATED_OBJC_IMPLEMENTATIONS = YES;
				CLANG_WARN_DIRECT_OBJC_ISA_USAGE = YES_ERROR;
				CLANG_WARN_DOCUMENTATION_COMMENTS = YES;
				CLANG_WARN_EMPTY_BODY = YES;
				CLANG_WARN_ENUM_CONVERSION = YES;
				CLANG_WARN_INFINITE_RECURSION = YES;
				CLANG_WARN_INT_CONVERSION = YES;
				CLANG_WARN_NON_LITERAL_NULL_CONVERSION = YES;
				CLANG_WARN_OBJC_IMPLICIT_RETAIN_SELF = YES;
				CLANG_WARN_OBJC_LITERAL_CONVERSION = YES;
				CLANG_WARN_OBJC_ROOT_CLASS = YES_ERROR;
				CLANG_WARN_QUOTED_INCLUDE_IN_FRAMEWORK_HEADER = YES;
				CLANG_WARN_RANGE_LOOP_ANALYSIS = YES;
				CLANG_WARN_STRICT_PROTOTYPES = YES;
				CLANG_WARN_SUSPICIOUS_MOVE = YES;
				CLANG_WARN_UNGUARDED_AVAILABILITY = YES_AGGRESSIVE;
				CLANG_WARN_UNREACHABLE_CODE = YES;
				CLANG_WARN__DUPLICATE_METHOD_MATCH = YES;
				CODE_SIGN_IDENTITY = "iPhone Developer";
				CODE_SIGN_STYLE = Manual;
				COPY_PHASE_STRIP = NO;
				CURRENT_PROJECT_VERSION = 10;
				DEAD_CODE_STRIPPING = YES;
				DEBUG_INFORMATION_FORMAT = "dwarf-with-dsym";
				DEVELOPMENT_TEAM = N94CS4N6VR;
				ENABLE_BACKGROUND_MODES = YES;
				ENABLE_STRICT_OBJC_MSGSEND = YES;
				ENABLE_TESTABILITY = YES;
				GCC_C_LANGUAGE_STANDARD = gnu11;
				GCC_DYNAMIC_NO_PIC = NO;
				GCC_NO_COMMON_BLOCKS = YES;
				GCC_OPTIMIZATION_LEVEL = 0;
				GCC_PREPROCESSOR_DEFINITIONS = (
					"DEBUG=1",
					"$(inherited)",
				);
				GCC_WARN_64_TO_32_BIT_CONVERSION = YES;
				GCC_WARN_ABOUT_RETURN_TYPE = YES_ERROR;
				GCC_WARN_UNDECLARED_SELECTOR = YES;
				GCC_WARN_UNINITIALIZED_AUTOS = YES_AGGRESSIVE;
				GCC_WARN_UNUSED_FUNCTION = YES;
				GCC_WARN_UNUSED_VARIABLE = YES;
				MARKETING_VERSION = 1.0.0;
				MTL_ENABLE_DEBUG_INFO = YES;
				ONLY_ACTIVE_ARCH = YES;
				OTHER_LDFLAGS = "-ObjC -all_load";
				PRODUCT_NAME = WakeyAlarm;
				PROVISIONING_PROFILE_SPECIFIER = "match Development io.Roy.Module";
				SKIP_INSTALL = NO;
				SWIFT_VERSION = 6.0;
				VERSIONING_SYSTEM = "apple-generic";
			};
			name = Debug;
		};
		87CE6DA5E5A2C884BE6A14A7 /* Prod */ = {
			isa = XCBuildConfiguration;
			buildSettings = {
				ASSETCATALOG_COMPILER_APPICON_NAME = AppIcon;
				ASSETCATALOG_COMPILER_GLOBAL_ACCENT_COLOR_NAME = AccentColor;
				CODE_SIGN_IDENTITY = "iPhone Developer";
				ENABLE_PREVIEWS = YES;
				INFOPLIST_FILE = "Derived/InfoPlists/WakeyAlarm-Prod-Info.plist";
				IPHONEOS_DEPLOYMENT_TARGET = 16.6;
				LD_RUNPATH_SEARCH_PATHS = (
					"$(inherited)",
					"@executable_path/Frameworks",
				);
				PRODUCT_BUNDLE_IDENTIFIER = io.Roy.Module;
				PRODUCT_NAME = WakeyAlarm_Prod;
				SDKROOT = iphoneos;
				SUPPORTS_MACCATALYST = NO;
				SUPPORTS_MAC_DESIGNED_FOR_IPHONE_IPAD = NO;
				SUPPORTS_XR_DESIGNED_FOR_IPHONE_IPAD = NO;
				SWIFT_COMPILATION_MODE = wholemodule;
				SWIFT_OPTIMIZATION_LEVEL = "-Owholemodule";
				TARGETED_DEVICE_FAMILY = 1;
			};
			name = Prod;
		};
		8947201699A53A68C3FFF91D /* Stage */ = {
			isa = XCBuildConfiguration;
			buildSettings = {
				BUNDLE_LOADER = "$(TEST_HOST)";
				CODE_SIGN_IDENTITY = "iPhone Developer";
				INFOPLIST_FILE = "Derived/InfoPlists/WakeyAlarmTests-Info.plist";
				IPHONEOS_DEPLOYMENT_TARGET = 16.6;
				LD_RUNPATH_SEARCH_PATHS = (
					"$(inherited)",
					"@executable_path/Frameworks",
					"@loader_path/Frameworks",
				);
				PRODUCT_BUNDLE_IDENTIFIER = io.Roy.Module.WakeyAlarmTests;
				PRODUCT_NAME = WakeyAlarmTests;
				SDKROOT = iphoneos;
				SUPPORTS_MACCATALYST = NO;
				SUPPORTS_MAC_DESIGNED_FOR_IPHONE_IPAD = NO;
				SUPPORTS_XR_DESIGNED_FOR_IPHONE_IPAD = NO;
				SWIFT_COMPILATION_MODE = wholemodule;
				SWIFT_OPTIMIZATION_LEVEL = "-Owholemodule";
				TARGETED_DEVICE_FAMILY = 1;
				TEST_HOST = "$(BUILT_PRODUCTS_DIR)/WakeyAlarm.app/$(BUNDLE_EXECUTABLE_FOLDER_PATH)/WakeyAlarm";
				TEST_TARGET_NAME = WakeyAlarm;
			};
			name = Stage;
		};
		8E835EDDD4FE734B39E5BE64 /* Prod */ = {
			isa = XCBuildConfiguration;
			buildSettings = {
				BUNDLE_LOADER = "$(TEST_HOST)";
				CODE_SIGN_IDENTITY = "iPhone Developer";
				INFOPLIST_FILE = "Derived/InfoPlists/WakeyAlarmTests-Info.plist";
				IPHONEOS_DEPLOYMENT_TARGET = 16.6;
				LD_RUNPATH_SEARCH_PATHS = (
					"$(inherited)",
					"@executable_path/Frameworks",
					"@loader_path/Frameworks",
				);
				PRODUCT_BUNDLE_IDENTIFIER = io.Roy.Module.WakeyAlarmTests;
				PRODUCT_NAME = WakeyAlarmTests;
				SDKROOT = iphoneos;
				SUPPORTS_MACCATALYST = NO;
				SUPPORTS_MAC_DESIGNED_FOR_IPHONE_IPAD = NO;
				SUPPORTS_XR_DESIGNED_FOR_IPHONE_IPAD = NO;
				SWIFT_COMPILATION_MODE = wholemodule;
				SWIFT_OPTIMIZATION_LEVEL = "-Owholemodule";
				TARGETED_DEVICE_FAMILY = 1;
				TEST_HOST = "$(BUILT_PRODUCTS_DIR)/WakeyAlarm.app/$(BUNDLE_EXECUTABLE_FOLDER_PATH)/WakeyAlarm";
				TEST_TARGET_NAME = WakeyAlarm;
			};
			name = Prod;
		};
		977EFAC3B50B0DC873A39367 /* Stage */ = {
			isa = XCBuildConfiguration;
			buildSettings = {
				ASSETCATALOG_COMPILER_APPICON_NAME = AppIcon;
				ASSETCATALOG_COMPILER_GLOBAL_ACCENT_COLOR_NAME = AccentColor;
				CODE_SIGN_IDENTITY = "iPhone Developer";
				ENABLE_PREVIEWS = YES;
				INFOPLIST_FILE = "Derived/InfoPlists/WakeyAlarm-Debug-Info.plist";
				IPHONEOS_DEPLOYMENT_TARGET = 16.6;
				LD_RUNPATH_SEARCH_PATHS = (
					"$(inherited)",
					"@executable_path/Frameworks",
				);
				PRODUCT_BUNDLE_IDENTIFIER = io.Roy.Module;
				PRODUCT_NAME = WakeyAlarm_Debug;
				SDKROOT = iphoneos;
				SUPPORTS_MACCATALYST = NO;
				SUPPORTS_MAC_DESIGNED_FOR_IPHONE_IPAD = NO;
				SUPPORTS_XR_DESIGNED_FOR_IPHONE_IPAD = NO;
				SWIFT_COMPILATION_MODE = wholemodule;
				SWIFT_OPTIMIZATION_LEVEL = "-Owholemodule";
				TARGETED_DEVICE_FAMILY = 1;
			};
			name = Stage;
		};
		980FABFE4EBFA0BD264A73FF /* Release */ = {
			isa = XCBuildConfiguration;
			buildSettings = {
				ASSETCATALOG_COMPILER_APPICON_NAME = AppIcon;
				ASSETCATALOG_COMPILER_GLOBAL_ACCENT_COLOR_NAME = AccentColor;
				CODE_SIGN_IDENTITY = "iPhone Developer";
				ENABLE_PREVIEWS = YES;
				INFOPLIST_FILE = "Derived/InfoPlists/WakeyAlarm-Prod-Info.plist";
				IPHONEOS_DEPLOYMENT_TARGET = 16.6;
				LD_RUNPATH_SEARCH_PATHS = (
					"$(inherited)",
					"@executable_path/Frameworks",
				);
				PRODUCT_BUNDLE_IDENTIFIER = io.Roy.Module;
				PRODUCT_NAME = WakeyAlarm_Prod;
				SDKROOT = iphoneos;
				SUPPORTS_MACCATALYST = NO;
				SUPPORTS_MAC_DESIGNED_FOR_IPHONE_IPAD = NO;
				SUPPORTS_XR_DESIGNED_FOR_IPHONE_IPAD = NO;
				SWIFT_COMPILATION_MODE = wholemodule;
				SWIFT_OPTIMIZATION_LEVEL = "-Owholemodule";
				TARGETED_DEVICE_FAMILY = 1;
			};
			name = Release;
		};
		981B5A5B2854294DECD36CA8 /* Release */ = {
			isa = XCBuildConfiguration;
			buildSettings = {
				ASSETCATALOG_COMPILER_APPICON_NAME = AppIcon;
				ASSETCATALOG_COMPILER_GLOBAL_ACCENT_COLOR_NAME = AccentColor;
				CODE_SIGN_IDENTITY = "iPhone Developer";
				ENABLE_PREVIEWS = YES;
				INFOPLIST_FILE = "Derived/InfoPlists/WakeyAlarm-Debug-Info.plist";
				IPHONEOS_DEPLOYMENT_TARGET = 16.6;
				LD_RUNPATH_SEARCH_PATHS = (
					"$(inherited)",
					"@executable_path/Frameworks",
				);
				PRODUCT_BUNDLE_IDENTIFIER = io.Roy.Module;
				PRODUCT_NAME = WakeyAlarm_Debug;
				SDKROOT = iphoneos;
				SUPPORTS_MACCATALYST = NO;
				SUPPORTS_MAC_DESIGNED_FOR_IPHONE_IPAD = NO;
				SUPPORTS_XR_DESIGNED_FOR_IPHONE_IPAD = NO;
				SWIFT_COMPILATION_MODE = wholemodule;
				SWIFT_OPTIMIZATION_LEVEL = "-Owholemodule";
				TARGETED_DEVICE_FAMILY = 1;
			};
			name = Release;
		};
		9E7D9517D835F6668BFC7025 /* Prod */ = {
			isa = XCBuildConfiguration;
			baseConfigurationReference = 516D7CC77B5D95811696E5E2 /* Prod.xcconfig */;
			buildSettings = {
				ALWAYS_SEARCH_USER_PATHS = NO;
				ARCHS = "$(ARCHS_STANDARD)";
				BACKGROUND_MODES = "remote-notification";
				CFBundleDevelopmentRegion = ko;
				CFBundleDisplayName = WakeyAlarm;
				CLANG_ANALYZER_LOCALIZABILITY_NONLOCALIZED = YES;
				CLANG_ANALYZER_NONNULL = YES;
				CLANG_ANALYZER_NUMBER_OBJECT_CONVERSION = YES_AGGRESSIVE;
				CLANG_CXX_LANGUAGE_STANDARD = "gnu++14";
				CLANG_CXX_LIBRARY = "libc++";
				CLANG_ENABLE_MODULES = YES;
				CLANG_ENABLE_OBJC_ARC = YES;
				CLANG_ENABLE_OBJC_WEAK = YES;
				CLANG_WARN_BLOCK_CAPTURE_AUTORELEASING = YES;
				CLANG_WARN_BOOL_CONVERSION = YES;
				CLANG_WARN_COMMA = YES;
				CLANG_WARN_CONSTANT_CONVERSION = YES;
				CLANG_WARN_DEPRECATED_OBJC_IMPLEMENTATIONS = YES;
				CLANG_WARN_DIRECT_OBJC_ISA_USAGE = YES_ERROR;
				CLANG_WARN_DOCUMENTATION_COMMENTS = YES;
				CLANG_WARN_EMPTY_BODY = YES;
				CLANG_WARN_ENUM_CONVERSION = YES;
				CLANG_WARN_INFINITE_RECURSION = YES;
				CLANG_WARN_INT_CONVERSION = YES;
				CLANG_WARN_NON_LITERAL_NULL_CONVERSION = YES;
				CLANG_WARN_OBJC_IMPLICIT_RETAIN_SELF = YES;
				CLANG_WARN_OBJC_LITERAL_CONVERSION = YES;
				CLANG_WARN_OBJC_ROOT_CLASS = YES_ERROR;
				CLANG_WARN_QUOTED_INCLUDE_IN_FRAMEWORK_HEADER = YES;
				CLANG_WARN_RANGE_LOOP_ANALYSIS = YES;
				CLANG_WARN_STRICT_PROTOTYPES = YES;
				CLANG_WARN_SUSPICIOUS_MOVE = YES;
				CLANG_WARN_UNGUARDED_AVAILABILITY = YES_AGGRESSIVE;
				CLANG_WARN_UNREACHABLE_CODE = YES;
				CLANG_WARN__DUPLICATE_METHOD_MATCH = YES;
				CODE_SIGN_IDENTITY = "iPhone Developer";
				CODE_SIGN_STYLE = Manual;
				COPY_PHASE_STRIP = NO;
				CURRENT_PROJECT_VERSION = 10;
				DEAD_CODE_STRIPPING = YES;
				DEBUG_INFORMATION_FORMAT = "dwarf-with-dsym";
				DEVELOPMENT_TEAM = N94CS4N6VR;
				ENABLE_BACKGROUND_MODES = YES;
				ENABLE_NS_ASSERTIONS = NO;
				ENABLE_STRICT_OBJC_MSGSEND = YES;
				GCC_C_LANGUAGE_STANDARD = gnu11;
				GCC_NO_COMMON_BLOCKS = YES;
				GCC_WARN_64_TO_32_BIT_CONVERSION = YES;
				GCC_WARN_ABOUT_RETURN_TYPE = YES_ERROR;
				GCC_WARN_UNDECLARED_SELECTOR = YES;
				GCC_WARN_UNINITIALIZED_AUTOS = YES_AGGRESSIVE;
				GCC_WARN_UNUSED_FUNCTION = YES;
				GCC_WARN_UNUSED_VARIABLE = YES;
				MARKETING_VERSION = 1.0.0;
				MTL_ENABLE_DEBUG_INFO = NO;
				OTHER_LDFLAGS = "-ObjC -all_load";
				PRODUCT_NAME = "WakeyAlarm-Prod";
				PROVISIONING_PROFILE_SPECIFIER = "match AppStore io.Roy.Module";
				SKIP_INSTALL = NO;
				SWIFT_VERSION = 6.0;
				VALIDATE_PRODUCT = YES;
				VERSIONING_SYSTEM = "apple-generic";
			};
			name = Prod;
		};
		A312BDE6F0927C476351750E /* Debug */ = {
			isa = XCBuildConfiguration;
			buildSettings = {
				ASSETCATALOG_COMPILER_APPICON_NAME = AppIcon;
				ASSETCATALOG_COMPILER_GLOBAL_ACCENT_COLOR_NAME = AccentColor;
				CODE_SIGN_IDENTITY = "iPhone Developer";
				ENABLE_PREVIEWS = YES;
				INFOPLIST_FILE = "Derived/InfoPlists/WakeyAlarm-Info.plist";
				IPHONEOS_DEPLOYMENT_TARGET = 16.6;
				LD_RUNPATH_SEARCH_PATHS = (
					"$(inherited)",
					"@executable_path/Frameworks",
				);
				PRODUCT_BUNDLE_IDENTIFIER = io.Roy.Module;
				PRODUCT_NAME = WakeyAlarm;
				SDKROOT = iphoneos;
				SUPPORTS_MACCATALYST = NO;
				SUPPORTS_MAC_DESIGNED_FOR_IPHONE_IPAD = NO;
				SUPPORTS_XR_DESIGNED_FOR_IPHONE_IPAD = NO;
				SWIFT_ACTIVE_COMPILATION_CONDITIONS = (
					"$(inherited)",
					DEBUG,
				);
				SWIFT_COMPILATION_MODE = singlefile;
				SWIFT_OPTIMIZATION_LEVEL = "-Onone";
				TARGETED_DEVICE_FAMILY = 1;
			};
			name = Debug;
		};
		C123F8DF11ABB8348439ADF7 /* Prod */ = {
			isa = XCBuildConfiguration;
			buildSettings = {
				ASSETCATALOG_COMPILER_APPICON_NAME = AppIcon;
				ASSETCATALOG_COMPILER_GLOBAL_ACCENT_COLOR_NAME = AccentColor;
				CODE_SIGN_IDENTITY = "iPhone Developer";
				ENABLE_PREVIEWS = YES;
				INFOPLIST_FILE = "Derived/InfoPlists/WakeyAlarm-Debug-Info.plist";
				IPHONEOS_DEPLOYMENT_TARGET = 16.6;
				LD_RUNPATH_SEARCH_PATHS = (
					"$(inherited)",
					"@executable_path/Frameworks",
				);
				PRODUCT_BUNDLE_IDENTIFIER = io.Roy.Module;
				PRODUCT_NAME = WakeyAlarm_Debug;
				SDKROOT = iphoneos;
				SUPPORTS_MACCATALYST = NO;
				SUPPORTS_MAC_DESIGNED_FOR_IPHONE_IPAD = NO;
				SUPPORTS_XR_DESIGNED_FOR_IPHONE_IPAD = NO;
				SWIFT_COMPILATION_MODE = wholemodule;
				SWIFT_OPTIMIZATION_LEVEL = "-Owholemodule";
				TARGETED_DEVICE_FAMILY = 1;
			};
			name = Prod;
		};
		C31D15209A3A23FE5E7E0B96 /* Release */ = {
			isa = XCBuildConfiguration;
			buildSettings = {
				BUNDLE_LOADER = "$(TEST_HOST)";
				CODE_SIGN_IDENTITY = "iPhone Developer";
				INFOPLIST_FILE = "Derived/InfoPlists/WakeyAlarmTests-Info.plist";
				IPHONEOS_DEPLOYMENT_TARGET = 16.6;
				LD_RUNPATH_SEARCH_PATHS = (
					"$(inherited)",
					"@executable_path/Frameworks",
					"@loader_path/Frameworks",
				);
				PRODUCT_BUNDLE_IDENTIFIER = io.Roy.Module.WakeyAlarmTests;
				PRODUCT_NAME = WakeyAlarmTests;
				SDKROOT = iphoneos;
				SUPPORTS_MACCATALYST = NO;
				SUPPORTS_MAC_DESIGNED_FOR_IPHONE_IPAD = NO;
				SUPPORTS_XR_DESIGNED_FOR_IPHONE_IPAD = NO;
				SWIFT_COMPILATION_MODE = wholemodule;
				SWIFT_OPTIMIZATION_LEVEL = "-Owholemodule";
				TARGETED_DEVICE_FAMILY = 1;
				TEST_HOST = "$(BUILT_PRODUCTS_DIR)/WakeyAlarm.app/$(BUNDLE_EXECUTABLE_FOLDER_PATH)/WakeyAlarm";
				TEST_TARGET_NAME = WakeyAlarm;
			};
			name = Release;
		};
		CCFC8ED7186D3F81B8A3D535 /* Release */ = {
			isa = XCBuildConfiguration;
			buildSettings = {
				ASSETCATALOG_COMPILER_APPICON_NAME = AppIcon;
				ASSETCATALOG_COMPILER_GLOBAL_ACCENT_COLOR_NAME = AccentColor;
				CODE_SIGN_IDENTITY = "iPhone Developer";
				ENABLE_PREVIEWS = YES;
				INFOPLIST_FILE = "Derived/InfoPlists/WakeyAlarm-Stage-Info.plist";
				IPHONEOS_DEPLOYMENT_TARGET = 16.6;
				LD_RUNPATH_SEARCH_PATHS = (
					"$(inherited)",
					"@executable_path/Frameworks",
				);
				PRODUCT_BUNDLE_IDENTIFIER = io.Roy.Module;
				PRODUCT_NAME = WakeyAlarm_Stage;
				SDKROOT = iphoneos;
				SUPPORTS_MACCATALYST = NO;
				SUPPORTS_MAC_DESIGNED_FOR_IPHONE_IPAD = NO;
				SUPPORTS_XR_DESIGNED_FOR_IPHONE_IPAD = NO;
				SWIFT_COMPILATION_MODE = wholemodule;
				SWIFT_OPTIMIZATION_LEVEL = "-Owholemodule";
				TARGETED_DEVICE_FAMILY = 1;
			};
			name = Release;
		};
		D1BB95E0C2495E4F07C4BF15 /* Debug */ = {
			isa = XCBuildConfiguration;
			buildSettings = {
				ASSETCATALOG_COMPILER_APPICON_NAME = AppIcon;
				ASSETCATALOG_COMPILER_GLOBAL_ACCENT_COLOR_NAME = AccentColor;
				CODE_SIGN_IDENTITY = "iPhone Developer";
				ENABLE_PREVIEWS = YES;
				INFOPLIST_FILE = "Derived/InfoPlists/WakeyAlarm-Debug-Info.plist";
				IPHONEOS_DEPLOYMENT_TARGET = 16.6;
				LD_RUNPATH_SEARCH_PATHS = (
					"$(inherited)",
					"@executable_path/Frameworks",
				);
				PRODUCT_BUNDLE_IDENTIFIER = io.Roy.Module;
				PRODUCT_NAME = WakeyAlarm_Debug;
				SDKROOT = iphoneos;
				SUPPORTS_MACCATALYST = NO;
				SUPPORTS_MAC_DESIGNED_FOR_IPHONE_IPAD = NO;
				SUPPORTS_XR_DESIGNED_FOR_IPHONE_IPAD = NO;
				SWIFT_ACTIVE_COMPILATION_CONDITIONS = (
					"$(inherited)",
					DEBUG,
				);
				SWIFT_COMPILATION_MODE = singlefile;
				SWIFT_OPTIMIZATION_LEVEL = "-Onone";
				TARGETED_DEVICE_FAMILY = 1;
			};
			name = Debug;
		};
		D944B935ADEECE84CA08E433 /* Stage */ = {
			isa = XCBuildConfiguration;
			buildSettings = {
				ASSETCATALOG_COMPILER_APPICON_NAME = AppIcon;
				ASSETCATALOG_COMPILER_GLOBAL_ACCENT_COLOR_NAME = AccentColor;
				CODE_SIGN_IDENTITY = "iPhone Developer";
				ENABLE_PREVIEWS = YES;
				INFOPLIST_FILE = "Derived/InfoPlists/WakeyAlarm-Prod-Info.plist";
				IPHONEOS_DEPLOYMENT_TARGET = 16.6;
				LD_RUNPATH_SEARCH_PATHS = (
					"$(inherited)",
					"@executable_path/Frameworks",
				);
				PRODUCT_BUNDLE_IDENTIFIER = io.Roy.Module;
				PRODUCT_NAME = WakeyAlarm_Prod;
				SDKROOT = iphoneos;
				SUPPORTS_MACCATALYST = NO;
				SUPPORTS_MAC_DESIGNED_FOR_IPHONE_IPAD = NO;
				SUPPORTS_XR_DESIGNED_FOR_IPHONE_IPAD = NO;
				SWIFT_COMPILATION_MODE = wholemodule;
				SWIFT_OPTIMIZATION_LEVEL = "-Owholemodule";
				TARGETED_DEVICE_FAMILY = 1;
			};
			name = Stage;
		};
		DEB60BFB0D3FDF0B1C7ED118 /* Prod */ = {
			isa = XCBuildConfiguration;
			buildSettings = {
				ASSETCATALOG_COMPILER_APPICON_NAME = AppIcon;
				ASSETCATALOG_COMPILER_GLOBAL_ACCENT_COLOR_NAME = AccentColor;
				CODE_SIGN_IDENTITY = "iPhone Developer";
				ENABLE_PREVIEWS = YES;
				INFOPLIST_FILE = "Derived/InfoPlists/WakeyAlarm-Stage-Info.plist";
				IPHONEOS_DEPLOYMENT_TARGET = 16.6;
				LD_RUNPATH_SEARCH_PATHS = (
					"$(inherited)",
					"@executable_path/Frameworks",
				);
				PRODUCT_BUNDLE_IDENTIFIER = io.Roy.Module;
				PRODUCT_NAME = WakeyAlarm_Stage;
				SDKROOT = iphoneos;
				SUPPORTS_MACCATALYST = NO;
				SUPPORTS_MAC_DESIGNED_FOR_IPHONE_IPAD = NO;
				SUPPORTS_XR_DESIGNED_FOR_IPHONE_IPAD = NO;
				SWIFT_COMPILATION_MODE = wholemodule;
				SWIFT_OPTIMIZATION_LEVEL = "-Owholemodule";
				TARGETED_DEVICE_FAMILY = 1;
			};
			name = Prod;
		};
		E8A0894239BFE1D552D8338F /* Stage */ = {
			isa = XCBuildConfiguration;
			baseConfigurationReference = EC27B38ECE342960DC52A4B6 /* Stage.xcconfig */;
			buildSettings = {
				ALWAYS_SEARCH_USER_PATHS = NO;
				ARCHS = "$(ARCHS_STANDARD)";
				BACKGROUND_MODES = "remote-notification";
				CFBundleDevelopmentRegion = ko;
				CFBundleDisplayName = WakeyAlarm;
				CLANG_ANALYZER_LOCALIZABILITY_NONLOCALIZED = YES;
				CLANG_ANALYZER_NONNULL = YES;
				CLANG_ANALYZER_NUMBER_OBJECT_CONVERSION = YES_AGGRESSIVE;
				CLANG_CXX_LANGUAGE_STANDARD = "gnu++14";
				CLANG_CXX_LIBRARY = "libc++";
				CLANG_ENABLE_MODULES = YES;
				CLANG_ENABLE_OBJC_ARC = YES;
				CLANG_ENABLE_OBJC_WEAK = YES;
				CLANG_WARN_BLOCK_CAPTURE_AUTORELEASING = YES;
				CLANG_WARN_BOOL_CONVERSION = YES;
				CLANG_WARN_COMMA = YES;
				CLANG_WARN_CONSTANT_CONVERSION = YES;
				CLANG_WARN_DEPRECATED_OBJC_IMPLEMENTATIONS = YES;
				CLANG_WARN_DIRECT_OBJC_ISA_USAGE = YES_ERROR;
				CLANG_WARN_DOCUMENTATION_COMMENTS = YES;
				CLANG_WARN_EMPTY_BODY = YES;
				CLANG_WARN_ENUM_CONVERSION = YES;
				CLANG_WARN_INFINITE_RECURSION = YES;
				CLANG_WARN_INT_CONVERSION = YES;
				CLANG_WARN_NON_LITERAL_NULL_CONVERSION = YES;
				CLANG_WARN_OBJC_IMPLICIT_RETAIN_SELF = YES;
				CLANG_WARN_OBJC_LITERAL_CONVERSION = YES;
				CLANG_WARN_OBJC_ROOT_CLASS = YES_ERROR;
				CLANG_WARN_QUOTED_INCLUDE_IN_FRAMEWORK_HEADER = YES;
				CLANG_WARN_RANGE_LOOP_ANALYSIS = YES;
				CLANG_WARN_STRICT_PROTOTYPES = YES;
				CLANG_WARN_SUSPICIOUS_MOVE = YES;
				CLANG_WARN_UNGUARDED_AVAILABILITY = YES_AGGRESSIVE;
				CLANG_WARN_UNREACHABLE_CODE = YES;
				CLANG_WARN__DUPLICATE_METHOD_MATCH = YES;
				CODE_SIGN_IDENTITY = "iPhone Developer";
				CODE_SIGN_STYLE = Manual;
				COPY_PHASE_STRIP = NO;
				CURRENT_PROJECT_VERSION = 10;
				DEAD_CODE_STRIPPING = YES;
				DEBUG_INFORMATION_FORMAT = "dwarf-with-dsym";
				DEVELOPMENT_TEAM = N94CS4N6VR;
				ENABLE_BACKGROUND_MODES = YES;
				ENABLE_NS_ASSERTIONS = NO;
				ENABLE_STRICT_OBJC_MSGSEND = YES;
				GCC_C_LANGUAGE_STANDARD = gnu11;
				GCC_NO_COMMON_BLOCKS = YES;
				GCC_WARN_64_TO_32_BIT_CONVERSION = YES;
				GCC_WARN_ABOUT_RETURN_TYPE = YES_ERROR;
				GCC_WARN_UNDECLARED_SELECTOR = YES;
				GCC_WARN_UNINITIALIZED_AUTOS = YES_AGGRESSIVE;
				GCC_WARN_UNUSED_FUNCTION = YES;
				GCC_WARN_UNUSED_VARIABLE = YES;
				MARKETING_VERSION = 1.0.0;
				MTL_ENABLE_DEBUG_INFO = NO;
				OTHER_LDFLAGS = "-ObjC -all_load";
				PRODUCT_NAME = "WakeyAlarm-Stage";
				PROVISIONING_PROFILE_SPECIFIER = "match AppStore io.Roy.Module";
				SKIP_INSTALL = NO;
				SWIFT_VERSION = 6.0;
				VALIDATE_PRODUCT = YES;
				VERSIONING_SYSTEM = "apple-generic";
			};
			name = Stage;
		};
/* End XCBuildConfiguration section */

/* Begin XCConfigurationList section */
		3198A76B20305D607E349639 /* Build configuration list for PBXNativeTarget "WakeyAlarm" */ = {
			isa = XCConfigurationList;
			buildConfigurations = (
				A312BDE6F0927C476351750E /* Debug */,
				4D910DED0E7ED36B15731860 /* Prod */,
				6C074E3173F6AA3908B04474 /* Release */,
				49B905205366284B2BFC63C6 /* Stage */,
			);
			defaultConfigurationIsVisible = 0;
			defaultConfigurationName = Release;
		};
		36460C777108726AFBC69AF1 /* Build configuration list for PBXNativeTarget "WakeyAlarm-Prod" */ = {
			isa = XCConfigurationList;
			buildConfigurations = (
				42038E39AA50ECE57F047176 /* Debug */,
				87CE6DA5E5A2C884BE6A14A7 /* Prod */,
				980FABFE4EBFA0BD264A73FF /* Release */,
				D944B935ADEECE84CA08E433 /* Stage */,
			);
			defaultConfigurationIsVisible = 0;
			defaultConfigurationName = Release;
		};
		3704C256C14937FA1860B81B /* Build configuration list for PBXProject "WakeyAlarm" */ = {
			isa = XCConfigurationList;
			buildConfigurations = (
				7302595CBCE4671763A7C419 /* Debug */,
				9E7D9517D835F6668BFC7025 /* Prod */,
				6C734DF321E23E154D80DD7B /* Release */,
				E8A0894239BFE1D552D8338F /* Stage */,
			);
			defaultConfigurationIsVisible = 0;
			defaultConfigurationName = Release;
		};
		50F688E1E21684EFD9390651 /* Build configuration list for PBXNativeTarget "WakeyAlarm-Stage" */ = {
			isa = XCConfigurationList;
			buildConfigurations = (
				53498BD02942DA59D5F53D65 /* Debug */,
				DEB60BFB0D3FDF0B1C7ED118 /* Prod */,
				CCFC8ED7186D3F81B8A3D535 /* Release */,
				417523AF9B7AD699292FD94E /* Stage */,
			);
			defaultConfigurationIsVisible = 0;
			defaultConfigurationName = Release;
		};
		C063FD2E0E350373636A9A0C /* Build configuration list for PBXNativeTarget "WakeyAlarm-Debug" */ = {
			isa = XCConfigurationList;
			buildConfigurations = (
				D1BB95E0C2495E4F07C4BF15 /* Debug */,
				C123F8DF11ABB8348439ADF7 /* Prod */,
				981B5A5B2854294DECD36CA8 /* Release */,
				977EFAC3B50B0DC873A39367 /* Stage */,
			);
			defaultConfigurationIsVisible = 0;
			defaultConfigurationName = Release;
		};
		FC28194ED809D73F33007562 /* Build configuration list for PBXNativeTarget "WakeyAlarmTests" */ = {
			isa = XCConfigurationList;
			buildConfigurations = (
				1841775C6C4BFB13C5FAE4ED /* Debug */,
				8E835EDDD4FE734B39E5BE64 /* Prod */,
				C31D15209A3A23FE5E7E0B96 /* Release */,
				8947201699A53A68C3FFF91D /* Stage */,
			);
			defaultConfigurationIsVisible = 0;
			defaultConfigurationName = Release;
		};
/* End XCConfigurationList section */
	};
	rootObject = 52EA0EB1B6675D8965A992B3 /* Project object */;
}
